// !$*UTF8*$!
{
	archiveVersion = 1;
	classes = {
	};
	objectVersion = 46;
	objects = {

/* Begin PBXBuildFile section */
		411446A51C3299ED00E75C2D /* ContactusViewController.swift in Sources */ = {isa = PBXBuildFile; fileRef = 4114469F1C3299ED00E75C2D /* ContactusViewController.swift */; };
		411446A61C3299ED00E75C2D /* LoginViewController.swift in Sources */ = {isa = PBXBuildFile; fileRef = 411446A01C3299ED00E75C2D /* LoginViewController.swift */; };
		411446A71C3299ED00E75C2D /* RegistrationStep1.swift in Sources */ = {isa = PBXBuildFile; fileRef = 411446A11C3299ED00E75C2D /* RegistrationStep1.swift */; };
		411446A81C3299ED00E75C2D /* RegistrationStep2.swift in Sources */ = {isa = PBXBuildFile; fileRef = 411446A21C3299ED00E75C2D /* RegistrationStep2.swift */; };
		411446A91C3299ED00E75C2D /* RegistrationStep3.swift in Sources */ = {isa = PBXBuildFile; fileRef = 411446A31C3299ED00E75C2D /* RegistrationStep3.swift */; };
		411446AA1C3299ED00E75C2D /* RegistrationStep4.swift in Sources */ = {isa = PBXBuildFile; fileRef = 411446A41C3299ED00E75C2D /* RegistrationStep4.swift */; };
		411446AC1C33BE6E00E75C2D /* ContactusCustomCell.swift in Sources */ = {isa = PBXBuildFile; fileRef = 411446AB1C33BE6E00E75C2D /* ContactusCustomCell.swift */; };
		411446B01C33F87D00E75C2D /* MainMenuViewController.swift in Sources */ = {isa = PBXBuildFile; fileRef = 411446AF1C33F87D00E75C2D /* MainMenuViewController.swift */; };
		412621B01CC91A0100975C48 /* CZPickerView.m in Sources */ = {isa = PBXBuildFile; fileRef = 412621AF1CC91A0100975C48 /* CZPickerView.m */; };
		412CF4401C3A57DA008AF067 /* SubMenuViewController.swift in Sources */ = {isa = PBXBuildFile; fileRef = 412CF43F1C3A57DA008AF067 /* SubMenuViewController.swift */; };
		412CF4421C3A9C47008AF067 /* AgentOptionViewController.swift in Sources */ = {isa = PBXBuildFile; fileRef = 412CF4411C3A9C47008AF067 /* AgentOptionViewController.swift */; };
		41351EEC1D38F28700EAB33C /* FlahsizPINView.m in Sources */ = {isa = PBXBuildFile; fileRef = 41351EEB1D38F28700EAB33C /* FlahsizPINView.m */; };
		413BBD6A1CD398690029D9A2 /* ReloginViewController.swift in Sources */ = {isa = PBXBuildFile; fileRef = 413BBD691CD398690029D9A2 /* ReloginViewController.swift */; };
		414647841C880EE0000E6DD6 /* NetworkWrapper.m in Sources */ = {isa = PBXBuildFile; fileRef = 414647831C880EE0000E6DD6 /* NetworkWrapper.m */; };
		414647891C880EF0000E6DD6 /* ServiceModel.m in Sources */ = {isa = PBXBuildFile; fileRef = 414647871C880EF0000E6DD6 /* ServiceModel.m */; };
		4146478C1C880F73000E6DD6 /* XMLReader.m in Sources */ = {isa = PBXBuildFile; fileRef = 4146478B1C880F73000E6DD6 /* XMLReader.m */; settings = {COMPILER_FLAGS = "-fno-objc-arc"; }; };
		4146478F1C880FAE000E6DD6 /* Reachability.m in Sources */ = {isa = PBXBuildFile; fileRef = 4146478E1C880FAE000E6DD6 /* Reachability.m */; };
		4146479E1C880FDE000E6DD6 /* NSObject+SBJSON.m in Sources */ = {isa = PBXBuildFile; fileRef = 414647931C880FDE000E6DD6 /* NSObject+SBJSON.m */; settings = {COMPILER_FLAGS = "-fno-objc-arc"; }; };
		4146479F1C880FDE000E6DD6 /* NSString+SBJSON.m in Sources */ = {isa = PBXBuildFile; fileRef = 414647951C880FDE000E6DD6 /* NSString+SBJSON.m */; settings = {COMPILER_FLAGS = "-fno-objc-arc"; }; };
		414647A01C880FDE000E6DD6 /* SBJSON.m in Sources */ = {isa = PBXBuildFile; fileRef = 414647971C880FDE000E6DD6 /* SBJSON.m */; settings = {COMPILER_FLAGS = "-fno-objc-arc"; }; };
		414647A11C880FDE000E6DD6 /* SBJsonBase.m in Sources */ = {isa = PBXBuildFile; fileRef = 414647991C880FDE000E6DD6 /* SBJsonBase.m */; settings = {COMPILER_FLAGS = "-fno-objc-arc"; }; };
		414647A21C880FDE000E6DD6 /* SBJsonParser.m in Sources */ = {isa = PBXBuildFile; fileRef = 4146479B1C880FDE000E6DD6 /* SBJsonParser.m */; settings = {COMPILER_FLAGS = "-fno-objc-arc"; }; };
		414647A31C880FDE000E6DD6 /* SBJsonWriter.m in Sources */ = {isa = PBXBuildFile; fileRef = 4146479D1C880FDE000E6DD6 /* SBJsonWriter.m */; settings = {COMPILER_FLAGS = "-fno-objc-arc"; }; };
		414647B61C881D51000E6DD6 /* NSData+Base64Extention.m in Sources */ = {isa = PBXBuildFile; fileRef = 414647AF1C881D51000E6DD6 /* NSData+Base64Extention.m */; };
		414647B71C881D51000E6DD6 /* NSString+Extention.m in Sources */ = {isa = PBXBuildFile; fileRef = 414647B11C881D51000E6DD6 /* NSString+Extention.m */; };
		414647B81C881D51000E6DD6 /* NSURLRequest+SSLValidation.m in Sources */ = {isa = PBXBuildFile; fileRef = 414647B31C881D51000E6DD6 /* NSURLRequest+SSLValidation.m */; };
		414647B91C881D51000E6DD6 /* XRSA.m in Sources */ = {isa = PBXBuildFile; fileRef = 414647B51C881D51000E6DD6 /* XRSA.m */; };
		414647BC1C881D88000E6DD6 /* BasicEncodingRules.m in Sources */ = {isa = PBXBuildFile; fileRef = 414647BB1C881D88000E6DD6 /* BasicEncodingRules.m */; };
		414647BE1C881DF4000E6DD6 /* SimasPayAlert.swift in Sources */ = {isa = PBXBuildFile; fileRef = 414647BD1C881DF4000E6DD6 /* SimasPayAlert.swift */; };
		414647C11C883FB6000E6DD6 /* SimasPayPlistUtility.m in Sources */ = {isa = PBXBuildFile; fileRef = 414647C01C883FB6000E6DD6 /* SimasPayPlistUtility.m */; };
		4146FF021C88AE2D0084A25F /* EZLoadingActivity.swift in Sources */ = {isa = PBXBuildFile; fileRef = 4146FF011C88AE2D0084A25F /* EZLoadingActivity.swift */; };
		4146FF061C8922260084A25F /* SwiftNotice.swift in Sources */ = {isa = PBXBuildFile; fileRef = 4146FF051C8922260084A25F /* SwiftNotice.swift */; };
		4146FF081C8923BF0084A25F /* ViewControllerUtils.swift in Sources */ = {isa = PBXBuildFile; fileRef = 4146FF071C8923BF0084A25F /* ViewControllerUtils.swift */; };
		414B2B901CA1C3EE00CEED75 /* ChangePINViewController.swift in Sources */ = {isa = PBXBuildFile; fileRef = 414B2B8F1CA1C3EE00CEED75 /* ChangePINViewController.swift */; };
		414B2B931CA2D55800CEED75 /* ConfirmChangePINViewController.swift in Sources */ = {isa = PBXBuildFile; fileRef = 414B2B921CA2D55800CEED75 /* ConfirmChangePINViewController.swift */; };
		414B2B971CA309FF00CEED75 /* UILoadControl_UIScrollView.swift in Sources */ = {isa = PBXBuildFile; fileRef = 414B2B951CA309FF00CEED75 /* UILoadControl_UIScrollView.swift */; };
		414B2B981CA309FF00CEED75 /* UILoadControl.swift in Sources */ = {isa = PBXBuildFile; fileRef = 414B2B961CA309FF00CEED75 /* UILoadControl.swift */; };
		415E50881C17FC270075AE5C /* AppDelegate.swift in Sources */ = {isa = PBXBuildFile; fileRef = 415E50871C17FC270075AE5C /* AppDelegate.swift */; };
		415E508D1C17FC270075AE5C /* Main.storyboard in Resources */ = {isa = PBXBuildFile; fileRef = 415E508B1C17FC270075AE5C /* Main.storyboard */; };
		415E508F1C17FC270075AE5C /* Assets.xcassets in Resources */ = {isa = PBXBuildFile; fileRef = 415E508E1C17FC270075AE5C /* Assets.xcassets */; };
		415E50921C17FC270075AE5C /* LaunchScreen.storyboard in Resources */ = {isa = PBXBuildFile; fileRef = 415E50901C17FC270075AE5C /* LaunchScreen.storyboard */; };
		416F018F1C98FD0900571517 /* CheckBalanceViewController.swift in Sources */ = {isa = PBXBuildFile; fileRef = 416F018E1C98FD0900571517 /* CheckBalanceViewController.swift */; };
		4173FABD1CEEFD6F00F82974 /* CoreGraphics.framework in Frameworks */ = {isa = PBXBuildFile; fileRef = 4173FABC1CEEFD6F00F82974 /* CoreGraphics.framework */; };
		417E81281C6A4B5E00869BEB /* ConfirmationViewController.swift in Sources */ = {isa = PBXBuildFile; fileRef = 417E81271C6A4B5E00869BEB /* ConfirmationViewController.swift */; };
		417E812A1C6A4B7100869BEB /* StatusViewController.swift in Sources */ = {isa = PBXBuildFile; fileRef = 417E81291C6A4B7100869BEB /* StatusViewController.swift */; };
		417E812C1C6B40E800869BEB /* CashinViewController.swift in Sources */ = {isa = PBXBuildFile; fileRef = 417E812B1C6B40E800869BEB /* CashinViewController.swift */; };
		417E812E1C6B4FD100869BEB /* CloseAccountViewController.swift in Sources */ = {isa = PBXBuildFile; fileRef = 417E812D1C6B4FD100869BEB /* CloseAccountViewController.swift */; };
		417E81301C6B515300869BEB /* ReferralViewController.swift in Sources */ = {isa = PBXBuildFile; fileRef = 417E812F1C6B515300869BEB /* ReferralViewController.swift */; };
		4182E4561D23BFE9004C5F0E /* DIMOPayiOS.framework in Frameworks */ = {isa = PBXBuildFile; fileRef = 4182E4541D23BFE9004C5F0E /* DIMOPayiOS.framework */; };
		4182E4571D23BFE9004C5F0E /* DIMOPayiOSResources.bundle in Resources */ = {isa = PBXBuildFile; fileRef = 4182E4551D23BFE9004C5F0E /* DIMOPayiOSResources.bundle */; };
		41A796A91CD0C8F9000E0005 /* AUISelectiveBordersLayer.m in Sources */ = {isa = PBXBuildFile; fileRef = 41A796A61CD0C8F9000E0005 /* AUISelectiveBordersLayer.m */; };
		41A796AA1CD0C8F9000E0005 /* UIView+AUISelectiveBorder.m in Sources */ = {isa = PBXBuildFile; fileRef = 41A796A81CD0C8F9000E0005 /* UIView+AUISelectiveBorder.m */; };
		41AC37131C53E958005DD839 /* IQNSArray+Sort.swift in Sources */ = {isa = PBXBuildFile; fileRef = 41AC36FE1C53E958005DD839 /* IQNSArray+Sort.swift */; };
		41AC37141C53E958005DD839 /* IQUIScrollView+Additions.swift in Sources */ = {isa = PBXBuildFile; fileRef = 41AC36FF1C53E958005DD839 /* IQUIScrollView+Additions.swift */; };
		41AC37151C53E958005DD839 /* IQUITextFieldView+Additions.swift in Sources */ = {isa = PBXBuildFile; fileRef = 41AC37001C53E958005DD839 /* IQUITextFieldView+Additions.swift */; };
		41AC37161C53E958005DD839 /* IQUIView+Hierarchy.swift in Sources */ = {isa = PBXBuildFile; fileRef = 41AC37011C53E958005DD839 /* IQUIView+Hierarchy.swift */; };
		41AC37171C53E958005DD839 /* IQUIViewController+Additions.swift in Sources */ = {isa = PBXBuildFile; fileRef = 41AC37021C53E958005DD839 /* IQUIViewController+Additions.swift */; };
		41AC37181C53E958005DD839 /* IQUIWindow+Hierarchy.swift in Sources */ = {isa = PBXBuildFile; fileRef = 41AC37031C53E958005DD839 /* IQUIWindow+Hierarchy.swift */; };
		41AC37191C53E958005DD839 /* IQKeyboardManagerConstants.swift in Sources */ = {isa = PBXBuildFile; fileRef = 41AC37051C53E958005DD839 /* IQKeyboardManagerConstants.swift */; };
		41AC371A1C53E958005DD839 /* IQKeyboardManagerConstantsInternal.swift in Sources */ = {isa = PBXBuildFile; fileRef = 41AC37061C53E958005DD839 /* IQKeyboardManagerConstantsInternal.swift */; };
		41AC371B1C53E958005DD839 /* IQKeyboardManager.swift in Sources */ = {isa = PBXBuildFile; fileRef = 41AC37071C53E958005DD839 /* IQKeyboardManager.swift */; };
		41AC371C1C53E958005DD839 /* IQKeyboardReturnKeyHandler.swift in Sources */ = {isa = PBXBuildFile; fileRef = 41AC37081C53E958005DD839 /* IQKeyboardReturnKeyHandler.swift */; };
		41AC371D1C53E958005DD839 /* IQTextView.swift in Sources */ = {isa = PBXBuildFile; fileRef = 41AC370A1C53E958005DD839 /* IQTextView.swift */; };
		41AC371E1C53E958005DD839 /* IQBarButtonItem.swift in Sources */ = {isa = PBXBuildFile; fileRef = 41AC370C1C53E958005DD839 /* IQBarButtonItem.swift */; };
		41AC371F1C53E958005DD839 /* IQTitleBarButtonItem.swift in Sources */ = {isa = PBXBuildFile; fileRef = 41AC370D1C53E958005DD839 /* IQTitleBarButtonItem.swift */; };
		41AC37201C53E958005DD839 /* IQToolbar.swift in Sources */ = {isa = PBXBuildFile; fileRef = 41AC370E1C53E958005DD839 /* IQToolbar.swift */; };
		41AC37211C53E958005DD839 /* IQUIView+IQKeyboardToolbar.swift in Sources */ = {isa = PBXBuildFile; fileRef = 41AC370F1C53E958005DD839 /* IQUIView+IQKeyboardToolbar.swift */; };
		41AC37221C53E958005DD839 /* Info.plist in Resources */ = {isa = PBXBuildFile; fileRef = 41AC37111C53E958005DD839 /* Info.plist */; };
		41AC37231C53E958005DD839 /* IQKeyboardManager.bundle in Resources */ = {isa = PBXBuildFile; fileRef = 41AC37121C53E958005DD839 /* IQKeyboardManager.bundle */; };
		41B581F81C4E425400BF6F5E /* AgentRegistrationViewC.swift in Sources */ = {isa = PBXBuildFile; fileRef = 41B581F71C4E425400BF6F5E /* AgentRegistrationViewC.swift */; };
		41C029671CAEAEB10048A3CF /* AVFoundation.framework in Frameworks */ = {isa = PBXBuildFile; fileRef = 41C029661CAEAEB10048A3CF /* AVFoundation.framework */; };
		41C029691CAEAEBA0048A3CF /* CoreVideo.framework in Frameworks */ = {isa = PBXBuildFile; fileRef = 41C029681CAEAEBA0048A3CF /* CoreVideo.framework */; };
		41C0296B1CAEAED50048A3CF /* AudioToolbox.framework in Frameworks */ = {isa = PBXBuildFile; fileRef = 41C0296A1CAEAED50048A3CF /* AudioToolbox.framework */; };
		41C0296D1CAEAEFA0048A3CF /* AssetsLibrary.framework in Frameworks */ = {isa = PBXBuildFile; fileRef = 41C0296C1CAEAEFA0048A3CF /* AssetsLibrary.framework */; };
		41C0297F1CAEAFA30048A3CF /* MobileCoreServices.framework in Frameworks */ = {isa = PBXBuildFile; fileRef = 41C0297E1CAEAFA30048A3CF /* MobileCoreServices.framework */; };
		41C0AB081C75F048003DB7CE /* SimaspayDottedBorderButton.swift in Sources */ = {isa = PBXBuildFile; fileRef = 41C0AB071C75F048003DB7CE /* SimaspayDottedBorderButton.swift */; };
		41C9AC0D1C212E6F00B36678 /* SimaspayUtility.swift in Sources */ = {isa = PBXBuildFile; fileRef = 41C9AC0C1C212E6F00B36678 /* SimaspayUtility.swift */; };
		41C9AC121C22BC2A00B36678 /* SimaspayUnderLineButton.swift in Sources */ = {isa = PBXBuildFile; fileRef = 41C9AC111C22BC2A00B36678 /* SimaspayUnderLineButton.swift */; };
		41D2D8551C73209000D4B21B /* TransferBankListViewC.swift in Sources */ = {isa = PBXBuildFile; fileRef = 41D2D8541C73209000D4B21B /* TransferBankListViewC.swift */; };
		41D2D8571C74114000D4B21B /* Constants.swift in Sources */ = {isa = PBXBuildFile; fileRef = 41D2D8561C74114000D4B21B /* Constants.swift */; };
		41D2D8591C7416A400D4B21B /* CashOutViewController.swift in Sources */ = {isa = PBXBuildFile; fileRef = 41D2D8581C7416A400D4B21B /* CashOutViewController.swift */; };
		41D2D85B1C74365C00D4B21B /* PaymentDetailsViewController.swift in Sources */ = {isa = PBXBuildFile; fileRef = 41D2D85A1C74365C00D4B21B /* PaymentDetailsViewController.swift */; };
		41D2D85D1C74883200D4B21B /* BankListSearchbar.swift in Sources */ = {isa = PBXBuildFile; fileRef = 41D2D85C1C74883200D4B21B /* BankListSearchbar.swift */; };
		41F3FDED1C72049300A5C2C2 /* DownloadViewController.swift in Sources */ = {isa = PBXBuildFile; fileRef = 41F3FDEB1C72049300A5C2C2 /* DownloadViewController.swift */; };
		41F3FDEE1C72049300A5C2C2 /* TransactionHistoryViewController.swift in Sources */ = {isa = PBXBuildFile; fileRef = 41F3FDEC1C72049300A5C2C2 /* TransactionHistoryViewController.swift */; };
		41F3FDF21C721FD200A5C2C2 /* TransactionHistoryCell.xib in Resources */ = {isa = PBXBuildFile; fileRef = 41F3FDF11C721FD200A5C2C2 /* TransactionHistoryCell.xib */; };
		41F3FDF41C72230700A5C2C2 /* TransactionHistoryCell.swift in Sources */ = {isa = PBXBuildFile; fileRef = 41F3FDF31C72230700A5C2C2 /* TransactionHistoryCell.swift */; };
		41F3FDF71C723E2700A5C2C2 /* TransferBankSinarmasViewC.swift in Sources */ = {isa = PBXBuildFile; fileRef = 41F3FDF61C723E2700A5C2C2 /* TransferBankSinarmasViewC.swift */; };
		41F3FDF91C723E3900A5C2C2 /* TransferBankLainViewC.swift in Sources */ = {isa = PBXBuildFile; fileRef = 41F3FDF81C723E3900A5C2C2 /* TransferBankLainViewC.swift */; };
		41F3FDFE1C72477A00A5C2C2 /* PaymentViewController.swift in Sources */ = {isa = PBXBuildFile; fileRef = 41F3FDFD1C72477A00A5C2C2 /* PaymentViewController.swift */; };
		41FA8DEC1C70DA0400307065 /* SimasPayDottedLine.swift in Sources */ = {isa = PBXBuildFile; fileRef = 41FA8DEB1C70DA0400307065 /* SimasPayDottedLine.swift */; };
/* End PBXBuildFile section */

/* Begin PBXFileReference section */
		4114469F1C3299ED00E75C2D /* ContactusViewController.swift */ = {isa = PBXFileReference; fileEncoding = 4; lastKnownFileType = sourcecode.swift; path = ContactusViewController.swift; sourceTree = "<group>"; };
		411446A01C3299ED00E75C2D /* LoginViewController.swift */ = {isa = PBXFileReference; fileEncoding = 4; lastKnownFileType = sourcecode.swift; path = LoginViewController.swift; sourceTree = "<group>"; };
		411446A11C3299ED00E75C2D /* RegistrationStep1.swift */ = {isa = PBXFileReference; fileEncoding = 4; lastKnownFileType = sourcecode.swift; path = RegistrationStep1.swift; sourceTree = "<group>"; };
		411446A21C3299ED00E75C2D /* RegistrationStep2.swift */ = {isa = PBXFileReference; fileEncoding = 4; lastKnownFileType = sourcecode.swift; path = RegistrationStep2.swift; sourceTree = "<group>"; };
		411446A31C3299ED00E75C2D /* RegistrationStep3.swift */ = {isa = PBXFileReference; fileEncoding = 4; lastKnownFileType = sourcecode.swift; path = RegistrationStep3.swift; sourceTree = "<group>"; };
		411446A41C3299ED00E75C2D /* RegistrationStep4.swift */ = {isa = PBXFileReference; fileEncoding = 4; lastKnownFileType = sourcecode.swift; path = RegistrationStep4.swift; sourceTree = "<group>"; };
		411446AB1C33BE6E00E75C2D /* ContactusCustomCell.swift */ = {isa = PBXFileReference; fileEncoding = 4; lastKnownFileType = sourcecode.swift; path = ContactusCustomCell.swift; sourceTree = "<group>"; };
		411446AF1C33F87D00E75C2D /* MainMenuViewController.swift */ = {isa = PBXFileReference; fileEncoding = 4; lastKnownFileType = sourcecode.swift; path = MainMenuViewController.swift; sourceTree = "<group>"; };
		412621AE1CC91A0100975C48 /* CZPickerView.h */ = {isa = PBXFileReference; fileEncoding = 4; lastKnownFileType = sourcecode.c.h; path = CZPickerView.h; sourceTree = "<group>"; };
		412621AF1CC91A0100975C48 /* CZPickerView.m */ = {isa = PBXFileReference; fileEncoding = 4; lastKnownFileType = sourcecode.c.objc; path = CZPickerView.m; sourceTree = "<group>"; };
		412CF43F1C3A57DA008AF067 /* SubMenuViewController.swift */ = {isa = PBXFileReference; fileEncoding = 4; lastKnownFileType = sourcecode.swift; path = SubMenuViewController.swift; sourceTree = "<group>"; };
		412CF4411C3A9C47008AF067 /* AgentOptionViewController.swift */ = {isa = PBXFileReference; fileEncoding = 4; lastKnownFileType = sourcecode.swift; name = AgentOptionViewController.swift; path = ../Menu/AgentOptionViewController.swift; sourceTree = "<group>"; };
		41351EEA1D38F28700EAB33C /* FlahsizPINView.h */ = {isa = PBXFileReference; fileEncoding = 4; lastKnownFileType = sourcecode.c.h; path = FlahsizPINView.h; sourceTree = "<group>"; };
		41351EEB1D38F28700EAB33C /* FlahsizPINView.m */ = {isa = PBXFileReference; fileEncoding = 4; lastKnownFileType = sourcecode.c.objc; path = FlahsizPINView.m; sourceTree = "<group>"; };
		413BBD691CD398690029D9A2 /* ReloginViewController.swift */ = {isa = PBXFileReference; fileEncoding = 4; lastKnownFileType = sourcecode.swift; path = ReloginViewController.swift; sourceTree = "<group>"; };
		414647821C880EDF000E6DD6 /* Simaspay-Bridging-Header.h */ = {isa = PBXFileReference; lastKnownFileType = sourcecode.c.h; name = "Simaspay-Bridging-Header.h"; path = "Network/Simaspay-Bridging-Header.h"; sourceTree = "<group>"; };
		414647831C880EE0000E6DD6 /* NetworkWrapper.m */ = {isa = PBXFileReference; fileEncoding = 4; lastKnownFileType = sourcecode.c.objc; path = NetworkWrapper.m; sourceTree = "<group>"; };
		414647851C880EF0000E6DD6 /* NetworkWrapper.h */ = {isa = PBXFileReference; fileEncoding = 4; lastKnownFileType = sourcecode.c.h; path = NetworkWrapper.h; sourceTree = "<group>"; };
		414647861C880EF0000E6DD6 /* ServiceModel.h */ = {isa = PBXFileReference; fileEncoding = 4; lastKnownFileType = sourcecode.c.h; path = ServiceModel.h; sourceTree = "<group>"; };
		414647871C880EF0000E6DD6 /* ServiceModel.m */ = {isa = PBXFileReference; fileEncoding = 4; lastKnownFileType = sourcecode.c.objc; path = ServiceModel.m; sourceTree = "<group>"; };
		4146478A1C880F73000E6DD6 /* XMLReader.h */ = {isa = PBXFileReference; fileEncoding = 4; lastKnownFileType = sourcecode.c.h; path = XMLReader.h; sourceTree = "<group>"; };
		4146478B1C880F73000E6DD6 /* XMLReader.m */ = {isa = PBXFileReference; fileEncoding = 4; lastKnownFileType = sourcecode.c.objc; path = XMLReader.m; sourceTree = "<group>"; };
		4146478D1C880FAE000E6DD6 /* Reachability.h */ = {isa = PBXFileReference; fileEncoding = 4; lastKnownFileType = sourcecode.c.h; path = Reachability.h; sourceTree = "<group>"; };
		4146478E1C880FAE000E6DD6 /* Reachability.m */ = {isa = PBXFileReference; fileEncoding = 4; lastKnownFileType = sourcecode.c.objc; path = Reachability.m; sourceTree = "<group>"; };
		414647911C880FDE000E6DD6 /* JSON.h */ = {isa = PBXFileReference; fileEncoding = 4; lastKnownFileType = sourcecode.c.h; path = JSON.h; sourceTree = "<group>"; };
		414647921C880FDE000E6DD6 /* NSObject+SBJSON.h */ = {isa = PBXFileReference; fileEncoding = 4; lastKnownFileType = sourcecode.c.h; path = "NSObject+SBJSON.h"; sourceTree = "<group>"; };
		414647931C880FDE000E6DD6 /* NSObject+SBJSON.m */ = {isa = PBXFileReference; fileEncoding = 4; lastKnownFileType = sourcecode.c.objc; path = "NSObject+SBJSON.m"; sourceTree = "<group>"; };
		414647941C880FDE000E6DD6 /* NSString+SBJSON.h */ = {isa = PBXFileReference; fileEncoding = 4; lastKnownFileType = sourcecode.c.h; path = "NSString+SBJSON.h"; sourceTree = "<group>"; };
		414647951C880FDE000E6DD6 /* NSString+SBJSON.m */ = {isa = PBXFileReference; fileEncoding = 4; lastKnownFileType = sourcecode.c.objc; path = "NSString+SBJSON.m"; sourceTree = "<group>"; };
		414647961C880FDE000E6DD6 /* SBJSON.h */ = {isa = PBXFileReference; fileEncoding = 4; lastKnownFileType = sourcecode.c.h; path = SBJSON.h; sourceTree = "<group>"; };
		414647971C880FDE000E6DD6 /* SBJSON.m */ = {isa = PBXFileReference; fileEncoding = 4; lastKnownFileType = sourcecode.c.objc; path = SBJSON.m; sourceTree = "<group>"; };
		414647981C880FDE000E6DD6 /* SBJsonBase.h */ = {isa = PBXFileReference; fileEncoding = 4; lastKnownFileType = sourcecode.c.h; path = SBJsonBase.h; sourceTree = "<group>"; };
		414647991C880FDE000E6DD6 /* SBJsonBase.m */ = {isa = PBXFileReference; fileEncoding = 4; lastKnownFileType = sourcecode.c.objc; path = SBJsonBase.m; sourceTree = "<group>"; };
		4146479A1C880FDE000E6DD6 /* SBJsonParser.h */ = {isa = PBXFileReference; fileEncoding = 4; lastKnownFileType = sourcecode.c.h; path = SBJsonParser.h; sourceTree = "<group>"; };
		4146479B1C880FDE000E6DD6 /* SBJsonParser.m */ = {isa = PBXFileReference; fileEncoding = 4; lastKnownFileType = sourcecode.c.objc; path = SBJsonParser.m; sourceTree = "<group>"; };
		4146479C1C880FDE000E6DD6 /* SBJsonWriter.h */ = {isa = PBXFileReference; fileEncoding = 4; lastKnownFileType = sourcecode.c.h; path = SBJsonWriter.h; sourceTree = "<group>"; };
		4146479D1C880FDE000E6DD6 /* SBJsonWriter.m */ = {isa = PBXFileReference; fileEncoding = 4; lastKnownFileType = sourcecode.c.objc; path = SBJsonWriter.m; sourceTree = "<group>"; };
		414647A51C881057000E6DD6 /* DimoConstants.h */ = {isa = PBXFileReference; lastKnownFileType = sourcecode.c.h; path = DimoConstants.h; sourceTree = "<group>"; };
		414647AE1C881D51000E6DD6 /* NSData+Base64Extention.h */ = {isa = PBXFileReference; fileEncoding = 4; lastKnownFileType = sourcecode.c.h; path = "NSData+Base64Extention.h"; sourceTree = "<group>"; };
		414647AF1C881D51000E6DD6 /* NSData+Base64Extention.m */ = {isa = PBXFileReference; fileEncoding = 4; lastKnownFileType = sourcecode.c.objc; path = "NSData+Base64Extention.m"; sourceTree = "<group>"; };
		414647B01C881D51000E6DD6 /* NSString+Extention.h */ = {isa = PBXFileReference; fileEncoding = 4; lastKnownFileType = sourcecode.c.h; path = "NSString+Extention.h"; sourceTree = "<group>"; };
		414647B11C881D51000E6DD6 /* NSString+Extention.m */ = {isa = PBXFileReference; fileEncoding = 4; lastKnownFileType = sourcecode.c.objc; path = "NSString+Extention.m"; sourceTree = "<group>"; };
		414647B21C881D51000E6DD6 /* NSURLRequest+SSLValidation.h */ = {isa = PBXFileReference; fileEncoding = 4; lastKnownFileType = sourcecode.c.h; path = "NSURLRequest+SSLValidation.h"; sourceTree = "<group>"; };
		414647B31C881D51000E6DD6 /* NSURLRequest+SSLValidation.m */ = {isa = PBXFileReference; fileEncoding = 4; lastKnownFileType = sourcecode.c.objc; path = "NSURLRequest+SSLValidation.m"; sourceTree = "<group>"; };
		414647B41C881D51000E6DD6 /* XRSA.h */ = {isa = PBXFileReference; fileEncoding = 4; lastKnownFileType = sourcecode.c.h; path = XRSA.h; sourceTree = "<group>"; };
		414647B51C881D51000E6DD6 /* XRSA.m */ = {isa = PBXFileReference; fileEncoding = 4; lastKnownFileType = sourcecode.c.objc; path = XRSA.m; sourceTree = "<group>"; };
		414647BA1C881D88000E6DD6 /* BasicEncodingRules.h */ = {isa = PBXFileReference; fileEncoding = 4; lastKnownFileType = sourcecode.c.h; path = BasicEncodingRules.h; sourceTree = "<group>"; };
		414647BB1C881D88000E6DD6 /* BasicEncodingRules.m */ = {isa = PBXFileReference; fileEncoding = 4; lastKnownFileType = sourcecode.c.objc; path = BasicEncodingRules.m; sourceTree = "<group>"; };
		414647BD1C881DF4000E6DD6 /* SimasPayAlert.swift */ = {isa = PBXFileReference; fileEncoding = 4; lastKnownFileType = sourcecode.swift; path = SimasPayAlert.swift; sourceTree = "<group>"; };
		414647BF1C883FB6000E6DD6 /* SimasPayPlistUtility.h */ = {isa = PBXFileReference; fileEncoding = 4; lastKnownFileType = sourcecode.c.h; path = SimasPayPlistUtility.h; sourceTree = "<group>"; };
		414647C01C883FB6000E6DD6 /* SimasPayPlistUtility.m */ = {isa = PBXFileReference; fileEncoding = 4; lastKnownFileType = sourcecode.c.objc; path = SimasPayPlistUtility.m; sourceTree = "<group>"; };
		4146FF011C88AE2D0084A25F /* EZLoadingActivity.swift */ = {isa = PBXFileReference; fileEncoding = 4; lastKnownFileType = sourcecode.swift; path = EZLoadingActivity.swift; sourceTree = "<group>"; };
		4146FF051C8922260084A25F /* SwiftNotice.swift */ = {isa = PBXFileReference; fileEncoding = 4; lastKnownFileType = sourcecode.swift; path = SwiftNotice.swift; sourceTree = "<group>"; };
		4146FF071C8923BF0084A25F /* ViewControllerUtils.swift */ = {isa = PBXFileReference; fileEncoding = 4; lastKnownFileType = sourcecode.swift; path = ViewControllerUtils.swift; sourceTree = "<group>"; };
		414B2B8F1CA1C3EE00CEED75 /* ChangePINViewController.swift */ = {isa = PBXFileReference; fileEncoding = 4; lastKnownFileType = sourcecode.swift; path = ChangePINViewController.swift; sourceTree = "<group>"; };
		414B2B921CA2D55800CEED75 /* ConfirmChangePINViewController.swift */ = {isa = PBXFileReference; fileEncoding = 4; lastKnownFileType = sourcecode.swift; path = ConfirmChangePINViewController.swift; sourceTree = "<group>"; };
		414B2B951CA309FF00CEED75 /* UILoadControl_UIScrollView.swift */ = {isa = PBXFileReference; fileEncoding = 4; lastKnownFileType = sourcecode.swift; path = UILoadControl_UIScrollView.swift; sourceTree = "<group>"; };
		414B2B961CA309FF00CEED75 /* UILoadControl.swift */ = {isa = PBXFileReference; fileEncoding = 4; lastKnownFileType = sourcecode.swift; path = UILoadControl.swift; sourceTree = "<group>"; };
		415E50841C17FC270075AE5C /* Simaspay.app */ = {isa = PBXFileReference; explicitFileType = wrapper.application; includeInIndex = 0; path = Simaspay.app; sourceTree = BUILT_PRODUCTS_DIR; };
		415E50871C17FC270075AE5C /* AppDelegate.swift */ = {isa = PBXFileReference; lastKnownFileType = sourcecode.swift; path = AppDelegate.swift; sourceTree = "<group>"; };
		415E508C1C17FC270075AE5C /* Base */ = {isa = PBXFileReference; lastKnownFileType = file.storyboard; name = Base; path = Base.lproj/Main.storyboard; sourceTree = "<group>"; };
		415E508E1C17FC270075AE5C /* Assets.xcassets */ = {isa = PBXFileReference; lastKnownFileType = folder.assetcatalog; path = Assets.xcassets; sourceTree = "<group>"; };
		415E50911C17FC270075AE5C /* Base */ = {isa = PBXFileReference; lastKnownFileType = file.storyboard; name = Base; path = Base.lproj/LaunchScreen.storyboard; sourceTree = "<group>"; };
		415E50931C17FC270075AE5C /* Info.plist */ = {isa = PBXFileReference; lastKnownFileType = text.plist.xml; path = Info.plist; sourceTree = "<group>"; };
		416F018E1C98FD0900571517 /* CheckBalanceViewController.swift */ = {isa = PBXFileReference; fileEncoding = 4; lastKnownFileType = sourcecode.swift; path = CheckBalanceViewController.swift; sourceTree = "<group>"; };
		4173FABC1CEEFD6F00F82974 /* CoreGraphics.framework */ = {isa = PBXFileReference; lastKnownFileType = wrapper.framework; name = CoreGraphics.framework; path = System/Library/Frameworks/CoreGraphics.framework; sourceTree = SDKROOT; };
		417E81271C6A4B5E00869BEB /* ConfirmationViewController.swift */ = {isa = PBXFileReference; fileEncoding = 4; lastKnownFileType = sourcecode.swift; path = ConfirmationViewController.swift; sourceTree = "<group>"; };
		417E81291C6A4B7100869BEB /* StatusViewController.swift */ = {isa = PBXFileReference; fileEncoding = 4; lastKnownFileType = sourcecode.swift; path = StatusViewController.swift; sourceTree = "<group>"; };
		417E812B1C6B40E800869BEB /* CashinViewController.swift */ = {isa = PBXFileReference; fileEncoding = 4; lastKnownFileType = sourcecode.swift; path = CashinViewController.swift; sourceTree = "<group>"; };
		417E812D1C6B4FD100869BEB /* CloseAccountViewController.swift */ = {isa = PBXFileReference; fileEncoding = 4; lastKnownFileType = sourcecode.swift; path = CloseAccountViewController.swift; sourceTree = "<group>"; };
		417E812F1C6B515300869BEB /* ReferralViewController.swift */ = {isa = PBXFileReference; fileEncoding = 4; lastKnownFileType = sourcecode.swift; path = ReferralViewController.swift; sourceTree = "<group>"; };
		4182E4541D23BFE9004C5F0E /* DIMOPayiOS.framework */ = {isa = PBXFileReference; lastKnownFileType = wrapper.framework; path = DIMOPayiOS.framework; sourceTree = "<group>"; };
		4182E4551D23BFE9004C5F0E /* DIMOPayiOSResources.bundle */ = {isa = PBXFileReference; lastKnownFileType = "wrapper.plug-in"; path = DIMOPayiOSResources.bundle; sourceTree = "<group>"; };
		41A796A51CD0C8F9000E0005 /* AUISelectiveBordersLayer.h */ = {isa = PBXFileReference; fileEncoding = 4; lastKnownFileType = sourcecode.c.h; path = AUISelectiveBordersLayer.h; sourceTree = "<group>"; };
		41A796A61CD0C8F9000E0005 /* AUISelectiveBordersLayer.m */ = {isa = PBXFileReference; fileEncoding = 4; lastKnownFileType = sourcecode.c.objc; path = AUISelectiveBordersLayer.m; sourceTree = "<group>"; };
		41A796A71CD0C8F9000E0005 /* UIView+AUISelectiveBorder.h */ = {isa = PBXFileReference; fileEncoding = 4; lastKnownFileType = sourcecode.c.h; path = "UIView+AUISelectiveBorder.h"; sourceTree = "<group>"; };
		41A796A81CD0C8F9000E0005 /* UIView+AUISelectiveBorder.m */ = {isa = PBXFileReference; fileEncoding = 4; lastKnownFileType = sourcecode.c.objc; path = "UIView+AUISelectiveBorder.m"; sourceTree = "<group>"; };
		41AC36FE1C53E958005DD839 /* IQNSArray+Sort.swift */ = {isa = PBXFileReference; fileEncoding = 4; lastKnownFileType = sourcecode.swift; path = "IQNSArray+Sort.swift"; sourceTree = "<group>"; };
		41AC36FF1C53E958005DD839 /* IQUIScrollView+Additions.swift */ = {isa = PBXFileReference; fileEncoding = 4; lastKnownFileType = sourcecode.swift; path = "IQUIScrollView+Additions.swift"; sourceTree = "<group>"; };
		41AC37001C53E958005DD839 /* IQUITextFieldView+Additions.swift */ = {isa = PBXFileReference; fileEncoding = 4; lastKnownFileType = sourcecode.swift; path = "IQUITextFieldView+Additions.swift"; sourceTree = "<group>"; };
		41AC37011C53E958005DD839 /* IQUIView+Hierarchy.swift */ = {isa = PBXFileReference; fileEncoding = 4; lastKnownFileType = sourcecode.swift; path = "IQUIView+Hierarchy.swift"; sourceTree = "<group>"; };
		41AC37021C53E958005DD839 /* IQUIViewController+Additions.swift */ = {isa = PBXFileReference; fileEncoding = 4; lastKnownFileType = sourcecode.swift; path = "IQUIViewController+Additions.swift"; sourceTree = "<group>"; };
		41AC37031C53E958005DD839 /* IQUIWindow+Hierarchy.swift */ = {isa = PBXFileReference; fileEncoding = 4; lastKnownFileType = sourcecode.swift; path = "IQUIWindow+Hierarchy.swift"; sourceTree = "<group>"; };
		41AC37051C53E958005DD839 /* IQKeyboardManagerConstants.swift */ = {isa = PBXFileReference; fileEncoding = 4; lastKnownFileType = sourcecode.swift; path = IQKeyboardManagerConstants.swift; sourceTree = "<group>"; };
		41AC37061C53E958005DD839 /* IQKeyboardManagerConstantsInternal.swift */ = {isa = PBXFileReference; fileEncoding = 4; lastKnownFileType = sourcecode.swift; path = IQKeyboardManagerConstantsInternal.swift; sourceTree = "<group>"; };
		41AC37071C53E958005DD839 /* IQKeyboardManager.swift */ = {isa = PBXFileReference; fileEncoding = 4; lastKnownFileType = sourcecode.swift; path = IQKeyboardManager.swift; sourceTree = "<group>"; };
		41AC37081C53E958005DD839 /* IQKeyboardReturnKeyHandler.swift */ = {isa = PBXFileReference; fileEncoding = 4; lastKnownFileType = sourcecode.swift; path = IQKeyboardReturnKeyHandler.swift; sourceTree = "<group>"; };
		41AC370A1C53E958005DD839 /* IQTextView.swift */ = {isa = PBXFileReference; fileEncoding = 4; lastKnownFileType = sourcecode.swift; path = IQTextView.swift; sourceTree = "<group>"; };
		41AC370C1C53E958005DD839 /* IQBarButtonItem.swift */ = {isa = PBXFileReference; fileEncoding = 4; lastKnownFileType = sourcecode.swift; path = IQBarButtonItem.swift; sourceTree = "<group>"; };
		41AC370D1C53E958005DD839 /* IQTitleBarButtonItem.swift */ = {isa = PBXFileReference; fileEncoding = 4; lastKnownFileType = sourcecode.swift; path = IQTitleBarButtonItem.swift; sourceTree = "<group>"; };
		41AC370E1C53E958005DD839 /* IQToolbar.swift */ = {isa = PBXFileReference; fileEncoding = 4; lastKnownFileType = sourcecode.swift; path = IQToolbar.swift; sourceTree = "<group>"; };
		41AC370F1C53E958005DD839 /* IQUIView+IQKeyboardToolbar.swift */ = {isa = PBXFileReference; fileEncoding = 4; lastKnownFileType = sourcecode.swift; path = "IQUIView+IQKeyboardToolbar.swift"; sourceTree = "<group>"; };
		41AC37111C53E958005DD839 /* Info.plist */ = {isa = PBXFileReference; fileEncoding = 4; lastKnownFileType = text.plist.xml; path = Info.plist; sourceTree = "<group>"; };
		41AC37121C53E958005DD839 /* IQKeyboardManager.bundle */ = {isa = PBXFileReference; lastKnownFileType = "wrapper.plug-in"; path = IQKeyboardManager.bundle; sourceTree = "<group>"; };
		41B581F71C4E425400BF6F5E /* AgentRegistrationViewC.swift */ = {isa = PBXFileReference; fileEncoding = 4; lastKnownFileType = sourcecode.swift; path = AgentRegistrationViewC.swift; sourceTree = "<group>"; };
		41C029661CAEAEB10048A3CF /* AVFoundation.framework */ = {isa = PBXFileReference; lastKnownFileType = wrapper.framework; name = AVFoundation.framework; path = System/Library/Frameworks/AVFoundation.framework; sourceTree = SDKROOT; };
		41C029681CAEAEBA0048A3CF /* CoreVideo.framework */ = {isa = PBXFileReference; lastKnownFileType = wrapper.framework; name = CoreVideo.framework; path = System/Library/Frameworks/CoreVideo.framework; sourceTree = SDKROOT; };
		41C0296A1CAEAED50048A3CF /* AudioToolbox.framework */ = {isa = PBXFileReference; lastKnownFileType = wrapper.framework; name = AudioToolbox.framework; path = System/Library/Frameworks/AudioToolbox.framework; sourceTree = SDKROOT; };
		41C0296C1CAEAEFA0048A3CF /* AssetsLibrary.framework */ = {isa = PBXFileReference; lastKnownFileType = wrapper.framework; name = AssetsLibrary.framework; path = System/Library/Frameworks/AssetsLibrary.framework; sourceTree = SDKROOT; };
		41C0297E1CAEAFA30048A3CF /* MobileCoreServices.framework */ = {isa = PBXFileReference; lastKnownFileType = wrapper.framework; name = MobileCoreServices.framework; path = System/Library/Frameworks/MobileCoreServices.framework; sourceTree = SDKROOT; };
		41C0AB071C75F048003DB7CE /* SimaspayDottedBorderButton.swift */ = {isa = PBXFileReference; fileEncoding = 4; lastKnownFileType = sourcecode.swift; path = SimaspayDottedBorderButton.swift; sourceTree = "<group>"; };
		41C9AC0C1C212E6F00B36678 /* SimaspayUtility.swift */ = {isa = PBXFileReference; fileEncoding = 4; lastKnownFileType = sourcecode.swift; path = SimaspayUtility.swift; sourceTree = "<group>"; };
		41C9AC111C22BC2A00B36678 /* SimaspayUnderLineButton.swift */ = {isa = PBXFileReference; fileEncoding = 4; lastKnownFileType = sourcecode.swift; path = SimaspayUnderLineButton.swift; sourceTree = "<group>"; };
		41D2D8541C73209000D4B21B /* TransferBankListViewC.swift */ = {isa = PBXFileReference; fileEncoding = 4; lastKnownFileType = sourcecode.swift; path = TransferBankListViewC.swift; sourceTree = "<group>"; };
		41D2D8561C74114000D4B21B /* Constants.swift */ = {isa = PBXFileReference; fileEncoding = 4; lastKnownFileType = sourcecode.swift; path = Constants.swift; sourceTree = "<group>"; };
		41D2D8581C7416A400D4B21B /* CashOutViewController.swift */ = {isa = PBXFileReference; fileEncoding = 4; lastKnownFileType = sourcecode.swift; path = CashOutViewController.swift; sourceTree = "<group>"; };
		41D2D85A1C74365C00D4B21B /* PaymentDetailsViewController.swift */ = {isa = PBXFileReference; fileEncoding = 4; lastKnownFileType = sourcecode.swift; path = PaymentDetailsViewController.swift; sourceTree = "<group>"; };
		41D2D85C1C74883200D4B21B /* BankListSearchbar.swift */ = {isa = PBXFileReference; fileEncoding = 4; lastKnownFileType = sourcecode.swift; path = BankListSearchbar.swift; sourceTree = "<group>"; };
		41F3FDEB1C72049300A5C2C2 /* DownloadViewController.swift */ = {isa = PBXFileReference; fileEncoding = 4; lastKnownFileType = sourcecode.swift; path = DownloadViewController.swift; sourceTree = "<group>"; };
		41F3FDEC1C72049300A5C2C2 /* TransactionHistoryViewController.swift */ = {isa = PBXFileReference; fileEncoding = 4; lastKnownFileType = sourcecode.swift; path = TransactionHistoryViewController.swift; sourceTree = "<group>"; };
		41F3FDF11C721FD200A5C2C2 /* TransactionHistoryCell.xib */ = {isa = PBXFileReference; fileEncoding = 4; lastKnownFileType = file.xib; path = TransactionHistoryCell.xib; sourceTree = "<group>"; };
		41F3FDF31C72230700A5C2C2 /* TransactionHistoryCell.swift */ = {isa = PBXFileReference; fileEncoding = 4; lastKnownFileType = sourcecode.swift; path = TransactionHistoryCell.swift; sourceTree = "<group>"; };
		41F3FDF61C723E2700A5C2C2 /* TransferBankSinarmasViewC.swift */ = {isa = PBXFileReference; fileEncoding = 4; lastKnownFileType = sourcecode.swift; path = TransferBankSinarmasViewC.swift; sourceTree = "<group>"; };
		41F3FDF81C723E3900A5C2C2 /* TransferBankLainViewC.swift */ = {isa = PBXFileReference; fileEncoding = 4; lastKnownFileType = sourcecode.swift; path = TransferBankLainViewC.swift; sourceTree = "<group>"; };
		41F3FDFD1C72477A00A5C2C2 /* PaymentViewController.swift */ = {isa = PBXFileReference; fileEncoding = 4; lastKnownFileType = sourcecode.swift; path = PaymentViewController.swift; sourceTree = "<group>"; };
		41FA8DEB1C70DA0400307065 /* SimasPayDottedLine.swift */ = {isa = PBXFileReference; fileEncoding = 4; lastKnownFileType = sourcecode.swift; path = SimasPayDottedLine.swift; sourceTree = "<group>"; };
/* End PBXFileReference section */

/* Begin PBXFrameworksBuildPhase section */
		415E50811C17FC270075AE5C /* Frameworks */ = {
			isa = PBXFrameworksBuildPhase;
			buildActionMask = 2147483647;
			files = (
				4182E4561D23BFE9004C5F0E /* DIMOPayiOS.framework in Frameworks */,
				4173FABD1CEEFD6F00F82974 /* CoreGraphics.framework in Frameworks */,
				41C0297F1CAEAFA30048A3CF /* MobileCoreServices.framework in Frameworks */,
				41C0296D1CAEAEFA0048A3CF /* AssetsLibrary.framework in Frameworks */,
				41C0296B1CAEAED50048A3CF /* AudioToolbox.framework in Frameworks */,
				41C029691CAEAEBA0048A3CF /* CoreVideo.framework in Frameworks */,
				41C029671CAEAEB10048A3CF /* AVFoundation.framework in Frameworks */,
			);
			runOnlyForDeploymentPostprocessing = 0;
		};
/* End PBXFrameworksBuildPhase section */

/* Begin PBXGroup section */
		4114469E1C3299ED00E75C2D /* Login/Signup */ = {
			isa = PBXGroup;
			children = (
				411446A01C3299ED00E75C2D /* LoginViewController.swift */,
				411446A11C3299ED00E75C2D /* RegistrationStep1.swift */,
				411446A21C3299ED00E75C2D /* RegistrationStep2.swift */,
				411446A31C3299ED00E75C2D /* RegistrationStep3.swift */,
				411446A41C3299ED00E75C2D /* RegistrationStep4.swift */,
				4114469F1C3299ED00E75C2D /* ContactusViewController.swift */,
				411446AB1C33BE6E00E75C2D /* ContactusCustomCell.swift */,
				412CF4411C3A9C47008AF067 /* AgentOptionViewController.swift */,
				413BBD691CD398690029D9A2 /* ReloginViewController.swift */,
			);
			name = Login/Signup;
			path = "Login:Signup";
			sourceTree = "<group>";
		};
		411446AE1C33E59200E75C2D /* Menu */ = {
			isa = PBXGroup;
			children = (
				41F3FDFC1C72476900A5C2C2 /* Payment */,
				41F3FDF51C723DCB00A5C2C2 /* Transfer */,
				41F3FDEA1C72049300A5C2C2 /* Download */,
				412CF4431C3BEBC7008AF067 /* Agent */,
				411446AF1C33F87D00E75C2D /* MainMenuViewController.swift */,
				412CF43F1C3A57DA008AF067 /* SubMenuViewController.swift */,
				417E812B1C6B40E800869BEB /* CashinViewController.swift */,
				41D2D8581C7416A400D4B21B /* CashOutViewController.swift */,
				417E812D1C6B4FD100869BEB /* CloseAccountViewController.swift */,
				417E812F1C6B515300869BEB /* ReferralViewController.swift */,
				417E81271C6A4B5E00869BEB /* ConfirmationViewController.swift */,
				417E81291C6A4B7100869BEB /* StatusViewController.swift */,
				416F018E1C98FD0900571517 /* CheckBalanceViewController.swift */,
				414B2B8F1CA1C3EE00CEED75 /* ChangePINViewController.swift */,
				414B2B921CA2D55800CEED75 /* ConfirmChangePINViewController.swift */,
			);
			path = Menu;
			sourceTree = "<group>";
		};
		412CF4431C3BEBC7008AF067 /* Agent */ = {
			isa = PBXGroup;
			children = (
				41B581F71C4E425400BF6F5E /* AgentRegistrationViewC.swift */,
			);
			path = Agent;
			sourceTree = "<group>";
		};
		414647501C87FE96000E6DD6 /* Network */ = {
			isa = PBXGroup;
			children = (
				41A796A41CD0C8F9000E0005 /* SelectiveBorders */,
				414647AD1C881D51000E6DD6 /* Category */,
				414647901C880FDE000E6DD6 /* SBJSON */,
				414647A51C881057000E6DD6 /* DimoConstants.h */,
				4146478D1C880FAE000E6DD6 /* Reachability.h */,
				4146478E1C880FAE000E6DD6 /* Reachability.m */,
				412621AE1CC91A0100975C48 /* CZPickerView.h */,
				412621AF1CC91A0100975C48 /* CZPickerView.m */,
				4146478A1C880F73000E6DD6 /* XMLReader.h */,
				4146478B1C880F73000E6DD6 /* XMLReader.m */,
				414647851C880EF0000E6DD6 /* NetworkWrapper.h */,
				414647831C880EE0000E6DD6 /* NetworkWrapper.m */,
				414647861C880EF0000E6DD6 /* ServiceModel.h */,
				414647871C880EF0000E6DD6 /* ServiceModel.m */,
				41351EEA1D38F28700EAB33C /* FlahsizPINView.h */,
				41351EEB1D38F28700EAB33C /* FlahsizPINView.m */,
			);
			path = Network;
			sourceTree = "<group>";
		};
		414647901C880FDE000E6DD6 /* SBJSON */ = {
			isa = PBXGroup;
			children = (
				414647911C880FDE000E6DD6 /* JSON.h */,
				414647921C880FDE000E6DD6 /* NSObject+SBJSON.h */,
				414647931C880FDE000E6DD6 /* NSObject+SBJSON.m */,
				414647941C880FDE000E6DD6 /* NSString+SBJSON.h */,
				414647951C880FDE000E6DD6 /* NSString+SBJSON.m */,
				414647961C880FDE000E6DD6 /* SBJSON.h */,
				414647971C880FDE000E6DD6 /* SBJSON.m */,
				414647981C880FDE000E6DD6 /* SBJsonBase.h */,
				414647991C880FDE000E6DD6 /* SBJsonBase.m */,
				4146479A1C880FDE000E6DD6 /* SBJsonParser.h */,
				4146479B1C880FDE000E6DD6 /* SBJsonParser.m */,
				4146479C1C880FDE000E6DD6 /* SBJsonWriter.h */,
				4146479D1C880FDE000E6DD6 /* SBJsonWriter.m */,
			);
			path = SBJSON;
			sourceTree = "<group>";
		};
		414647AD1C881D51000E6DD6 /* Category */ = {
			isa = PBXGroup;
			children = (
				414647BF1C883FB6000E6DD6 /* SimasPayPlistUtility.h */,
				414647C01C883FB6000E6DD6 /* SimasPayPlistUtility.m */,
				414647AE1C881D51000E6DD6 /* NSData+Base64Extention.h */,
				414647AF1C881D51000E6DD6 /* NSData+Base64Extention.m */,
				414647B01C881D51000E6DD6 /* NSString+Extention.h */,
				414647B11C881D51000E6DD6 /* NSString+Extention.m */,
				414647B21C881D51000E6DD6 /* NSURLRequest+SSLValidation.h */,
				414647B31C881D51000E6DD6 /* NSURLRequest+SSLValidation.m */,
				414647BA1C881D88000E6DD6 /* BasicEncodingRules.h */,
				414647BB1C881D88000E6DD6 /* BasicEncodingRules.m */,
				414647B41C881D51000E6DD6 /* XRSA.h */,
				414647B51C881D51000E6DD6 /* XRSA.m */,
			);
			path = Category;
			sourceTree = "<group>";
		};
		415E507B1C17FC270075AE5C = {
			isa = PBXGroup;
			children = (
				415E50861C17FC270075AE5C /* Simaspay */,
				415E50851C17FC270075AE5C /* Products */,
			);
			sourceTree = "<group>";
		};
		415E50851C17FC270075AE5C /* Products */ = {
			isa = PBXGroup;
			children = (
				415E50841C17FC270075AE5C /* Simaspay.app */,
			);
			name = Products;
			sourceTree = "<group>";
		};
		415E50861C17FC270075AE5C /* Simaspay */ = {
			isa = PBXGroup;
			children = (
				415E50871C17FC270075AE5C /* AppDelegate.swift */,
				41C0295D1CAE64B30048A3CF /* PaybyQR */,
				4114469E1C3299ED00E75C2D /* Login/Signup */,
				411446AE1C33E59200E75C2D /* Menu */,
				414647501C87FE96000E6DD6 /* Network */,
				41C9AC051C1EE04000B36678 /* Utility */,
				41C029801CAEB0190048A3CF /* Frameworks */,
				414647821C880EDF000E6DD6 /* Simaspay-Bridging-Header.h */,
				415E508B1C17FC270075AE5C /* Main.storyboard */,
				415E508E1C17FC270075AE5C /* Assets.xcassets */,
				415E50901C17FC270075AE5C /* LaunchScreen.storyboard */,
				415E50931C17FC270075AE5C /* Info.plist */,
			);
			path = Simaspay;
			sourceTree = "<group>";
		};
		41A796A41CD0C8F9000E0005 /* SelectiveBorders */ = {
			isa = PBXGroup;
			children = (
				41A796A51CD0C8F9000E0005 /* AUISelectiveBordersLayer.h */,
				41A796A61CD0C8F9000E0005 /* AUISelectiveBordersLayer.m */,
				41A796A71CD0C8F9000E0005 /* UIView+AUISelectiveBorder.h */,
				41A796A81CD0C8F9000E0005 /* UIView+AUISelectiveBorder.m */,
			);
			path = SelectiveBorders;
			sourceTree = "<group>";
		};
		41AC36FC1C53E958005DD839 /* IQKeyboardManagerSwift */ = {
			isa = PBXGroup;
			children = (
				41AC37071C53E958005DD839 /* IQKeyboardManager.swift */,
				41AC37081C53E958005DD839 /* IQKeyboardReturnKeyHandler.swift */,
				41AC36FD1C53E958005DD839 /* Categories */,
				41AC37041C53E958005DD839 /* Constants */,
				41AC37091C53E958005DD839 /* IQTextView */,
				41AC370B1C53E958005DD839 /* IQToolbar */,
				41AC37101C53E958005DD839 /* Resources */,
			);
			path = IQKeyboardManagerSwift;
			sourceTree = "<group>";
		};
		41AC36FD1C53E958005DD839 /* Categories */ = {
			isa = PBXGroup;
			children = (
				41AC36FE1C53E958005DD839 /* IQNSArray+Sort.swift */,
				41AC36FF1C53E958005DD839 /* IQUIScrollView+Additions.swift */,
				41AC37001C53E958005DD839 /* IQUITextFieldView+Additions.swift */,
				41AC37011C53E958005DD839 /* IQUIView+Hierarchy.swift */,
				41AC37021C53E958005DD839 /* IQUIViewController+Additions.swift */,
				41AC37031C53E958005DD839 /* IQUIWindow+Hierarchy.swift */,
			);
			path = Categories;
			sourceTree = "<group>";
		};
		41AC37041C53E958005DD839 /* Constants */ = {
			isa = PBXGroup;
			children = (
				41AC37051C53E958005DD839 /* IQKeyboardManagerConstants.swift */,
				41AC37061C53E958005DD839 /* IQKeyboardManagerConstantsInternal.swift */,
			);
			path = Constants;
			sourceTree = "<group>";
		};
		41AC37091C53E958005DD839 /* IQTextView */ = {
			isa = PBXGroup;
			children = (
				41AC370A1C53E958005DD839 /* IQTextView.swift */,
			);
			path = IQTextView;
			sourceTree = "<group>";
		};
		41AC370B1C53E958005DD839 /* IQToolbar */ = {
			isa = PBXGroup;
			children = (
				41AC370C1C53E958005DD839 /* IQBarButtonItem.swift */,
				41AC370D1C53E958005DD839 /* IQTitleBarButtonItem.swift */,
				41AC370E1C53E958005DD839 /* IQToolbar.swift */,
				41AC370F1C53E958005DD839 /* IQUIView+IQKeyboardToolbar.swift */,
			);
			path = IQToolbar;
			sourceTree = "<group>";
		};
		41AC37101C53E958005DD839 /* Resources */ = {
			isa = PBXGroup;
			children = (
				41AC37111C53E958005DD839 /* Info.plist */,
				41AC37121C53E958005DD839 /* IQKeyboardManager.bundle */,
			);
			path = Resources;
			sourceTree = "<group>";
		};
		41C0295D1CAE64B30048A3CF /* PaybyQR */ = {
			isa = PBXGroup;
			children = (
				4182E4541D23BFE9004C5F0E /* DIMOPayiOS.framework */,
				4182E4551D23BFE9004C5F0E /* DIMOPayiOSResources.bundle */,
			);
			path = PaybyQR;
			sourceTree = "<group>";
		};
		41C029801CAEB0190048A3CF /* Frameworks */ = {
			isa = PBXGroup;
			children = (
				4173FABC1CEEFD6F00F82974 /* CoreGraphics.framework */,
				41C0297E1CAEAFA30048A3CF /* MobileCoreServices.framework */,
				41C0296C1CAEAEFA0048A3CF /* AssetsLibrary.framework */,
				41C0296A1CAEAED50048A3CF /* AudioToolbox.framework */,
				41C029681CAEAEBA0048A3CF /* CoreVideo.framework */,
				41C029661CAEAEB10048A3CF /* AVFoundation.framework */,
			);
			name = Frameworks;
			sourceTree = "<group>";
		};
		41C9AC051C1EE04000B36678 /* Utility */ = {
			isa = PBXGroup;
			children = (
				41AC36FC1C53E958005DD839 /* IQKeyboardManagerSwift */,
				41C9AC0C1C212E6F00B36678 /* SimaspayUtility.swift */,
				41C9AC111C22BC2A00B36678 /* SimaspayUnderLineButton.swift */,
				41FA8DEB1C70DA0400307065 /* SimasPayDottedLine.swift */,
				41D2D8561C74114000D4B21B /* Constants.swift */,
				41D2D85C1C74883200D4B21B /* BankListSearchbar.swift */,
				41C0AB071C75F048003DB7CE /* SimaspayDottedBorderButton.swift */,
				4146FF051C8922260084A25F /* SwiftNotice.swift */,
				4146FF071C8923BF0084A25F /* ViewControllerUtils.swift */,
				4146FF011C88AE2D0084A25F /* EZLoadingActivity.swift */,
				414647BD1C881DF4000E6DD6 /* SimasPayAlert.swift */,
			);
			path = Utility;
			sourceTree = "<group>";
		};
		41F3FDEA1C72049300A5C2C2 /* Download */ = {
			isa = PBXGroup;
			children = (
				414B2B951CA309FF00CEED75 /* UILoadControl_UIScrollView.swift */,
				414B2B961CA309FF00CEED75 /* UILoadControl.swift */,
				41F3FDEB1C72049300A5C2C2 /* DownloadViewController.swift */,
				41F3FDEC1C72049300A5C2C2 /* TransactionHistoryViewController.swift */,
				41F3FDF11C721FD200A5C2C2 /* TransactionHistoryCell.xib */,
				41F3FDF31C72230700A5C2C2 /* TransactionHistoryCell.swift */,
			);
			path = Download;
			sourceTree = "<group>";
		};
		41F3FDF51C723DCB00A5C2C2 /* Transfer */ = {
			isa = PBXGroup;
			children = (
				41F3FDF61C723E2700A5C2C2 /* TransferBankSinarmasViewC.swift */,
				41F3FDF81C723E3900A5C2C2 /* TransferBankLainViewC.swift */,
				41D2D8541C73209000D4B21B /* TransferBankListViewC.swift */,
			);
			path = Transfer;
			sourceTree = "<group>";
		};
		41F3FDFC1C72476900A5C2C2 /* Payment */ = {
			isa = PBXGroup;
			children = (
				41F3FDFD1C72477A00A5C2C2 /* PaymentViewController.swift */,
				41D2D85A1C74365C00D4B21B /* PaymentDetailsViewController.swift */,
			);
			path = Payment;
			sourceTree = "<group>";
		};
/* End PBXGroup section */

/* Begin PBXNativeTarget section */
		415E50831C17FC270075AE5C /* Simaspay */ = {
			isa = PBXNativeTarget;
			buildConfigurationList = 415E50961C17FC270075AE5C /* Build configuration list for PBXNativeTarget "Simaspay" */;
			buildPhases = (
				415E50801C17FC270075AE5C /* Sources */,
				415E50811C17FC270075AE5C /* Frameworks */,
				415E50821C17FC270075AE5C /* Resources */,
			);
			buildRules = (
			);
			dependencies = (
			);
			name = Simaspay;
			productName = Simaspay;
			productReference = 415E50841C17FC270075AE5C /* Simaspay.app */;
			productType = "com.apple.product-type.application";
		};
/* End PBXNativeTarget section */

/* Begin PBXProject section */
		415E507C1C17FC270075AE5C /* Project object */ = {
			isa = PBXProject;
			attributes = {
				LastSwiftUpdateCheck = 0720;
				LastUpgradeCheck = 0710;
				ORGANIZATIONNAME = "RAND Software Service (india) PVT LTD";
				TargetAttributes = {
					415E50831C17FC270075AE5C = {
						CreatedOnToolsVersion = 7.1;
					};
				};
			};
			buildConfigurationList = 415E507F1C17FC270075AE5C /* Build configuration list for PBXProject "Simaspay" */;
			compatibilityVersion = "Xcode 3.2";
			developmentRegion = English;
			hasScannedForEncodings = 0;
			knownRegions = (
				en,
				Base,
			);
			mainGroup = 415E507B1C17FC270075AE5C;
			productRefGroup = 415E50851C17FC270075AE5C /* Products */;
			projectDirPath = "";
			projectRoot = "";
			targets = (
				415E50831C17FC270075AE5C /* Simaspay */,
			);
		};
/* End PBXProject section */

/* Begin PBXResourcesBuildPhase section */
		415E50821C17FC270075AE5C /* Resources */ = {
			isa = PBXResourcesBuildPhase;
			buildActionMask = 2147483647;
			files = (
				41AC37231C53E958005DD839 /* IQKeyboardManager.bundle in Resources */,
				41AC37221C53E958005DD839 /* Info.plist in Resources */,
				415E50921C17FC270075AE5C /* LaunchScreen.storyboard in Resources */,
				415E508F1C17FC270075AE5C /* Assets.xcassets in Resources */,
				415E508D1C17FC270075AE5C /* Main.storyboard in Resources */,
				4182E4571D23BFE9004C5F0E /* DIMOPayiOSResources.bundle in Resources */,
				41F3FDF21C721FD200A5C2C2 /* TransactionHistoryCell.xib in Resources */,
			);
			runOnlyForDeploymentPostprocessing = 0;
		};
/* End PBXResourcesBuildPhase section */

/* Begin PBXSourcesBuildPhase section */
		415E50801C17FC270075AE5C /* Sources */ = {
			isa = PBXSourcesBuildPhase;
			buildActionMask = 2147483647;
			files = (
				414647A01C880FDE000E6DD6 /* SBJSON.m in Sources */,
				41AC371B1C53E958005DD839 /* IQKeyboardManager.swift in Sources */,
				412CF4421C3A9C47008AF067 /* AgentOptionViewController.swift in Sources */,
				41F3FDF91C723E3900A5C2C2 /* TransferBankLainViewC.swift in Sources */,
				41A796AA1CD0C8F9000E0005 /* UIView+AUISelectiveBorder.m in Sources */,
				412CF4401C3A57DA008AF067 /* SubMenuViewController.swift in Sources */,
				41AC371E1C53E958005DD839 /* IQBarButtonItem.swift in Sources */,
				41AC37171C53E958005DD839 /* IQUIViewController+Additions.swift in Sources */,
				414647A31C880FDE000E6DD6 /* SBJsonWriter.m in Sources */,
				414647B71C881D51000E6DD6 /* NSString+Extention.m in Sources */,
				411446A81C3299ED00E75C2D /* RegistrationStep2.swift in Sources */,
				417E81281C6A4B5E00869BEB /* ConfirmationViewController.swift in Sources */,
				41C9AC0D1C212E6F00B36678 /* SimaspayUtility.swift in Sources */,
				41F3FDED1C72049300A5C2C2 /* DownloadViewController.swift in Sources */,
				414B2B971CA309FF00CEED75 /* UILoadControl_UIScrollView.swift in Sources */,
				41AC371C1C53E958005DD839 /* IQKeyboardReturnKeyHandler.swift in Sources */,
				41B581F81C4E425400BF6F5E /* AgentRegistrationViewC.swift in Sources */,
				41AC371A1C53E958005DD839 /* IQKeyboardManagerConstantsInternal.swift in Sources */,
				41AC37181C53E958005DD839 /* IQUIWindow+Hierarchy.swift in Sources */,
				414647C11C883FB6000E6DD6 /* SimasPayPlistUtility.m in Sources */,
				417E812C1C6B40E800869BEB /* CashinViewController.swift in Sources */,
				41FA8DEC1C70DA0400307065 /* SimasPayDottedLine.swift in Sources */,
				4146478F1C880FAE000E6DD6 /* Reachability.m in Sources */,
				417E81301C6B515300869BEB /* ReferralViewController.swift in Sources */,
				412621B01CC91A0100975C48 /* CZPickerView.m in Sources */,
				414647BC1C881D88000E6DD6 /* BasicEncodingRules.m in Sources */,
				41C9AC121C22BC2A00B36678 /* SimaspayUnderLineButton.swift in Sources */,
				4146FF021C88AE2D0084A25F /* EZLoadingActivity.swift in Sources */,
				411446AC1C33BE6E00E75C2D /* ContactusCustomCell.swift in Sources */,
				414647A21C880FDE000E6DD6 /* SBJsonParser.m in Sources */,
				41AC371F1C53E958005DD839 /* IQTitleBarButtonItem.swift in Sources */,
				411446A71C3299ED00E75C2D /* RegistrationStep1.swift in Sources */,
				41AC37141C53E958005DD839 /* IQUIScrollView+Additions.swift in Sources */,
				414647841C880EE0000E6DD6 /* NetworkWrapper.m in Sources */,
				414B2B901CA1C3EE00CEED75 /* ChangePINViewController.swift in Sources */,
				41AC37161C53E958005DD839 /* IQUIView+Hierarchy.swift in Sources */,
				414647B61C881D51000E6DD6 /* NSData+Base64Extention.m in Sources */,
				41D2D85D1C74883200D4B21B /* BankListSearchbar.swift in Sources */,
				41F3FDF41C72230700A5C2C2 /* TransactionHistoryCell.swift in Sources */,
				414647B81C881D51000E6DD6 /* NSURLRequest+SSLValidation.m in Sources */,
				41AC37201C53E958005DD839 /* IQToolbar.swift in Sources */,
				41AC37211C53E958005DD839 /* IQUIView+IQKeyboardToolbar.swift in Sources */,
				4146FF061C8922260084A25F /* SwiftNotice.swift in Sources */,
				41F3FDEE1C72049300A5C2C2 /* TransactionHistoryViewController.swift in Sources */,
				41C0AB081C75F048003DB7CE /* SimaspayDottedBorderButton.swift in Sources */,
				414647B91C881D51000E6DD6 /* XRSA.m in Sources */,
				414647A11C880FDE000E6DD6 /* SBJsonBase.m in Sources */,
				41F3FDF71C723E2700A5C2C2 /* TransferBankSinarmasViewC.swift in Sources */,
				41AC37191C53E958005DD839 /* IQKeyboardManagerConstants.swift in Sources */,
				4146478C1C880F73000E6DD6 /* XMLReader.m in Sources */,
				411446A91C3299ED00E75C2D /* RegistrationStep3.swift in Sources */,
				415E50881C17FC270075AE5C /* AppDelegate.swift in Sources */,
				414647891C880EF0000E6DD6 /* ServiceModel.m in Sources */,
				41D2D8551C73209000D4B21B /* TransferBankListViewC.swift in Sources */,
				414647BE1C881DF4000E6DD6 /* SimasPayAlert.swift in Sources */,
				4146FF081C8923BF0084A25F /* ViewControllerUtils.swift in Sources */,
				416F018F1C98FD0900571517 /* CheckBalanceViewController.swift in Sources */,
				411446A61C3299ED00E75C2D /* LoginViewController.swift in Sources */,
				414B2B931CA2D55800CEED75 /* ConfirmChangePINViewController.swift in Sources */,
				41D2D85B1C74365C00D4B21B /* PaymentDetailsViewController.swift in Sources */,
				41D2D8571C74114000D4B21B /* Constants.swift in Sources */,
				411446B01C33F87D00E75C2D /* MainMenuViewController.swift in Sources */,
				41AC37131C53E958005DD839 /* IQNSArray+Sort.swift in Sources */,
				41F3FDFE1C72477A00A5C2C2 /* PaymentViewController.swift in Sources */,
				41AC37151C53E958005DD839 /* IQUITextFieldView+Additions.swift in Sources */,
				4146479F1C880FDE000E6DD6 /* NSString+SBJSON.m in Sources */,
				411446A51C3299ED00E75C2D /* ContactusViewController.swift in Sources */,
				417E812E1C6B4FD100869BEB /* CloseAccountViewController.swift in Sources */,
				41AC371D1C53E958005DD839 /* IQTextView.swift in Sources */,
				411446AA1C3299ED00E75C2D /* RegistrationStep4.swift in Sources */,
				41D2D8591C7416A400D4B21B /* CashOutViewController.swift in Sources */,
				414B2B981CA309FF00CEED75 /* UILoadControl.swift in Sources */,
				4146479E1C880FDE000E6DD6 /* NSObject+SBJSON.m in Sources */,
				413BBD6A1CD398690029D9A2 /* ReloginViewController.swift in Sources */,
				41351EEC1D38F28700EAB33C /* FlahsizPINView.m in Sources */,
				41A796A91CD0C8F9000E0005 /* AUISelectiveBordersLayer.m in Sources */,
				417E812A1C6A4B7100869BEB /* StatusViewController.swift in Sources */,
			);
			runOnlyForDeploymentPostprocessing = 0;
		};
/* End PBXSourcesBuildPhase section */

/* Begin PBXVariantGroup section */
		415E508B1C17FC270075AE5C /* Main.storyboard */ = {
			isa = PBXVariantGroup;
			children = (
				415E508C1C17FC270075AE5C /* Base */,
			);
			name = Main.storyboard;
			sourceTree = "<group>";
		};
		415E50901C17FC270075AE5C /* LaunchScreen.storyboard */ = {
			isa = PBXVariantGroup;
			children = (
				415E50911C17FC270075AE5C /* Base */,
			);
			name = LaunchScreen.storyboard;
			sourceTree = "<group>";
		};
/* End PBXVariantGroup section */

/* Begin XCBuildConfiguration section */
		415E50941C17FC270075AE5C /* Debug */ = {
			isa = XCBuildConfiguration;
			buildSettings = {
				ALWAYS_SEARCH_USER_PATHS = NO;
				CLANG_CXX_LANGUAGE_STANDARD = "gnu++0x";
				CLANG_CXX_LIBRARY = "libc++";
				CLANG_ENABLE_MODULES = YES;
				CLANG_ENABLE_OBJC_ARC = YES;
				CLANG_WARN_BOOL_CONVERSION = YES;
				CLANG_WARN_CONSTANT_CONVERSION = YES;
				CLANG_WARN_DIRECT_OBJC_ISA_USAGE = YES_ERROR;
				CLANG_WARN_EMPTY_BODY = YES;
				CLANG_WARN_ENUM_CONVERSION = YES;
				CLANG_WARN_INT_CONVERSION = YES;
				CLANG_WARN_OBJC_ROOT_CLASS = YES_ERROR;
				CLANG_WARN_UNREACHABLE_CODE = YES;
				CLANG_WARN__DUPLICATE_METHOD_MATCH = YES;
				"CODE_SIGN_IDENTITY[sdk=iphoneos*]" = "iPhone Developer";
				COPY_PHASE_STRIP = NO;
				DEBUG_INFORMATION_FORMAT = dwarf;
				ENABLE_BITCODE = NO;
				ENABLE_STRICT_OBJC_MSGSEND = YES;
				ENABLE_TESTABILITY = YES;
				GCC_C_LANGUAGE_STANDARD = gnu99;
				GCC_DYNAMIC_NO_PIC = NO;
				GCC_NO_COMMON_BLOCKS = YES;
				GCC_OPTIMIZATION_LEVEL = 0;
				GCC_PREPROCESSOR_DEFINITIONS = (
					"DEBUG=1",
					"$(inherited)",
				);
				GCC_WARN_64_TO_32_BIT_CONVERSION = YES;
				GCC_WARN_ABOUT_RETURN_TYPE = YES_ERROR;
				GCC_WARN_UNDECLARED_SELECTOR = YES;
				GCC_WARN_UNINITIALIZED_AUTOS = YES_AGGRESSIVE;
				GCC_WARN_UNUSED_FUNCTION = YES;
				GCC_WARN_UNUSED_VARIABLE = YES;
				IPHONEOS_DEPLOYMENT_TARGET = 9.1;
				MTL_ENABLE_DEBUG_INFO = YES;
				ONLY_ACTIVE_ARCH = YES;
				OTHER_CFLAGS = "-fembed-bitcode ";
				SDKROOT = iphoneos;
				SWIFT_OPTIMIZATION_LEVEL = "-Onone";
			};
			name = Debug;
		};
		415E50951C17FC270075AE5C /* Release */ = {
			isa = XCBuildConfiguration;
			buildSettings = {
				ALWAYS_SEARCH_USER_PATHS = NO;
				CLANG_CXX_LANGUAGE_STANDARD = "gnu++0x";
				CLANG_CXX_LIBRARY = "libc++";
				CLANG_ENABLE_MODULES = YES;
				CLANG_ENABLE_OBJC_ARC = YES;
				CLANG_WARN_BOOL_CONVERSION = YES;
				CLANG_WARN_CONSTANT_CONVERSION = YES;
				CLANG_WARN_DIRECT_OBJC_ISA_USAGE = YES_ERROR;
				CLANG_WARN_EMPTY_BODY = YES;
				CLANG_WARN_ENUM_CONVERSION = YES;
				CLANG_WARN_INT_CONVERSION = YES;
				CLANG_WARN_OBJC_ROOT_CLASS = YES_ERROR;
				CLANG_WARN_UNREACHABLE_CODE = YES;
				CLANG_WARN__DUPLICATE_METHOD_MATCH = YES;
				"CODE_SIGN_IDENTITY[sdk=iphoneos*]" = "iPhone Developer";
				COPY_PHASE_STRIP = NO;
				DEBUG_INFORMATION_FORMAT = "dwarf-with-dsym";
				ENABLE_BITCODE = NO;
				ENABLE_NS_ASSERTIONS = NO;
				ENABLE_STRICT_OBJC_MSGSEND = YES;
				GCC_C_LANGUAGE_STANDARD = gnu99;
				GCC_NO_COMMON_BLOCKS = YES;
				GCC_WARN_64_TO_32_BIT_CONVERSION = YES;
				GCC_WARN_ABOUT_RETURN_TYPE = YES_ERROR;
				GCC_WARN_UNDECLARED_SELECTOR = YES;
				GCC_WARN_UNINITIALIZED_AUTOS = YES_AGGRESSIVE;
				GCC_WARN_UNUSED_FUNCTION = YES;
				GCC_WARN_UNUSED_VARIABLE = YES;
				IPHONEOS_DEPLOYMENT_TARGET = 9.1;
				MTL_ENABLE_DEBUG_INFO = NO;
				OTHER_CFLAGS = "-fembed-bitcode ";
				SDKROOT = iphoneos;
				VALIDATE_PRODUCT = YES;
			};
			name = Release;
		};
		415E50971C17FC270075AE5C /* Debug */ = {
			isa = XCBuildConfiguration;
			buildSettings = {
				ASSETCATALOG_COMPILER_APPICON_NAME = AppIcon;
				CLANG_ENABLE_MODULES = YES;
				CODE_SIGN_IDENTITY = "iPhone Distribution: Bandana Mushunuri (7QG4UF4A45)";
				FRAMEWORK_SEARCH_PATHS = (
					"$(inherited)",
					"$(PROJECT_DIR)/",
					"$(PROJECT_DIR)/Simaspay/PaybyQR",
				);
				INFOPLIST_FILE = Simaspay/Info.plist;
				IPHONEOS_DEPLOYMENT_TARGET = 7.0;
				LD_RUNPATH_SEARCH_PATHS = "$(inherited) @executable_path/Frameworks";
				OTHER_CFLAGS = "-fembed-bitcode ";
				PRODUCT_BUNDLE_IDENTIFIER = com.rand.Simaspay;
				PRODUCT_NAME = "$(TARGET_NAME)";
				PROVISIONING_PROFILE = "c2e060f2-b220-429f-9533-81a90fc59bdc";
				SWIFT_OBJC_BRIDGING_HEADER = "Simaspay/Network/Simaspay-Bridging-Header.h";
				SWIFT_OPTIMIZATION_LEVEL = "-Onone";
			};
			name = Debug;
		};
		415E50981C17FC270075AE5C /* Release */ = {
			isa = XCBuildConfiguration;
			buildSettings = {
				ASSETCATALOG_COMPILER_APPICON_NAME = AppIcon;
				CLANG_ENABLE_MODULES = YES;
				CODE_SIGN_IDENTITY = "iPhone Distribution: Bandana Mushunuri (7QG4UF4A45)";
				FRAMEWORK_SEARCH_PATHS = (
					"$(inherited)",
					"$(PROJECT_DIR)/",
					"$(PROJECT_DIR)/Simaspay/PaybyQR",
				);
				INFOPLIST_FILE = Simaspay/Info.plist;
				IPHONEOS_DEPLOYMENT_TARGET = 7.0;
				LD_RUNPATH_SEARCH_PATHS = "$(inherited) @executable_path/Frameworks";
				OTHER_CFLAGS = "-fembed-bitcode ";
				PRODUCT_BUNDLE_IDENTIFIER = com.rand.Simaspay;
				PRODUCT_NAME = "$(TARGET_NAME)";
				PROVISIONING_PROFILE = "c2e060f2-b220-429f-9533-81a90fc59bdc";
				SWIFT_OBJC_BRIDGING_HEADER = "Simaspay/Network/Simaspay-Bridging-Header.h";
			};
			name = Release;
		};
/* End XCBuildConfiguration section */

/* Begin XCConfigurationList section */
		415E507F1C17FC270075AE5C /* Build configuration list for PBXProject "Simaspay" */ = {
			isa = XCConfigurationList;
			buildConfigurations = (
				415E50941C17FC270075AE5C /* Debug */,
				415E50951C17FC270075AE5C /* Release */,
			);
			defaultConfigurationIsVisible = 0;
			defaultConfigurationName = Release;
		};
		415E50961C17FC270075AE5C /* Build configuration list for PBXNativeTarget "Simaspay" */ = {
			isa = XCConfigurationList;
			buildConfigurations = (
				415E50971C17FC270075AE5C /* Debug */,
				415E50981C17FC270075AE5C /* Release */,
			);
			defaultConfigurationIsVisible = 0;
			defaultConfigurationName = Release;
		};
/* End XCConfigurationList section */
	};
	rootObject = 415E507C1C17FC270075AE5C /* Project object */;
}
