// !$*UTF8*$!
{
	archiveVersion = 1;
	classes = {
	};
	objectVersion = 46;
	objects = {

/* Begin PBXBuildFile section */
		351BC2FD1EB1995B0049849B /* TansferToUangkuController.xib in Resources */ = {isa = PBXBuildFile; fileRef = 351BC2FC1EB1995B0049849B /* TansferToUangkuController.xib */; };
		351BC2FF1EB19FA50049849B /* TansferToUangkuController.swift in Sources */ = {isa = PBXBuildFile; fileRef = 351BC2FE1EB19FA50049849B /* TansferToUangkuController.swift */; };
		352128101F5EEFBB00EBDBBC /* wwwbanksinarmascom.crt in Resources */ = {isa = PBXBuildFile; fileRef = 3521280F1F5EEFBB00EBDBBC /* wwwbanksinarmascom.crt */; };
		352898751EE8FF2D0049DD28 /* DIMOPayiOS.framework in Frameworks */ = {isa = PBXBuildFile; fileRef = 352898731EE8FF2D0049DD28 /* DIMOPayiOS.framework */; };
		352898761EE8FF2D0049DD28 /* DIMOPayiOSResources.bundle in Resources */ = {isa = PBXBuildFile; fileRef = 352898741EE8FF2D0049DD28 /* DIMOPayiOSResources.bundle */; };
		3528988C1EE916F10049DD28 /* EPConstants.swift in Sources */ = {isa = PBXBuildFile; fileRef = 352898861EE916F10049DD28 /* EPConstants.swift */; };
		3528988D1EE916F10049DD28 /* EPContact.swift in Sources */ = {isa = PBXBuildFile; fileRef = 352898871EE916F10049DD28 /* EPContact.swift */; };
		3528988E1EE916F10049DD28 /* EPContactCell.swift in Sources */ = {isa = PBXBuildFile; fileRef = 352898881EE916F10049DD28 /* EPContactCell.swift */; };
		3528988F1EE916F10049DD28 /* EPContactCell.xib in Resources */ = {isa = PBXBuildFile; fileRef = 352898891EE916F10049DD28 /* EPContactCell.xib */; };
		352898901EE916F10049DD28 /* EPContactsPicker.swift in Sources */ = {isa = PBXBuildFile; fileRef = 3528988A1EE916F10049DD28 /* EPContactsPicker.swift */; };
		352898911EE916F10049DD28 /* EPExtensions.swift in Sources */ = {isa = PBXBuildFile; fileRef = 3528988B1EE916F10049DD28 /* EPExtensions.swift */; };
		3535ED961E9DE5BE007D7942 /* TransferToEMoney.swift in Sources */ = {isa = PBXBuildFile; fileRef = 3535ED951E9DE5BE007D7942 /* TransferToEMoney.swift */; };
		3535ED981E9DE616007D7942 /* TransferToEMoney.xib in Resources */ = {isa = PBXBuildFile; fileRef = 3535ED971E9DE616007D7942 /* TransferToEMoney.xib */; };
		353C2BA51E9224030082C250 /* libTestFairy.a in Frameworks */ = {isa = PBXBuildFile; fileRef = 353C2BA21E9224030082C250 /* libTestFairy.a */; };
		353C2BA61E9224030082C250 /* upload-dsym.sh in Resources */ = {isa = PBXBuildFile; fileRef = 353C2BA41E9224030082C250 /* upload-dsym.sh */; };
		353C2BAD1E9226E60082C250 /* AVFoundation.framework in Frameworks */ = {isa = PBXBuildFile; fileRef = 353C2BA81E9226E60082C250 /* AVFoundation.framework */; };
		353C2BAE1E9226E60082C250 /* CoreMedia.framework in Frameworks */ = {isa = PBXBuildFile; fileRef = 353C2BA91E9226E60082C250 /* CoreMedia.framework */; };
		353C2BAF1E9226E60082C250 /* CoreMotion.framework in Frameworks */ = {isa = PBXBuildFile; fileRef = 353C2BAA1E9226E60082C250 /* CoreMotion.framework */; };
		353C2BB01E9226E60082C250 /* OpenGLES.framework in Frameworks */ = {isa = PBXBuildFile; fileRef = 353C2BAB1E9226E60082C250 /* OpenGLES.framework */; };
		353C2BB11E9226E60082C250 /* SystemConfiguration.framework in Frameworks */ = {isa = PBXBuildFile; fileRef = 353C2BAC1E9226E60082C250 /* SystemConfiguration.framework */; };
		354F48A11EA4AAB400263340 /* SuccesConfirmationController.swift in Sources */ = {isa = PBXBuildFile; fileRef = 354F48A01EA4AAB400263340 /* SuccesConfirmationController.swift */; };
		354F48A31EA4AAC000263340 /* SuccesConfirmationController.xib in Resources */ = {isa = PBXBuildFile; fileRef = 354F48A21EA4AAC000263340 /* SuccesConfirmationController.xib */; };
		356CC84A1E288DCE00E25355 /* TransactionPeriodViewController.swift in Sources */ = {isa = PBXBuildFile; fileRef = 356CC8481E288DCE00E25355 /* TransactionPeriodViewController.swift */; };
		356CC84B1E288DCE00E25355 /* TransactionPeriodViewController.xib in Resources */ = {isa = PBXBuildFile; fileRef = 356CC8491E288DCE00E25355 /* TransactionPeriodViewController.xib */; };
		357E1B451ED4252600E4E8CB /* SecurityQuestionResetController.swift in Sources */ = {isa = PBXBuildFile; fileRef = 357E1B441ED4252600E4E8CB /* SecurityQuestionResetController.swift */; };
		357E1B471ED4253600E4E8CB /* SecurityQuestionResetController.xib in Resources */ = {isa = PBXBuildFile; fileRef = 357E1B461ED4253600E4E8CB /* SecurityQuestionResetController.xib */; };
		357E1B4B1ED4976300E4E8CB /* NewPinController.swift in Sources */ = {isa = PBXBuildFile; fileRef = 357E1B4A1ED4976300E4E8CB /* NewPinController.swift */; };
		357E1B4D1ED4977E00E4E8CB /* NewPinController.xib in Resources */ = {isa = PBXBuildFile; fileRef = 357E1B4C1ED4977E00E4E8CB /* NewPinController.xib */; };
		359959ED1E2623D3007EB516 /* Utilities.swift in Sources */ = {isa = PBXBuildFile; fileRef = 359959EC1E2623D3007EB516 /* Utilities.swift */; };
		35995AA21E262B14007EB516 /* ActivationPinViewController.swift in Sources */ = {isa = PBXBuildFile; fileRef = 35995A6D1E262B14007EB516 /* ActivationPinViewController.swift */; };
		35995AA31E262B14007EB516 /* ActivationPinViewController.xib in Resources */ = {isa = PBXBuildFile; fileRef = 35995A6E1E262B14007EB516 /* ActivationPinViewController.xib */; };
		35995AA41E262B14007EB516 /* ActivationSuccessViewController.swift in Sources */ = {isa = PBXBuildFile; fileRef = 35995A6F1E262B14007EB516 /* ActivationSuccessViewController.swift */; };
		35995AA51E262B14007EB516 /* ActivationSuccessViewController.xib in Resources */ = {isa = PBXBuildFile; fileRef = 35995A701E262B14007EB516 /* ActivationSuccessViewController.xib */; };
		35995AA61E262B14007EB516 /* ActivationViewController.swift in Sources */ = {isa = PBXBuildFile; fileRef = 35995A711E262B14007EB516 /* ActivationViewController.swift */; };
		35995AA71E262B14007EB516 /* ActivationViewController.xib in Resources */ = {isa = PBXBuildFile; fileRef = 35995A721E262B14007EB516 /* ActivationViewController.xib */; };
		35995AA81E262B14007EB516 /* ContactUSViewController.swift in Sources */ = {isa = PBXBuildFile; fileRef = 35995A731E262B14007EB516 /* ContactUSViewController.swift */; };
		35995AA91E262B14007EB516 /* ContactUSViewController.xib in Resources */ = {isa = PBXBuildFile; fileRef = 35995A741E262B14007EB516 /* ContactUSViewController.xib */; };
		35995AAA1E262B14007EB516 /* EULAViewController.swift in Sources */ = {isa = PBXBuildFile; fileRef = 35995A751E262B14007EB516 /* EULAViewController.swift */; };
		35995AAB1E262B14007EB516 /* EULAViewController.xib in Resources */ = {isa = PBXBuildFile; fileRef = 35995A761E262B14007EB516 /* EULAViewController.xib */; };
		35995AAC1E262B14007EB516 /* BankEMoneyViewController.swift in Sources */ = {isa = PBXBuildFile; fileRef = 35995A781E262B14007EB516 /* BankEMoneyViewController.swift */; };
		35995AAD1E262B14007EB516 /* BankEMoneyViewController.xib in Resources */ = {isa = PBXBuildFile; fileRef = 35995A791E262B14007EB516 /* BankEMoneyViewController.xib */; };
		35995AAE1E262B14007EB516 /* LoginPinViewController.swift in Sources */ = {isa = PBXBuildFile; fileRef = 35995A7A1E262B14007EB516 /* LoginPinViewController.swift */; };
		35995AAF1E262B14007EB516 /* LoginPinViewController.xib in Resources */ = {isa = PBXBuildFile; fileRef = 35995A7B1E262B14007EB516 /* LoginPinViewController.xib */; };
		35995AB01E262B14007EB516 /* LoginRegisterViewController.swift in Sources */ = {isa = PBXBuildFile; fileRef = 35995A7C1E262B14007EB516 /* LoginRegisterViewController.swift */; };
		35995AB11E262B14007EB516 /* LoginRegisterViewController.xib in Resources */ = {isa = PBXBuildFile; fileRef = 35995A7D1E262B14007EB516 /* LoginRegisterViewController.xib */; };
		35995AB41E262B14007EB516 /* RegisterEMoneyViewController.swift in Sources */ = {isa = PBXBuildFile; fileRef = 35995A801E262B14007EB516 /* RegisterEMoneyViewController.swift */; };
		35995AB51E262B14007EB516 /* RegisterEMoneyViewController.xib in Resources */ = {isa = PBXBuildFile; fileRef = 35995A811E262B14007EB516 /* RegisterEMoneyViewController.xib */; };
		35995AB61E262B14007EB516 /* SecurityQuestionViewController.swift in Sources */ = {isa = PBXBuildFile; fileRef = 35995A821E262B14007EB516 /* SecurityQuestionViewController.swift */; };
		35995AB71E262B14007EB516 /* SecurityQuestionViewController.xib in Resources */ = {isa = PBXBuildFile; fileRef = 35995A831E262B14007EB516 /* SecurityQuestionViewController.xib */; };
		35995AB81E262B14007EB516 /* ConfirmationViewController.swift in Sources */ = {isa = PBXBuildFile; fileRef = 35995A851E262B14007EB516 /* ConfirmationViewController.swift */; };
		35995AB91E262B14007EB516 /* ConfirmationViewController.xib in Resources */ = {isa = PBXBuildFile; fileRef = 35995A861E262B14007EB516 /* ConfirmationViewController.xib */; };
		35995ABA1E262B14007EB516 /* HomeViewController.swift in Sources */ = {isa = PBXBuildFile; fileRef = 35995A871E262B14007EB516 /* HomeViewController.swift */; };
		35995ABB1E262B14007EB516 /* HomeViewController.xib in Resources */ = {isa = PBXBuildFile; fileRef = 35995A881E262B14007EB516 /* HomeViewController.xib */; };
		35995ABC1E262B14007EB516 /* DetailPaymentPurchaseViewController.swift in Sources */ = {isa = PBXBuildFile; fileRef = 35995A8A1E262B14007EB516 /* DetailPaymentPurchaseViewController.swift */; };
		35995ABD1E262B14007EB516 /* DetailPaymentPurchaseViewController.xib in Resources */ = {isa = PBXBuildFile; fileRef = 35995A8B1E262B14007EB516 /* DetailPaymentPurchaseViewController.xib */; };
		35995ABE1E262B14007EB516 /* PaymentPurchaseViewController.swift in Sources */ = {isa = PBXBuildFile; fileRef = 35995A8C1E262B14007EB516 /* PaymentPurchaseViewController.swift */; };
		35995ABF1E262B14007EB516 /* PaymentPurchaseViewController.xib in Resources */ = {isa = PBXBuildFile; fileRef = 35995A8D1E262B14007EB516 /* PaymentPurchaseViewController.xib */; };
		35995AC01E262B14007EB516 /* BalanceInfoViewController.swift in Sources */ = {isa = PBXBuildFile; fileRef = 35995A8F1E262B14007EB516 /* BalanceInfoViewController.swift */; };
		35995AC11E262B14007EB516 /* BalanceInfoViewController.xib in Resources */ = {isa = PBXBuildFile; fileRef = 35995A901E262B14007EB516 /* BalanceInfoViewController.xib */; };
		35995AC21E262B14007EB516 /* ChangeMpinViewController.swift in Sources */ = {isa = PBXBuildFile; fileRef = 35995A911E262B14007EB516 /* ChangeMpinViewController.swift */; };
		35995AC31E262B14007EB516 /* ChangeMpinViewController.xib in Resources */ = {isa = PBXBuildFile; fileRef = 35995A921E262B14007EB516 /* ChangeMpinViewController.xib */; };
		35995AC41E262B14007EB516 /* TransactionHistoryViewController.swift in Sources */ = {isa = PBXBuildFile; fileRef = 35995A931E262B14007EB516 /* TransactionHistoryViewController.swift */; };
		35995AC51E262B14007EB516 /* TransactionHistoryViewController.xib in Resources */ = {isa = PBXBuildFile; fileRef = 35995A941E262B14007EB516 /* TransactionHistoryViewController.xib */; };
		35995AC61E262B14007EB516 /* SuccesChangemPinController.swift in Sources */ = {isa = PBXBuildFile; fileRef = 35995A951E262B14007EB516 /* SuccesChangemPinController.swift */; };
		35995AC71E262B14007EB516 /* SuccesChangemPinController.xib in Resources */ = {isa = PBXBuildFile; fileRef = 35995A961E262B14007EB516 /* SuccesChangemPinController.xib */; };
		35995AC81E262B14007EB516 /* ListTransferViewController.swift in Sources */ = {isa = PBXBuildFile; fileRef = 35995A981E262B14007EB516 /* ListTransferViewController.swift */; };
		35995AC91E262B14007EB516 /* ListTransferViewController.xib in Resources */ = {isa = PBXBuildFile; fileRef = 35995A991E262B14007EB516 /* ListTransferViewController.xib */; };
		35995ACA1E262B14007EB516 /* TransferBankViewController.swift in Sources */ = {isa = PBXBuildFile; fileRef = 35995A9A1E262B14007EB516 /* TransferBankViewController.swift */; };
		35995ACB1E262B14007EB516 /* TransferBankViewController.xib in Resources */ = {isa = PBXBuildFile; fileRef = 35995A9B1E262B14007EB516 /* TransferBankViewController.xib */; };
		35995ACC1E262B14007EB516 /* TransferOtherBankListViewController.swift in Sources */ = {isa = PBXBuildFile; fileRef = 35995A9C1E262B14007EB516 /* TransferOtherBankListViewController.swift */; };
		35995ACD1E262B14007EB516 /* TransferOtherBankListViewController.xib in Resources */ = {isa = PBXBuildFile; fileRef = 35995A9D1E262B14007EB516 /* TransferOtherBankListViewController.xib */; };
		35995ACE1E262B14007EB516 /* LandingScreenViewController.swift in Sources */ = {isa = PBXBuildFile; fileRef = 35995A9E1E262B14007EB516 /* LandingScreenViewController.swift */; };
		35995ACF1E262B14007EB516 /* LandingScreenViewController.xib in Resources */ = {isa = PBXBuildFile; fileRef = 35995A9F1E262B14007EB516 /* LandingScreenViewController.xib */; };
		35995AD01E262B14007EB516 /* SplashScreenViewController.swift in Sources */ = {isa = PBXBuildFile; fileRef = 35995AA01E262B14007EB516 /* SplashScreenViewController.swift */; };
		35995AD11E262B14007EB516 /* SplashScreenViewController.xib in Resources */ = {isa = PBXBuildFile; fileRef = 35995AA11E262B14007EB516 /* SplashScreenViewController.xib */; };
		35BFA0611ECC404800146FFF /* MobileCoreServices.framework in Frameworks */ = {isa = PBXBuildFile; fileRef = 35AF51E81ECC3F0E009F5F4F /* MobileCoreServices.framework */; };
		35BFA0631ECD4E7D00146FFF /* SuccesRegisterController.swift in Sources */ = {isa = PBXBuildFile; fileRef = 35BFA0621ECD4E7D00146FFF /* SuccesRegisterController.swift */; };
		35BFA0651ECD4E8900146FFF /* SuccesRegisterController.xib in Resources */ = {isa = PBXBuildFile; fileRef = 35BFA0641ECD4E8900146FFF /* SuccesRegisterController.xib */; };
		35CDC6251EB7817800E5296A /* ListCashWithDrawalController.swift in Sources */ = {isa = PBXBuildFile; fileRef = 35CDC6241EB7817800E5296A /* ListCashWithDrawalController.swift */; };
		35CDC6271EB7818A00E5296A /* ListCashWithDrawalController.xib in Resources */ = {isa = PBXBuildFile; fileRef = 35CDC6261EB7818A00E5296A /* ListCashWithDrawalController.xib */; };
		35CDC6291EB78D5D00E5296A /* CashWithDrawalController.swift in Sources */ = {isa = PBXBuildFile; fileRef = 35CDC6281EB78D5D00E5296A /* CashWithDrawalController.swift */; };
		35CDC62B1EB78D6E00E5296A /* CashWithDrawalController.xib in Resources */ = {isa = PBXBuildFile; fileRef = 35CDC62A1EB78D6E00E5296A /* CashWithDrawalController.xib */; };
		35D806BE1EEA56910037BA16 /* AddFavoritListController.swift in Sources */ = {isa = PBXBuildFile; fileRef = 35D806BD1EEA56910037BA16 /* AddFavoritListController.swift */; };
		35D806C01EEA569D0037BA16 /* AddFavoritListController.xib in Resources */ = {isa = PBXBuildFile; fileRef = 35D806BF1EEA569D0037BA16 /* AddFavoritListController.xib */; };
		BE1772881D92859B00A27E06 /* AppDelegate.swift in Sources */ = {isa = PBXBuildFile; fileRef = BE1772871D92859B00A27E06 /* AppDelegate.swift */; };
		BE17728F1D92859B00A27E06 /* Assets.xcassets in Resources */ = {isa = PBXBuildFile; fileRef = BE17728E1D92859B00A27E06 /* Assets.xcassets */; };
		BE1772921D92859B00A27E06 /* LaunchScreen.storyboard in Resources */ = {isa = PBXBuildFile; fileRef = BE1772901D92859B00A27E06 /* LaunchScreen.storyboard */; };
		BE1773001D9285DE00A27E06 /* DAFHTTPRequestOperation.m in Sources */ = {isa = PBXBuildFile; fileRef = BE1772C21D9285DE00A27E06 /* DAFHTTPRequestOperation.m */; };
		BE1773011D9285DE00A27E06 /* DAFHTTPRequestOperationManager.m in Sources */ = {isa = PBXBuildFile; fileRef = BE1772C41D9285DE00A27E06 /* DAFHTTPRequestOperationManager.m */; };
		BE1773021D9285DE00A27E06 /* DAFHTTPSessionManager.m in Sources */ = {isa = PBXBuildFile; fileRef = BE1772C61D9285DE00A27E06 /* DAFHTTPSessionManager.m */; };
		BE1773031D9285DE00A27E06 /* DAFNetworkReachabilityManager.m in Sources */ = {isa = PBXBuildFile; fileRef = BE1772C91D9285DE00A27E06 /* DAFNetworkReachabilityManager.m */; };
		BE1773041D9285DE00A27E06 /* DAFSecurityPolicy.m in Sources */ = {isa = PBXBuildFile; fileRef = BE1772CB1D9285DE00A27E06 /* DAFSecurityPolicy.m */; };
		BE1773051D9285DE00A27E06 /* DAFURLConnectionOperation.m in Sources */ = {isa = PBXBuildFile; fileRef = BE1772CD1D9285DE00A27E06 /* DAFURLConnectionOperation.m */; };
		BE1773061D9285DE00A27E06 /* DAFURLRequestSerialization.m in Sources */ = {isa = PBXBuildFile; fileRef = BE1772CF1D9285DE00A27E06 /* DAFURLRequestSerialization.m */; };
		BE1773071D9285DE00A27E06 /* DAFURLResponseSerialization.m in Sources */ = {isa = PBXBuildFile; fileRef = BE1772D11D9285DE00A27E06 /* DAFURLResponseSerialization.m */; };
		BE1773081D9285DE00A27E06 /* DAFURLSessionManager.m in Sources */ = {isa = PBXBuildFile; fileRef = BE1772D31D9285DE00A27E06 /* DAFURLSessionManager.m */; };
		BE1773091D9285DE00A27E06 /* DReachability.m in Sources */ = {isa = PBXBuildFile; fileRef = BE1772D51D9285DE00A27E06 /* DReachability.m */; };
		BE17730A1D9285DE00A27E06 /* DMBProgressHUD.m in Sources */ = {isa = PBXBuildFile; fileRef = BE1772D81D9285DE00A27E06 /* DMBProgressHUD.m */; };
		BE204A781D93CBFB0013A483 /* BaseTextField.swift in Sources */ = {isa = PBXBuildFile; fileRef = BE204A771D93CBFB0013A483 /* BaseTextField.swift */; };
		BE204A861D93D5A00013A483 /* Constants.swift in Sources */ = {isa = PBXBuildFile; fileRef = BE204A851D93D5A00013A483 /* Constants.swift */; };
		BE204A891D94C9CD0013A483 /* XMLReader.m in Sources */ = {isa = PBXBuildFile; fileRef = BE204A881D94C9CD0013A483 /* XMLReader.m */; };
		BE204A8C1D94CEEC0013A483 /* XRSA.m in Sources */ = {isa = PBXBuildFile; fileRef = BE204A8B1D94CEEC0013A483 /* XRSA.m */; };
		BE9D03021D94DA7F0070894E /* BasicEncodingRules.m in Sources */ = {isa = PBXBuildFile; fileRef = BE9D02FF1D94DA7F0070894E /* BasicEncodingRules.m */; };
		BE9D03031D94DA7F0070894E /* NSData+Base64Extention.m in Sources */ = {isa = PBXBuildFile; fileRef = BE9D03001D94DA7F0070894E /* NSData+Base64Extention.m */; };
		BEC415E11D928E84000C3CF4 /* BaseLabel.swift in Sources */ = {isa = PBXBuildFile; fileRef = BEC415E01D928E84000C3CF4 /* BaseLabel.swift */; };
		BEC415E41D928E92000C3CF4 /* BaseViewController.swift in Sources */ = {isa = PBXBuildFile; fileRef = BEC415E21D928E92000C3CF4 /* BaseViewController.swift */; };
		BEC415E71D929544000C3CF4 /* BaseButton.swift in Sources */ = {isa = PBXBuildFile; fileRef = BEC415E61D929544000C3CF4 /* BaseButton.swift */; };
		BEC415EB1D938201000C3CF4 /* ColorManager.swift in Sources */ = {isa = PBXBuildFile; fileRef = BEC415EA1D938201000C3CF4 /* ColorManager.swift */; };
		BEC416011D9385B9000C3CF4 /* DIMOAlertView.m in Sources */ = {isa = PBXBuildFile; fileRef = BEC415F11D9385B9000C3CF4 /* DIMOAlertView.m */; };
		BEC416021D9385B9000C3CF4 /* DIMOAPIManager.m in Sources */ = {isa = PBXBuildFile; fileRef = BEC415F31D9385B9000C3CF4 /* DIMOAPIManager.m */; };
		BEC416051D9385B9000C3CF4 /* DIMOUtility.m in Sources */ = {isa = PBXBuildFile; fileRef = BEC415F91D9385B9000C3CF4 /* DIMOUtility.m */; };
		BEC416061D9385B9000C3CF4 /* ENGLISH.strings in Resources */ = {isa = PBXBuildFile; fileRef = BEC415FB1D9385B9000C3CF4 /* ENGLISH.strings */; };
		BEC416071D9385B9000C3CF4 /* INDONESIAN.strings in Resources */ = {isa = PBXBuildFile; fileRef = BEC415FD1D9385B9000C3CF4 /* INDONESIAN.strings */; };
		BEC416081D9385B9000C3CF4 /* UserDefault.m in Sources */ = {isa = PBXBuildFile; fileRef = BEC416001D9385B9000C3CF4 /* UserDefault.m */; };
		BEC4160A1D9385D2000C3CF4 /* CategoriesManager.swift in Sources */ = {isa = PBXBuildFile; fileRef = BEC416091D9385D2000C3CF4 /* CategoriesManager.swift */; };
/* End PBXBuildFile section */

/* Begin PBXFileReference section */
		351BC2FC1EB1995B0049849B /* TansferToUangkuController.xib */ = {isa = PBXFileReference; fileEncoding = 4; lastKnownFileType = file.xib; path = TansferToUangkuController.xib; sourceTree = "<group>"; };
		351BC2FE1EB19FA50049849B /* TansferToUangkuController.swift */ = {isa = PBXFileReference; fileEncoding = 4; lastKnownFileType = sourcecode.swift; lineEnding = 0; path = TansferToUangkuController.swift; sourceTree = "<group>"; xcLanguageSpecificationIdentifier = xcode.lang.swift; };
		3521280F1F5EEFBB00EBDBBC /* wwwbanksinarmascom.crt */ = {isa = PBXFileReference; fileEncoding = 4; lastKnownFileType = text; path = wwwbanksinarmascom.crt; sourceTree = "<group>"; };
		352128111F5F029300EBDBBC /* wwwbanksinarmascom.cer */ = {isa = PBXFileReference; lastKnownFileType = file; path = wwwbanksinarmascom.cer; sourceTree = "<group>"; };
		352898731EE8FF2D0049DD28 /* DIMOPayiOS.framework */ = {isa = PBXFileReference; lastKnownFileType = wrapper.framework; path = DIMOPayiOS.framework; sourceTree = "<group>"; };
		352898741EE8FF2D0049DD28 /* DIMOPayiOSResources.bundle */ = {isa = PBXFileReference; lastKnownFileType = "wrapper.plug-in"; path = DIMOPayiOSResources.bundle; sourceTree = "<group>"; };
		352898861EE916F10049DD28 /* EPConstants.swift */ = {isa = PBXFileReference; fileEncoding = 4; lastKnownFileType = sourcecode.swift; path = EPConstants.swift; sourceTree = "<group>"; };
		352898871EE916F10049DD28 /* EPContact.swift */ = {isa = PBXFileReference; fileEncoding = 4; lastKnownFileType = sourcecode.swift; path = EPContact.swift; sourceTree = "<group>"; };
		352898881EE916F10049DD28 /* EPContactCell.swift */ = {isa = PBXFileReference; fileEncoding = 4; lastKnownFileType = sourcecode.swift; path = EPContactCell.swift; sourceTree = "<group>"; };
		352898891EE916F10049DD28 /* EPContactCell.xib */ = {isa = PBXFileReference; fileEncoding = 4; lastKnownFileType = file.xib; path = EPContactCell.xib; sourceTree = "<group>"; };
		3528988A1EE916F10049DD28 /* EPContactsPicker.swift */ = {isa = PBXFileReference; fileEncoding = 4; lastKnownFileType = sourcecode.swift; path = EPContactsPicker.swift; sourceTree = "<group>"; };
		3528988B1EE916F10049DD28 /* EPExtensions.swift */ = {isa = PBXFileReference; fileEncoding = 4; lastKnownFileType = sourcecode.swift; path = EPExtensions.swift; sourceTree = "<group>"; };
		3535ED951E9DE5BE007D7942 /* TransferToEMoney.swift */ = {isa = PBXFileReference; fileEncoding = 4; lastKnownFileType = sourcecode.swift; lineEnding = 0; path = TransferToEMoney.swift; sourceTree = "<group>"; xcLanguageSpecificationIdentifier = xcode.lang.swift; };
		3535ED971E9DE616007D7942 /* TransferToEMoney.xib */ = {isa = PBXFileReference; fileEncoding = 4; lastKnownFileType = file.xib; path = TransferToEMoney.xib; sourceTree = "<group>"; };
		353C2BA21E9224030082C250 /* libTestFairy.a */ = {isa = PBXFileReference; lastKnownFileType = archive.ar; path = libTestFairy.a; sourceTree = "<group>"; };
		353C2BA31E9224030082C250 /* TestFairy.h */ = {isa = PBXFileReference; fileEncoding = 4; lastKnownFileType = sourcecode.c.h; path = TestFairy.h; sourceTree = "<group>"; };
		353C2BA41E9224030082C250 /* upload-dsym.sh */ = {isa = PBXFileReference; fileEncoding = 4; lastKnownFileType = text.script.sh; path = "upload-dsym.sh"; sourceTree = "<group>"; };
		353C2BA81E9226E60082C250 /* AVFoundation.framework */ = {isa = PBXFileReference; lastKnownFileType = wrapper.framework; name = AVFoundation.framework; path = System/Library/Frameworks/AVFoundation.framework; sourceTree = SDKROOT; };
		353C2BA91E9226E60082C250 /* CoreMedia.framework */ = {isa = PBXFileReference; lastKnownFileType = wrapper.framework; name = CoreMedia.framework; path = System/Library/Frameworks/CoreMedia.framework; sourceTree = SDKROOT; };
		353C2BAA1E9226E60082C250 /* CoreMotion.framework */ = {isa = PBXFileReference; lastKnownFileType = wrapper.framework; name = CoreMotion.framework; path = System/Library/Frameworks/CoreMotion.framework; sourceTree = SDKROOT; };
		353C2BAB1E9226E60082C250 /* OpenGLES.framework */ = {isa = PBXFileReference; lastKnownFileType = wrapper.framework; name = OpenGLES.framework; path = System/Library/Frameworks/OpenGLES.framework; sourceTree = SDKROOT; };
		353C2BAC1E9226E60082C250 /* SystemConfiguration.framework */ = {isa = PBXFileReference; lastKnownFileType = wrapper.framework; name = SystemConfiguration.framework; path = System/Library/Frameworks/SystemConfiguration.framework; sourceTree = SDKROOT; };
		354F48A01EA4AAB400263340 /* SuccesConfirmationController.swift */ = {isa = PBXFileReference; fileEncoding = 4; lastKnownFileType = sourcecode.swift; path = SuccesConfirmationController.swift; sourceTree = "<group>"; };
		354F48A21EA4AAC000263340 /* SuccesConfirmationController.xib */ = {isa = PBXFileReference; fileEncoding = 4; lastKnownFileType = file.xib; path = SuccesConfirmationController.xib; sourceTree = "<group>"; };
		356CC8481E288DCE00E25355 /* TransactionPeriodViewController.swift */ = {isa = PBXFileReference; fileEncoding = 4; lastKnownFileType = sourcecode.swift; path = TransactionPeriodViewController.swift; sourceTree = "<group>"; };
		356CC8491E288DCE00E25355 /* TransactionPeriodViewController.xib */ = {isa = PBXFileReference; fileEncoding = 4; lastKnownFileType = file.xib; path = TransactionPeriodViewController.xib; sourceTree = "<group>"; };
		357E1B441ED4252600E4E8CB /* SecurityQuestionResetController.swift */ = {isa = PBXFileReference; fileEncoding = 4; lastKnownFileType = sourcecode.swift; name = SecurityQuestionResetController.swift; path = "Reset mPin/SecurityQuestionResetController.swift"; sourceTree = "<group>"; };
		357E1B461ED4253600E4E8CB /* SecurityQuestionResetController.xib */ = {isa = PBXFileReference; fileEncoding = 4; lastKnownFileType = file.xib; name = SecurityQuestionResetController.xib; path = "Reset mPin/SecurityQuestionResetController.xib"; sourceTree = "<group>"; };
		357E1B4A1ED4976300E4E8CB /* NewPinController.swift */ = {isa = PBXFileReference; fileEncoding = 4; lastKnownFileType = sourcecode.swift; name = NewPinController.swift; path = "Reset mPin/NewPinController.swift"; sourceTree = "<group>"; };
		357E1B4C1ED4977E00E4E8CB /* NewPinController.xib */ = {isa = PBXFileReference; fileEncoding = 4; lastKnownFileType = file.xib; name = NewPinController.xib; path = "Reset mPin/NewPinController.xib"; sourceTree = "<group>"; };
		359959EC1E2623D3007EB516 /* Utilities.swift */ = {isa = PBXFileReference; fileEncoding = 4; lastKnownFileType = sourcecode.swift; name = Utilities.swift; path = Manager/Utilities.swift; sourceTree = "<group>"; };
		35995A6D1E262B14007EB516 /* ActivationPinViewController.swift */ = {isa = PBXFileReference; fileEncoding = 4; lastKnownFileType = sourcecode.swift; lineEnding = 0; path = ActivationPinViewController.swift; sourceTree = "<group>"; xcLanguageSpecificationIdentifier = xcode.lang.swift; };
		35995A6E1E262B14007EB516 /* ActivationPinViewController.xib */ = {isa = PBXFileReference; fileEncoding = 4; lastKnownFileType = file.xib; path = ActivationPinViewController.xib; sourceTree = "<group>"; };
		35995A6F1E262B14007EB516 /* ActivationSuccessViewController.swift */ = {isa = PBXFileReference; fileEncoding = 4; lastKnownFileType = sourcecode.swift; path = ActivationSuccessViewController.swift; sourceTree = "<group>"; };
		35995A701E262B14007EB516 /* ActivationSuccessViewController.xib */ = {isa = PBXFileReference; fileEncoding = 4; lastKnownFileType = file.xib; path = ActivationSuccessViewController.xib; sourceTree = "<group>"; };
		35995A711E262B14007EB516 /* ActivationViewController.swift */ = {isa = PBXFileReference; fileEncoding = 4; lastKnownFileType = sourcecode.swift; lineEnding = 0; path = ActivationViewController.swift; sourceTree = "<group>"; xcLanguageSpecificationIdentifier = xcode.lang.swift; };
		35995A721E262B14007EB516 /* ActivationViewController.xib */ = {isa = PBXFileReference; fileEncoding = 4; lastKnownFileType = file.xib; path = ActivationViewController.xib; sourceTree = "<group>"; };
		35995A731E262B14007EB516 /* ContactUSViewController.swift */ = {isa = PBXFileReference; fileEncoding = 4; lastKnownFileType = sourcecode.swift; lineEnding = 0; path = ContactUSViewController.swift; sourceTree = "<group>"; xcLanguageSpecificationIdentifier = xcode.lang.swift; };
		35995A741E262B14007EB516 /* ContactUSViewController.xib */ = {isa = PBXFileReference; fileEncoding = 4; lastKnownFileType = file.xib; path = ContactUSViewController.xib; sourceTree = "<group>"; };
		35995A751E262B14007EB516 /* EULAViewController.swift */ = {isa = PBXFileReference; fileEncoding = 4; lastKnownFileType = sourcecode.swift; path = EULAViewController.swift; sourceTree = "<group>"; };
		35995A761E262B14007EB516 /* EULAViewController.xib */ = {isa = PBXFileReference; fileEncoding = 4; lastKnownFileType = file.xib; path = EULAViewController.xib; sourceTree = "<group>"; };
		35995A781E262B14007EB516 /* BankEMoneyViewController.swift */ = {isa = PBXFileReference; fileEncoding = 4; lastKnownFileType = sourcecode.swift; path = BankEMoneyViewController.swift; sourceTree = "<group>"; };
		35995A791E262B14007EB516 /* BankEMoneyViewController.xib */ = {isa = PBXFileReference; fileEncoding = 4; lastKnownFileType = file.xib; path = BankEMoneyViewController.xib; sourceTree = "<group>"; };
		35995A7A1E262B14007EB516 /* LoginPinViewController.swift */ = {isa = PBXFileReference; fileEncoding = 4; lastKnownFileType = sourcecode.swift; lineEnding = 0; path = LoginPinViewController.swift; sourceTree = "<group>"; xcLanguageSpecificationIdentifier = xcode.lang.swift; };
		35995A7B1E262B14007EB516 /* LoginPinViewController.xib */ = {isa = PBXFileReference; fileEncoding = 4; lastKnownFileType = file.xib; path = LoginPinViewController.xib; sourceTree = "<group>"; };
		35995A7C1E262B14007EB516 /* LoginRegisterViewController.swift */ = {isa = PBXFileReference; fileEncoding = 4; lastKnownFileType = sourcecode.swift; lineEnding = 0; path = LoginRegisterViewController.swift; sourceTree = "<group>"; xcLanguageSpecificationIdentifier = xcode.lang.swift; };
		35995A7D1E262B14007EB516 /* LoginRegisterViewController.xib */ = {isa = PBXFileReference; fileEncoding = 4; lastKnownFileType = file.xib; path = LoginRegisterViewController.xib; sourceTree = "<group>"; };
		35995A801E262B14007EB516 /* RegisterEMoneyViewController.swift */ = {isa = PBXFileReference; fileEncoding = 4; lastKnownFileType = sourcecode.swift; lineEnding = 0; path = RegisterEMoneyViewController.swift; sourceTree = "<group>"; xcLanguageSpecificationIdentifier = xcode.lang.swift; };
		35995A811E262B14007EB516 /* RegisterEMoneyViewController.xib */ = {isa = PBXFileReference; fileEncoding = 4; lastKnownFileType = file.xib; path = RegisterEMoneyViewController.xib; sourceTree = "<group>"; };
		35995A821E262B14007EB516 /* SecurityQuestionViewController.swift */ = {isa = PBXFileReference; fileEncoding = 4; lastKnownFileType = sourcecode.swift; lineEnding = 0; path = SecurityQuestionViewController.swift; sourceTree = "<group>"; xcLanguageSpecificationIdentifier = xcode.lang.swift; };
		35995A831E262B14007EB516 /* SecurityQuestionViewController.xib */ = {isa = PBXFileReference; fileEncoding = 4; lastKnownFileType = file.xib; path = SecurityQuestionViewController.xib; sourceTree = "<group>"; };
		35995A851E262B14007EB516 /* ConfirmationViewController.swift */ = {isa = PBXFileReference; fileEncoding = 4; lastKnownFileType = sourcecode.swift; lineEnding = 0; path = ConfirmationViewController.swift; sourceTree = "<group>"; xcLanguageSpecificationIdentifier = xcode.lang.swift; };
		35995A861E262B14007EB516 /* ConfirmationViewController.xib */ = {isa = PBXFileReference; fileEncoding = 4; lastKnownFileType = file.xib; path = ConfirmationViewController.xib; sourceTree = "<group>"; };
		35995A871E262B14007EB516 /* HomeViewController.swift */ = {isa = PBXFileReference; fileEncoding = 4; lastKnownFileType = sourcecode.swift; lineEnding = 0; path = HomeViewController.swift; sourceTree = "<group>"; xcLanguageSpecificationIdentifier = xcode.lang.swift; };
		35995A881E262B14007EB516 /* HomeViewController.xib */ = {isa = PBXFileReference; fileEncoding = 4; lastKnownFileType = file.xib; path = HomeViewController.xib; sourceTree = "<group>"; };
		35995A8A1E262B14007EB516 /* DetailPaymentPurchaseViewController.swift */ = {isa = PBXFileReference; fileEncoding = 4; lastKnownFileType = sourcecode.swift; lineEnding = 0; path = DetailPaymentPurchaseViewController.swift; sourceTree = "<group>"; xcLanguageSpecificationIdentifier = xcode.lang.swift; };
		35995A8B1E262B14007EB516 /* DetailPaymentPurchaseViewController.xib */ = {isa = PBXFileReference; fileEncoding = 4; lastKnownFileType = file.xib; path = DetailPaymentPurchaseViewController.xib; sourceTree = "<group>"; };
		35995A8C1E262B14007EB516 /* PaymentPurchaseViewController.swift */ = {isa = PBXFileReference; fileEncoding = 4; lastKnownFileType = sourcecode.swift; lineEnding = 0; path = PaymentPurchaseViewController.swift; sourceTree = "<group>"; xcLanguageSpecificationIdentifier = xcode.lang.swift; };
		35995A8D1E262B14007EB516 /* PaymentPurchaseViewController.xib */ = {isa = PBXFileReference; fileEncoding = 4; lastKnownFileType = file.xib; path = PaymentPurchaseViewController.xib; sourceTree = "<group>"; };
		35995A8F1E262B14007EB516 /* BalanceInfoViewController.swift */ = {isa = PBXFileReference; fileEncoding = 4; lastKnownFileType = sourcecode.swift; path = BalanceInfoViewController.swift; sourceTree = "<group>"; };
		35995A901E262B14007EB516 /* BalanceInfoViewController.xib */ = {isa = PBXFileReference; fileEncoding = 4; lastKnownFileType = file.xib; path = BalanceInfoViewController.xib; sourceTree = "<group>"; };
		35995A911E262B14007EB516 /* ChangeMpinViewController.swift */ = {isa = PBXFileReference; fileEncoding = 4; lastKnownFileType = sourcecode.swift; lineEnding = 0; path = ChangeMpinViewController.swift; sourceTree = "<group>"; xcLanguageSpecificationIdentifier = xcode.lang.swift; };
		35995A921E262B14007EB516 /* ChangeMpinViewController.xib */ = {isa = PBXFileReference; fileEncoding = 4; lastKnownFileType = file.xib; path = ChangeMpinViewController.xib; sourceTree = "<group>"; };
		35995A931E262B14007EB516 /* TransactionHistoryViewController.swift */ = {isa = PBXFileReference; fileEncoding = 4; lastKnownFileType = sourcecode.swift; lineEnding = 0; path = TransactionHistoryViewController.swift; sourceTree = "<group>"; xcLanguageSpecificationIdentifier = xcode.lang.swift; };
		35995A941E262B14007EB516 /* TransactionHistoryViewController.xib */ = {isa = PBXFileReference; fileEncoding = 4; lastKnownFileType = file.xib; path = TransactionHistoryViewController.xib; sourceTree = "<group>"; };
		35995A951E262B14007EB516 /* SuccesChangemPinController.swift */ = {isa = PBXFileReference; fileEncoding = 4; lastKnownFileType = sourcecode.swift; path = SuccesChangemPinController.swift; sourceTree = "<group>"; };
		35995A961E262B14007EB516 /* SuccesChangemPinController.xib */ = {isa = PBXFileReference; fileEncoding = 4; lastKnownFileType = file.xib; path = SuccesChangemPinController.xib; sourceTree = "<group>"; };
		35995A981E262B14007EB516 /* ListTransferViewController.swift */ = {isa = PBXFileReference; fileEncoding = 4; lastKnownFileType = sourcecode.swift; path = ListTransferViewController.swift; sourceTree = "<group>"; };
		35995A991E262B14007EB516 /* ListTransferViewController.xib */ = {isa = PBXFileReference; fileEncoding = 4; lastKnownFileType = file.xib; path = ListTransferViewController.xib; sourceTree = "<group>"; };
		35995A9A1E262B14007EB516 /* TransferBankViewController.swift */ = {isa = PBXFileReference; fileEncoding = 4; lastKnownFileType = sourcecode.swift; lineEnding = 0; path = TransferBankViewController.swift; sourceTree = "<group>"; xcLanguageSpecificationIdentifier = xcode.lang.swift; };
		35995A9B1E262B14007EB516 /* TransferBankViewController.xib */ = {isa = PBXFileReference; fileEncoding = 4; lastKnownFileType = file.xib; path = TransferBankViewController.xib; sourceTree = "<group>"; };
		35995A9C1E262B14007EB516 /* TransferOtherBankListViewController.swift */ = {isa = PBXFileReference; fileEncoding = 4; lastKnownFileType = sourcecode.swift; path = TransferOtherBankListViewController.swift; sourceTree = "<group>"; };
		35995A9D1E262B14007EB516 /* TransferOtherBankListViewController.xib */ = {isa = PBXFileReference; fileEncoding = 4; lastKnownFileType = file.xib; path = TransferOtherBankListViewController.xib; sourceTree = "<group>"; };
		35995A9E1E262B14007EB516 /* LandingScreenViewController.swift */ = {isa = PBXFileReference; fileEncoding = 4; lastKnownFileType = sourcecode.swift; path = LandingScreenViewController.swift; sourceTree = "<group>"; };
		35995A9F1E262B14007EB516 /* LandingScreenViewController.xib */ = {isa = PBXFileReference; fileEncoding = 4; lastKnownFileType = file.xib; path = LandingScreenViewController.xib; sourceTree = "<group>"; };
		35995AA01E262B14007EB516 /* SplashScreenViewController.swift */ = {isa = PBXFileReference; fileEncoding = 4; lastKnownFileType = sourcecode.swift; path = SplashScreenViewController.swift; sourceTree = "<group>"; };
		35995AA11E262B14007EB516 /* SplashScreenViewController.xib */ = {isa = PBXFileReference; fileEncoding = 4; lastKnownFileType = file.xib; path = SplashScreenViewController.xib; sourceTree = "<group>"; };
		35AF51E81ECC3F0E009F5F4F /* MobileCoreServices.framework */ = {isa = PBXFileReference; lastKnownFileType = wrapper.framework; name = MobileCoreServices.framework; path = System/Library/Frameworks/MobileCoreServices.framework; sourceTree = SDKROOT; };
		35BFA0621ECD4E7D00146FFF /* SuccesRegisterController.swift */ = {isa = PBXFileReference; fileEncoding = 4; lastKnownFileType = sourcecode.swift; path = SuccesRegisterController.swift; sourceTree = "<group>"; };
		35BFA0641ECD4E8900146FFF /* SuccesRegisterController.xib */ = {isa = PBXFileReference; fileEncoding = 4; lastKnownFileType = file.xib; path = SuccesRegisterController.xib; sourceTree = "<group>"; };
		35CDC6241EB7817800E5296A /* ListCashWithDrawalController.swift */ = {isa = PBXFileReference; fileEncoding = 4; lastKnownFileType = sourcecode.swift; name = ListCashWithDrawalController.swift; path = "CASH WITHDRAWAL/ListCashWithDrawalController.swift"; sourceTree = "<group>"; };
		35CDC6261EB7818A00E5296A /* ListCashWithDrawalController.xib */ = {isa = PBXFileReference; fileEncoding = 4; lastKnownFileType = file.xib; name = ListCashWithDrawalController.xib; path = "CASH WITHDRAWAL/ListCashWithDrawalController.xib"; sourceTree = "<group>"; };
		35CDC6281EB78D5D00E5296A /* CashWithDrawalController.swift */ = {isa = PBXFileReference; fileEncoding = 4; lastKnownFileType = sourcecode.swift; lineEnding = 0; name = CashWithDrawalController.swift; path = "CASH WITHDRAWAL/CashWithDrawalController.swift"; sourceTree = "<group>"; xcLanguageSpecificationIdentifier = xcode.lang.swift; };
		35CDC62A1EB78D6E00E5296A /* CashWithDrawalController.xib */ = {isa = PBXFileReference; fileEncoding = 4; lastKnownFileType = file.xib; name = CashWithDrawalController.xib; path = "CASH WITHDRAWAL/CashWithDrawalController.xib"; sourceTree = "<group>"; };
		35D806BD1EEA56910037BA16 /* AddFavoritListController.swift */ = {isa = PBXFileReference; fileEncoding = 4; lastKnownFileType = sourcecode.swift; path = AddFavoritListController.swift; sourceTree = "<group>"; };
		35D806BF1EEA569D0037BA16 /* AddFavoritListController.xib */ = {isa = PBXFileReference; fileEncoding = 4; lastKnownFileType = file.xib; path = AddFavoritListController.xib; sourceTree = "<group>"; };
		BE1772841D92859B00A27E06 /* Simaspay.app */ = {isa = PBXFileReference; explicitFileType = wrapper.application; includeInIndex = 0; path = Simaspay.app; sourceTree = BUILT_PRODUCTS_DIR; };
		BE1772871D92859B00A27E06 /* AppDelegate.swift */ = {isa = PBXFileReference; lastKnownFileType = sourcecode.swift; path = AppDelegate.swift; sourceTree = "<group>"; };
		BE17728E1D92859B00A27E06 /* Assets.xcassets */ = {isa = PBXFileReference; lastKnownFileType = folder.assetcatalog; name = Assets.xcassets; path = Simaspay/Assets.xcassets; sourceTree = "<group>"; };
		BE1772911D92859B00A27E06 /* Base */ = {isa = PBXFileReference; lastKnownFileType = file.storyboard; name = Base; path = Base.lproj/LaunchScreen.storyboard; sourceTree = "<group>"; };
		BE1772931D92859B00A27E06 /* Info.plist */ = {isa = PBXFileReference; lastKnownFileType = text.plist.xml; path = Info.plist; sourceTree = "<group>"; };
		BE1772C11D9285DE00A27E06 /* DAFHTTPRequestOperation.h */ = {isa = PBXFileReference; fileEncoding = 4; lastKnownFileType = sourcecode.c.h; path = DAFHTTPRequestOperation.h; sourceTree = "<group>"; };
		BE1772C21D9285DE00A27E06 /* DAFHTTPRequestOperation.m */ = {isa = PBXFileReference; fileEncoding = 4; lastKnownFileType = sourcecode.c.objc; path = DAFHTTPRequestOperation.m; sourceTree = "<group>"; };
		BE1772C31D9285DE00A27E06 /* DAFHTTPRequestOperationManager.h */ = {isa = PBXFileReference; fileEncoding = 4; lastKnownFileType = sourcecode.c.h; path = DAFHTTPRequestOperationManager.h; sourceTree = "<group>"; };
		BE1772C41D9285DE00A27E06 /* DAFHTTPRequestOperationManager.m */ = {isa = PBXFileReference; fileEncoding = 4; lastKnownFileType = sourcecode.c.objc; path = DAFHTTPRequestOperationManager.m; sourceTree = "<group>"; };
		BE1772C51D9285DE00A27E06 /* DAFHTTPSessionManager.h */ = {isa = PBXFileReference; fileEncoding = 4; lastKnownFileType = sourcecode.c.h; path = DAFHTTPSessionManager.h; sourceTree = "<group>"; };
		BE1772C61D9285DE00A27E06 /* DAFHTTPSessionManager.m */ = {isa = PBXFileReference; fileEncoding = 4; lastKnownFileType = sourcecode.c.objc; path = DAFHTTPSessionManager.m; sourceTree = "<group>"; };
		BE1772C71D9285DE00A27E06 /* DAFNetworking.h */ = {isa = PBXFileReference; fileEncoding = 4; lastKnownFileType = sourcecode.c.h; path = DAFNetworking.h; sourceTree = "<group>"; };
		BE1772C81D9285DE00A27E06 /* DAFNetworkReachabilityManager.h */ = {isa = PBXFileReference; fileEncoding = 4; lastKnownFileType = sourcecode.c.h; path = DAFNetworkReachabilityManager.h; sourceTree = "<group>"; };
		BE1772C91D9285DE00A27E06 /* DAFNetworkReachabilityManager.m */ = {isa = PBXFileReference; fileEncoding = 4; lastKnownFileType = sourcecode.c.objc; path = DAFNetworkReachabilityManager.m; sourceTree = "<group>"; };
		BE1772CA1D9285DE00A27E06 /* DAFSecurityPolicy.h */ = {isa = PBXFileReference; fileEncoding = 4; lastKnownFileType = sourcecode.c.h; path = DAFSecurityPolicy.h; sourceTree = "<group>"; };
		BE1772CB1D9285DE00A27E06 /* DAFSecurityPolicy.m */ = {isa = PBXFileReference; fileEncoding = 4; lastKnownFileType = sourcecode.c.objc; path = DAFSecurityPolicy.m; sourceTree = "<group>"; };
		BE1772CC1D9285DE00A27E06 /* DAFURLConnectionOperation.h */ = {isa = PBXFileReference; fileEncoding = 4; lastKnownFileType = sourcecode.c.h; path = DAFURLConnectionOperation.h; sourceTree = "<group>"; };
		BE1772CD1D9285DE00A27E06 /* DAFURLConnectionOperation.m */ = {isa = PBXFileReference; fileEncoding = 4; lastKnownFileType = sourcecode.c.objc; path = DAFURLConnectionOperation.m; sourceTree = "<group>"; };
		BE1772CE1D9285DE00A27E06 /* DAFURLRequestSerialization.h */ = {isa = PBXFileReference; fileEncoding = 4; lastKnownFileType = sourcecode.c.h; path = DAFURLRequestSerialization.h; sourceTree = "<group>"; };
		BE1772CF1D9285DE00A27E06 /* DAFURLRequestSerialization.m */ = {isa = PBXFileReference; fileEncoding = 4; lastKnownFileType = sourcecode.c.objc; path = DAFURLRequestSerialization.m; sourceTree = "<group>"; };
		BE1772D01D9285DE00A27E06 /* DAFURLResponseSerialization.h */ = {isa = PBXFileReference; fileEncoding = 4; lastKnownFileType = sourcecode.c.h; path = DAFURLResponseSerialization.h; sourceTree = "<group>"; };
		BE1772D11D9285DE00A27E06 /* DAFURLResponseSerialization.m */ = {isa = PBXFileReference; fileEncoding = 4; lastKnownFileType = sourcecode.c.objc; path = DAFURLResponseSerialization.m; sourceTree = "<group>"; };
		BE1772D21D9285DE00A27E06 /* DAFURLSessionManager.h */ = {isa = PBXFileReference; fileEncoding = 4; lastKnownFileType = sourcecode.c.h; path = DAFURLSessionManager.h; sourceTree = "<group>"; };
		BE1772D31D9285DE00A27E06 /* DAFURLSessionManager.m */ = {isa = PBXFileReference; fileEncoding = 4; lastKnownFileType = sourcecode.c.objc; path = DAFURLSessionManager.m; sourceTree = "<group>"; };
		BE1772D41D9285DE00A27E06 /* DReachability.h */ = {isa = PBXFileReference; fileEncoding = 4; lastKnownFileType = sourcecode.c.h; path = DReachability.h; sourceTree = "<group>"; };
		BE1772D51D9285DE00A27E06 /* DReachability.m */ = {isa = PBXFileReference; fileEncoding = 4; lastKnownFileType = sourcecode.c.objc; path = DReachability.m; sourceTree = "<group>"; };
		BE1772D71D9285DE00A27E06 /* DMBProgressHUD.h */ = {isa = PBXFileReference; fileEncoding = 4; lastKnownFileType = sourcecode.c.h; path = DMBProgressHUD.h; sourceTree = "<group>"; };
		BE1772D81D9285DE00A27E06 /* DMBProgressHUD.m */ = {isa = PBXFileReference; fileEncoding = 4; lastKnownFileType = sourcecode.c.objc; path = DMBProgressHUD.m; sourceTree = "<group>"; };
		BE1773211D9286EE00A27E06 /* Dimo-Bridging-Header.h */ = {isa = PBXFileReference; lastKnownFileType = sourcecode.c.h; path = "Dimo-Bridging-Header.h"; sourceTree = "<group>"; };
		BE204A771D93CBFB0013A483 /* BaseTextField.swift */ = {isa = PBXFileReference; fileEncoding = 4; lastKnownFileType = sourcecode.swift; name = BaseTextField.swift; path = "Base Objects/BaseTextField.swift"; sourceTree = "<group>"; };
		BE204A851D93D5A00013A483 /* Constants.swift */ = {isa = PBXFileReference; fileEncoding = 4; lastKnownFileType = sourcecode.swift; lineEnding = 0; name = Constants.swift; path = Manager/Constants.swift; sourceTree = "<group>"; xcLanguageSpecificationIdentifier = xcode.lang.swift; };
		BE204A871D94C9CD0013A483 /* XMLReader.h */ = {isa = PBXFileReference; fileEncoding = 4; lastKnownFileType = sourcecode.c.h; path = XMLReader.h; sourceTree = "<group>"; };
		BE204A881D94C9CD0013A483 /* XMLReader.m */ = {isa = PBXFileReference; fileEncoding = 4; lastKnownFileType = sourcecode.c.objc; path = XMLReader.m; sourceTree = "<group>"; };
		BE204A8A1D94CEEC0013A483 /* XRSA.h */ = {isa = PBXFileReference; fileEncoding = 4; lastKnownFileType = sourcecode.c.h; path = XRSA.h; sourceTree = "<group>"; };
		BE204A8B1D94CEEC0013A483 /* XRSA.m */ = {isa = PBXFileReference; fileEncoding = 4; lastKnownFileType = sourcecode.c.objc; path = XRSA.m; sourceTree = "<group>"; };
		BE9D02FE1D94DA7F0070894E /* BasicEncodingRules.h */ = {isa = PBXFileReference; fileEncoding = 4; lastKnownFileType = sourcecode.c.h; path = BasicEncodingRules.h; sourceTree = "<group>"; };
		BE9D02FF1D94DA7F0070894E /* BasicEncodingRules.m */ = {isa = PBXFileReference; fileEncoding = 4; lastKnownFileType = sourcecode.c.objc; path = BasicEncodingRules.m; sourceTree = "<group>"; };
		BE9D03001D94DA7F0070894E /* NSData+Base64Extention.m */ = {isa = PBXFileReference; fileEncoding = 4; lastKnownFileType = sourcecode.c.objc; path = "NSData+Base64Extention.m"; sourceTree = "<group>"; };
		BE9D03011D94DA7F0070894E /* NSData+Base64Extention.h */ = {isa = PBXFileReference; fileEncoding = 4; lastKnownFileType = sourcecode.c.h; path = "NSData+Base64Extention.h"; sourceTree = "<group>"; };
		BEC415E01D928E84000C3CF4 /* BaseLabel.swift */ = {isa = PBXFileReference; fileEncoding = 4; lastKnownFileType = sourcecode.swift; name = BaseLabel.swift; path = "Base Objects/BaseLabel.swift"; sourceTree = "<group>"; };
		BEC415E21D928E92000C3CF4 /* BaseViewController.swift */ = {isa = PBXFileReference; fileEncoding = 4; lastKnownFileType = sourcecode.swift; name = BaseViewController.swift; path = "Base Objects/BaseViewController.swift"; sourceTree = "<group>"; };
		BEC415E61D929544000C3CF4 /* BaseButton.swift */ = {isa = PBXFileReference; fileEncoding = 4; lastKnownFileType = sourcecode.swift; name = BaseButton.swift; path = "Base Objects/BaseButton.swift"; sourceTree = "<group>"; };
		BEC415EA1D938201000C3CF4 /* ColorManager.swift */ = {isa = PBXFileReference; fileEncoding = 4; lastKnownFileType = sourcecode.swift; name = ColorManager.swift; path = Manager/ColorManager.swift; sourceTree = "<group>"; };
		BEC415F01D9385B9000C3CF4 /* DIMOAlertView.h */ = {isa = PBXFileReference; fileEncoding = 4; lastKnownFileType = sourcecode.c.h; lineEnding = 0; name = DIMOAlertView.h; path = "Simaspay/Managers-DIMO/DIMOAlertView.h"; sourceTree = SOURCE_ROOT; xcLanguageSpecificationIdentifier = xcode.lang.objcpp; };
		BEC415F11D9385B9000C3CF4 /* DIMOAlertView.m */ = {isa = PBXFileReference; fileEncoding = 4; lastKnownFileType = sourcecode.c.objc; lineEnding = 0; name = DIMOAlertView.m; path = "Simaspay/Managers-DIMO/DIMOAlertView.m"; sourceTree = SOURCE_ROOT; xcLanguageSpecificationIdentifier = xcode.lang.objc; };
		BEC415F21D9385B9000C3CF4 /* DIMOAPIManager.h */ = {isa = PBXFileReference; fileEncoding = 4; lastKnownFileType = sourcecode.c.h; name = DIMOAPIManager.h; path = "Simaspay/Managers-DIMO/DIMOAPIManager.h"; sourceTree = SOURCE_ROOT; };
		BEC415F31D9385B9000C3CF4 /* DIMOAPIManager.m */ = {isa = PBXFileReference; fileEncoding = 4; lastKnownFileType = sourcecode.c.objc; lineEnding = 0; name = DIMOAPIManager.m; path = "Simaspay/Managers-DIMO/DIMOAPIManager.m"; sourceTree = SOURCE_ROOT; xcLanguageSpecificationIdentifier = xcode.lang.objc; };
		BEC415F81D9385B9000C3CF4 /* DIMOUtility.h */ = {isa = PBXFileReference; fileEncoding = 4; lastKnownFileType = sourcecode.c.h; lineEnding = 0; name = DIMOUtility.h; path = "Simaspay/Managers-DIMO/DIMOUtility.h"; sourceTree = SOURCE_ROOT; xcLanguageSpecificationIdentifier = xcode.lang.objcpp; };
		BEC415F91D9385B9000C3CF4 /* DIMOUtility.m */ = {isa = PBXFileReference; fileEncoding = 4; lastKnownFileType = sourcecode.c.objc; name = DIMOUtility.m; path = "Simaspay/Managers-DIMO/DIMOUtility.m"; sourceTree = SOURCE_ROOT; };
		BEC415FC1D9385B9000C3CF4 /* Base */ = {isa = PBXFileReference; lastKnownFileType = text.plist.strings; name = Base; path = Base.lproj/ENGLISH.strings; sourceTree = "<group>"; };
		BEC415FE1D9385B9000C3CF4 /* Base */ = {isa = PBXFileReference; lastKnownFileType = text.plist.strings; lineEnding = 0; name = Base; path = Base.lproj/INDONESIAN.strings; sourceTree = "<group>"; xcLanguageSpecificationIdentifier = xcode.lang.simpleColoring; };
		BEC415FF1D9385B9000C3CF4 /* UserDefault.h */ = {isa = PBXFileReference; fileEncoding = 4; lastKnownFileType = sourcecode.c.h; name = UserDefault.h; path = "Simaspay/Managers-DIMO/UserDefault.h"; sourceTree = SOURCE_ROOT; };
		BEC416001D9385B9000C3CF4 /* UserDefault.m */ = {isa = PBXFileReference; fileEncoding = 4; lastKnownFileType = sourcecode.c.objc; name = UserDefault.m; path = "Simaspay/Managers-DIMO/UserDefault.m"; sourceTree = SOURCE_ROOT; };
		BEC416091D9385D2000C3CF4 /* CategoriesManager.swift */ = {isa = PBXFileReference; fileEncoding = 4; lastKnownFileType = sourcecode.swift; name = CategoriesManager.swift; path = Manager/CategoriesManager.swift; sourceTree = "<group>"; };
/* End PBXFileReference section */

/* Begin PBXFrameworksBuildPhase section */
		BE1772811D92859B00A27E06 /* Frameworks */ = {
			isa = PBXFrameworksBuildPhase;
			buildActionMask = 2147483647;
			files = (
				35BFA0611ECC404800146FFF /* MobileCoreServices.framework in Frameworks */,
				353C2BAD1E9226E60082C250 /* AVFoundation.framework in Frameworks */,
				353C2BAE1E9226E60082C250 /* CoreMedia.framework in Frameworks */,
				353C2BAF1E9226E60082C250 /* CoreMotion.framework in Frameworks */,
				353C2BB01E9226E60082C250 /* OpenGLES.framework in Frameworks */,
				353C2BB11E9226E60082C250 /* SystemConfiguration.framework in Frameworks */,
				352898751EE8FF2D0049DD28 /* DIMOPayiOS.framework in Frameworks */,
				353C2BA51E9224030082C250 /* libTestFairy.a in Frameworks */,
			);
			runOnlyForDeploymentPostprocessing = 0;
		};
/* End PBXFrameworksBuildPhase section */

/* Begin PBXGroup section */
		352898851EE916F10049DD28 /* ContactPicker */ = {
			isa = PBXGroup;
			children = (
				352898861EE916F10049DD28 /* EPConstants.swift */,
				352898871EE916F10049DD28 /* EPContact.swift */,
				352898881EE916F10049DD28 /* EPContactCell.swift */,
				352898891EE916F10049DD28 /* EPContactCell.xib */,
				3528988A1EE916F10049DD28 /* EPContactsPicker.swift */,
				3528988B1EE916F10049DD28 /* EPExtensions.swift */,
			);
			path = ContactPicker;
			sourceTree = "<group>";
		};
		353C2BA11E9224030082C250 /* TestFairySDK-1.8.5 */ = {
			isa = PBXGroup;
			children = (
				353C2BA21E9224030082C250 /* libTestFairy.a */,
				353C2BA31E9224030082C250 /* TestFairy.h */,
				353C2BA41E9224030082C250 /* upload-dsym.sh */,
			);
			path = "TestFairySDK-1.8.5";
			sourceTree = "<group>";
		};
		353C2BA71E9226E60082C250 /* Frameworks */ = {
			isa = PBXGroup;
			children = (
				35AF51E81ECC3F0E009F5F4F /* MobileCoreServices.framework */,
				353C2BA81E9226E60082C250 /* AVFoundation.framework */,
				353C2BA91E9226E60082C250 /* CoreMedia.framework */,
				353C2BAA1E9226E60082C250 /* CoreMotion.framework */,
				353C2BAB1E9226E60082C250 /* OpenGLES.framework */,
				353C2BAC1E9226E60082C250 /* SystemConfiguration.framework */,
			);
			name = Frameworks;
			sourceTree = "<group>";
		};
		356CC8471E2884CF00E25355 /* Encryption */ = {
			isa = PBXGroup;
			children = (
				BE204A8A1D94CEEC0013A483 /* XRSA.h */,
				BE204A8B1D94CEEC0013A483 /* XRSA.m */,
				BE9D02FE1D94DA7F0070894E /* BasicEncodingRules.h */,
				BE9D02FF1D94DA7F0070894E /* BasicEncodingRules.m */,
				BE9D03001D94DA7F0070894E /* NSData+Base64Extention.m */,
				BE9D03011D94DA7F0070894E /* NSData+Base64Extention.h */,
			);
			name = Encryption;
			sourceTree = "<group>";
		};
		357E1B431ED424C800E4E8CB /* Reset mPin */ = {
			isa = PBXGroup;
			children = (
				357E1B441ED4252600E4E8CB /* SecurityQuestionResetController.swift */,
				357E1B461ED4253600E4E8CB /* SecurityQuestionResetController.xib */,
				357E1B4A1ED4976300E4E8CB /* NewPinController.swift */,
				357E1B4C1ED4977E00E4E8CB /* NewPinController.xib */,
			);
			name = "Reset mPin";
			sourceTree = "<group>";
		};
		35995A6A1E262B14007EB516 /* Controllers */ = {
			isa = PBXGroup;
			children = (
				35995A6B1E262B14007EB516 /* ACCOUNTS */,
				35995A841E262B14007EB516 /* HOME & MENU */,
				35995A9E1E262B14007EB516 /* LandingScreenViewController.swift */,
				35995A9F1E262B14007EB516 /* LandingScreenViewController.xib */,
				35995AA01E262B14007EB516 /* SplashScreenViewController.swift */,
				35995AA11E262B14007EB516 /* SplashScreenViewController.xib */,
			);
			path = Controllers;
			sourceTree = "<group>";
		};
		35995A6B1E262B14007EB516 /* ACCOUNTS */ = {
			isa = PBXGroup;
			children = (
				357E1B431ED424C800E4E8CB /* Reset mPin */,
				35995A6C1E262B14007EB516 /* Activation */,
				35995A731E262B14007EB516 /* ContactUSViewController.swift */,
				35995A741E262B14007EB516 /* ContactUSViewController.xib */,
				35995A751E262B14007EB516 /* EULAViewController.swift */,
				35995A761E262B14007EB516 /* EULAViewController.xib */,
				35995A771E262B14007EB516 /* Login and Registrasi */,
				35BFA0621ECD4E7D00146FFF /* SuccesRegisterController.swift */,
				35BFA0641ECD4E8900146FFF /* SuccesRegisterController.xib */,
			);
			path = ACCOUNTS;
			sourceTree = "<group>";
		};
		35995A6C1E262B14007EB516 /* Activation */ = {
			isa = PBXGroup;
			children = (
				35995A711E262B14007EB516 /* ActivationViewController.swift */,
				35995A721E262B14007EB516 /* ActivationViewController.xib */,
				35995A6D1E262B14007EB516 /* ActivationPinViewController.swift */,
				35995A6E1E262B14007EB516 /* ActivationPinViewController.xib */,
				35995A6F1E262B14007EB516 /* ActivationSuccessViewController.swift */,
				35995A701E262B14007EB516 /* ActivationSuccessViewController.xib */,
			);
			path = Activation;
			sourceTree = "<group>";
		};
		35995A771E262B14007EB516 /* Login and Registrasi */ = {
			isa = PBXGroup;
			children = (
				35995A781E262B14007EB516 /* BankEMoneyViewController.swift */,
				35995A791E262B14007EB516 /* BankEMoneyViewController.xib */,
				35995A7A1E262B14007EB516 /* LoginPinViewController.swift */,
				35995A7B1E262B14007EB516 /* LoginPinViewController.xib */,
				35995A7C1E262B14007EB516 /* LoginRegisterViewController.swift */,
				35995A7D1E262B14007EB516 /* LoginRegisterViewController.xib */,
				35995A801E262B14007EB516 /* RegisterEMoneyViewController.swift */,
				35995A811E262B14007EB516 /* RegisterEMoneyViewController.xib */,
				35995A821E262B14007EB516 /* SecurityQuestionViewController.swift */,
				35995A831E262B14007EB516 /* SecurityQuestionViewController.xib */,
			);
			path = "Login and Registrasi";
			sourceTree = "<group>";
		};
		35995A841E262B14007EB516 /* HOME & MENU */ = {
			isa = PBXGroup;
			children = (
				35CDC6231EB7809100E5296A /* CASH WITHDRAWAL */,
				35995A851E262B14007EB516 /* ConfirmationViewController.swift */,
				35995A861E262B14007EB516 /* ConfirmationViewController.xib */,
				35995A871E262B14007EB516 /* HomeViewController.swift */,
				35995A881E262B14007EB516 /* HomeViewController.xib */,
				35995A891E262B14007EB516 /* PAYMENT PURCHASE */,
				35995A8E1E262B14007EB516 /* SETTING */,
				35995A971E262B14007EB516 /* TRANSFER BANK */,
				35995A951E262B14007EB516 /* SuccesChangemPinController.swift */,
				35995A961E262B14007EB516 /* SuccesChangemPinController.xib */,
				354F48A01EA4AAB400263340 /* SuccesConfirmationController.swift */,
				354F48A21EA4AAC000263340 /* SuccesConfirmationController.xib */,
				35D806BD1EEA56910037BA16 /* AddFavoritListController.swift */,
				35D806BF1EEA569D0037BA16 /* AddFavoritListController.xib */,
			);
			path = "HOME & MENU";
			sourceTree = "<group>";
		};
		35995A891E262B14007EB516 /* PAYMENT PURCHASE */ = {
			isa = PBXGroup;
			children = (
				35995A8A1E262B14007EB516 /* DetailPaymentPurchaseViewController.swift */,
				35995A8B1E262B14007EB516 /* DetailPaymentPurchaseViewController.xib */,
				35995A8C1E262B14007EB516 /* PaymentPurchaseViewController.swift */,
				35995A8D1E262B14007EB516 /* PaymentPurchaseViewController.xib */,
			);
			path = "PAYMENT PURCHASE";
			sourceTree = "<group>";
		};
		35995A8E1E262B14007EB516 /* SETTING */ = {
			isa = PBXGroup;
			children = (
				35995A8F1E262B14007EB516 /* BalanceInfoViewController.swift */,
				35995A901E262B14007EB516 /* BalanceInfoViewController.xib */,
				35995A911E262B14007EB516 /* ChangeMpinViewController.swift */,
				35995A921E262B14007EB516 /* ChangeMpinViewController.xib */,
				35995A931E262B14007EB516 /* TransactionHistoryViewController.swift */,
				35995A941E262B14007EB516 /* TransactionHistoryViewController.xib */,
				356CC8481E288DCE00E25355 /* TransactionPeriodViewController.swift */,
				356CC8491E288DCE00E25355 /* TransactionPeriodViewController.xib */,
			);
			path = SETTING;
			sourceTree = "<group>";
		};
		35995A971E262B14007EB516 /* TRANSFER BANK */ = {
			isa = PBXGroup;
			children = (
				35995A981E262B14007EB516 /* ListTransferViewController.swift */,
				35995A991E262B14007EB516 /* ListTransferViewController.xib */,
				35995A9A1E262B14007EB516 /* TransferBankViewController.swift */,
				35995A9B1E262B14007EB516 /* TransferBankViewController.xib */,
				35995A9C1E262B14007EB516 /* TransferOtherBankListViewController.swift */,
				35995A9D1E262B14007EB516 /* TransferOtherBankListViewController.xib */,
				3535ED951E9DE5BE007D7942 /* TransferToEMoney.swift */,
				3535ED971E9DE616007D7942 /* TransferToEMoney.xib */,
				351BC2FE1EB19FA50049849B /* TansferToUangkuController.swift */,
				351BC2FC1EB1995B0049849B /* TansferToUangkuController.xib */,
			);
			path = "TRANSFER BANK";
			sourceTree = "<group>";
		};
		35AF51E31ECC3DA4009F5F4F /* PaybyQr */ = {
			isa = PBXGroup;
			children = (
				352898731EE8FF2D0049DD28 /* DIMOPayiOS.framework */,
				352898741EE8FF2D0049DD28 /* DIMOPayiOSResources.bundle */,
			);
			path = PaybyQr;
			sourceTree = "<group>";
		};
		35CDC6231EB7809100E5296A /* CASH WITHDRAWAL */ = {
			isa = PBXGroup;
			children = (
				35CDC6241EB7817800E5296A /* ListCashWithDrawalController.swift */,
				35CDC6261EB7818A00E5296A /* ListCashWithDrawalController.xib */,
				35CDC6281EB78D5D00E5296A /* CashWithDrawalController.swift */,
				35CDC62A1EB78D6E00E5296A /* CashWithDrawalController.xib */,
			);
			name = "CASH WITHDRAWAL";
			sourceTree = "<group>";
		};
		BE17727B1D92859B00A27E06 = {
			isa = PBXGroup;
			children = (
				BE17728E1D92859B00A27E06 /* Assets.xcassets */,
				BE1773211D9286EE00A27E06 /* Dimo-Bridging-Header.h */,
				BE1772BF1D9285DE00A27E06 /* Thirdparties */,
				BE1772D91D9285DE00A27E06 /* Managers-DIMO */,
				BE1772861D92859B00A27E06 /* Simaspay */,
				BE1772851D92859B00A27E06 /* Products */,
				353C2BA71E9226E60082C250 /* Frameworks */,
			);
			sourceTree = "<group>";
		};
		BE1772851D92859B00A27E06 /* Products */ = {
			isa = PBXGroup;
			children = (
				BE1772841D92859B00A27E06 /* Simaspay.app */,
			);
			name = Products;
			sourceTree = "<group>";
		};
		BE1772861D92859B00A27E06 /* Simaspay */ = {
			isa = PBXGroup;
			children = (
				352128111F5F029300EBDBBC /* wwwbanksinarmascom.cer */,
				3521280F1F5EEFBB00EBDBBC /* wwwbanksinarmascom.crt */,
				35995A6A1E262B14007EB516 /* Controllers */,
				BEC415E81D938173000C3CF4 /* Manager */,
				BEC415D71D928D72000C3CF4 /* Base Objects */,
				BE1772871D92859B00A27E06 /* AppDelegate.swift */,
				BE1772901D92859B00A27E06 /* LaunchScreen.storyboard */,
				BE1772931D92859B00A27E06 /* Info.plist */,
			);
			path = Simaspay;
			sourceTree = "<group>";
		};
		BE1772BF1D9285DE00A27E06 /* Thirdparties */ = {
			isa = PBXGroup;
			children = (
				352898851EE916F10049DD28 /* ContactPicker */,
				35AF51E31ECC3DA4009F5F4F /* PaybyQr */,
				353C2BA11E9224030082C250 /* TestFairySDK-1.8.5 */,
				BE1772C01D9285DE00A27E06 /* AFNetworking */,
				BE1772D41D9285DE00A27E06 /* DReachability.h */,
				BE1772D51D9285DE00A27E06 /* DReachability.m */,
				BE204A871D94C9CD0013A483 /* XMLReader.h */,
				BE204A881D94C9CD0013A483 /* XMLReader.m */,
				356CC8471E2884CF00E25355 /* Encryption */,
				BE1772D61D9285DE00A27E06 /* ProgressHUD */,
			);
			name = Thirdparties;
			path = Simaspay/Thirdparties;
			sourceTree = "<group>";
		};
		BE1772C01D9285DE00A27E06 /* AFNetworking */ = {
			isa = PBXGroup;
			children = (
				BE1772C11D9285DE00A27E06 /* DAFHTTPRequestOperation.h */,
				BE1772C21D9285DE00A27E06 /* DAFHTTPRequestOperation.m */,
				BE1772C31D9285DE00A27E06 /* DAFHTTPRequestOperationManager.h */,
				BE1772C41D9285DE00A27E06 /* DAFHTTPRequestOperationManager.m */,
				BE1772C51D9285DE00A27E06 /* DAFHTTPSessionManager.h */,
				BE1772C61D9285DE00A27E06 /* DAFHTTPSessionManager.m */,
				BE1772C71D9285DE00A27E06 /* DAFNetworking.h */,
				BE1772C81D9285DE00A27E06 /* DAFNetworkReachabilityManager.h */,
				BE1772C91D9285DE00A27E06 /* DAFNetworkReachabilityManager.m */,
				BE1772CA1D9285DE00A27E06 /* DAFSecurityPolicy.h */,
				BE1772CB1D9285DE00A27E06 /* DAFSecurityPolicy.m */,
				BE1772CC1D9285DE00A27E06 /* DAFURLConnectionOperation.h */,
				BE1772CD1D9285DE00A27E06 /* DAFURLConnectionOperation.m */,
				BE1772CE1D9285DE00A27E06 /* DAFURLRequestSerialization.h */,
				BE1772CF1D9285DE00A27E06 /* DAFURLRequestSerialization.m */,
				BE1772D01D9285DE00A27E06 /* DAFURLResponseSerialization.h */,
				BE1772D11D9285DE00A27E06 /* DAFURLResponseSerialization.m */,
				BE1772D21D9285DE00A27E06 /* DAFURLSessionManager.h */,
				BE1772D31D9285DE00A27E06 /* DAFURLSessionManager.m */,
			);
			path = AFNetworking;
			sourceTree = "<group>";
		};
		BE1772D61D9285DE00A27E06 /* ProgressHUD */ = {
			isa = PBXGroup;
			children = (
				BE1772D71D9285DE00A27E06 /* DMBProgressHUD.h */,
				BE1772D81D9285DE00A27E06 /* DMBProgressHUD.m */,
			);
			path = ProgressHUD;
			sourceTree = "<group>";
		};
		BE1772D91D9285DE00A27E06 /* Managers-DIMO */ = {
			isa = PBXGroup;
			children = (
				BEC415FA1D9385B9000C3CF4 /* Strings */,
				BEC415F01D9385B9000C3CF4 /* DIMOAlertView.h */,
				BEC415F11D9385B9000C3CF4 /* DIMOAlertView.m */,
				BEC415F21D9385B9000C3CF4 /* DIMOAPIManager.h */,
				BEC415F31D9385B9000C3CF4 /* DIMOAPIManager.m */,
				BEC415F81D9385B9000C3CF4 /* DIMOUtility.h */,
				BEC415F91D9385B9000C3CF4 /* DIMOUtility.m */,
				BEC415FF1D9385B9000C3CF4 /* UserDefault.h */,
				BEC416001D9385B9000C3CF4 /* UserDefault.m */,
			);
			name = "Managers-DIMO";
			path = Simaspay/Managers;
			sourceTree = "<group>";
		};
		BEC415D71D928D72000C3CF4 /* Base Objects */ = {
			isa = PBXGroup;
			children = (
				BEC415E21D928E92000C3CF4 /* BaseViewController.swift */,
				BEC415E01D928E84000C3CF4 /* BaseLabel.swift */,
				BEC415E61D929544000C3CF4 /* BaseButton.swift */,
				BE204A771D93CBFB0013A483 /* BaseTextField.swift */,
			);
			name = "Base Objects";
			sourceTree = "<group>";
		};
		BEC415E81D938173000C3CF4 /* Manager */ = {
			isa = PBXGroup;
			children = (
				BEC416091D9385D2000C3CF4 /* CategoriesManager.swift */,
				BEC415EA1D938201000C3CF4 /* ColorManager.swift */,
				BE204A851D93D5A00013A483 /* Constants.swift */,
				359959EC1E2623D3007EB516 /* Utilities.swift */,
			);
			name = Manager;
			sourceTree = "<group>";
		};
		BEC415FA1D9385B9000C3CF4 /* Strings */ = {
			isa = PBXGroup;
			children = (
				BEC415FB1D9385B9000C3CF4 /* ENGLISH.strings */,
				BEC415FD1D9385B9000C3CF4 /* INDONESIAN.strings */,
			);
			name = Strings;
			path = "Simaspay/Managers-DIMO/Strings";
			sourceTree = SOURCE_ROOT;
		};
/* End PBXGroup section */

/* Begin PBXNativeTarget section */
		BE1772831D92859B00A27E06 /* Simaspay */ = {
			isa = PBXNativeTarget;
			buildConfigurationList = BE1772961D92859B00A27E06 /* Build configuration list for PBXNativeTarget "Simaspay" */;
			buildPhases = (
				BE1772801D92859B00A27E06 /* Sources */,
				BE1772811D92859B00A27E06 /* Frameworks */,
				BE1772821D92859B00A27E06 /* Resources */,
			);
			buildRules = (
			);
			dependencies = (
			);
			name = Simaspay;
			productName = Simaspay;
			productReference = BE1772841D92859B00A27E06 /* Simaspay.app */;
			productType = "com.apple.product-type.application";
		};
/* End PBXNativeTarget section */

/* Begin PBXProject section */
		BE17727C1D92859B00A27E06 /* Project object */ = {
			isa = PBXProject;
			attributes = {
				LastSwiftUpdateCheck = 0730;
				LastUpgradeCheck = 0820;
				ORGANIZATIONNAME = "Kendy Susantho";
				TargetAttributes = {
					BE1772831D92859B00A27E06 = {
						CreatedOnToolsVersion = 7.3;
						DevelopmentTeam = R76ECPX6J8;
						LastSwiftMigration = 0800;
						ProvisioningStyle = Automatic;
					};
				};
			};
			buildConfigurationList = BE17727F1D92859B00A27E06 /* Build configuration list for PBXProject "Simaspay" */;
			compatibilityVersion = "Xcode 3.2";
			developmentRegion = English;
			hasScannedForEncodings = 0;
			knownRegions = (
				en,
				Base,
			);
			mainGroup = BE17727B1D92859B00A27E06;
			productRefGroup = BE1772851D92859B00A27E06 /* Products */;
			projectDirPath = "";
			projectRoot = "";
			targets = (
				BE1772831D92859B00A27E06 /* Simaspay */,
			);
		};
/* End PBXProject section */

/* Begin PBXResourcesBuildPhase section */
		BE1772821D92859B00A27E06 /* Resources */ = {
			isa = PBXResourcesBuildPhase;
			buildActionMask = 2147483647;
			files = (
				35995AB71E262B14007EB516 /* SecurityQuestionViewController.xib in Resources */,
				35995AA51E262B14007EB516 /* ActivationSuccessViewController.xib in Resources */,
				35995AAD1E262B14007EB516 /* BankEMoneyViewController.xib in Resources */,
				35995ABD1E262B14007EB516 /* DetailPaymentPurchaseViewController.xib in Resources */,
				353C2BA61E9224030082C250 /* upload-dsym.sh in Resources */,
				35995ACB1E262B14007EB516 /* TransferBankViewController.xib in Resources */,
				BEC416061D9385B9000C3CF4 /* ENGLISH.strings in Resources */,
				35995ACD1E262B14007EB516 /* TransferOtherBankListViewController.xib in Resources */,
				35995AAF1E262B14007EB516 /* LoginPinViewController.xib in Resources */,
				35D806C01EEA569D0037BA16 /* AddFavoritListController.xib in Resources */,
				35995AC51E262B14007EB516 /* TransactionHistoryViewController.xib in Resources */,
				35995AC91E262B14007EB516 /* ListTransferViewController.xib in Resources */,
				3528988F1EE916F10049DD28 /* EPContactCell.xib in Resources */,
				357E1B471ED4253600E4E8CB /* SecurityQuestionResetController.xib in Resources */,
				35995AAB1E262B14007EB516 /* EULAViewController.xib in Resources */,
				35995AA71E262B14007EB516 /* ActivationViewController.xib in Resources */,
				352898761EE8FF2D0049DD28 /* DIMOPayiOSResources.bundle in Resources */,
				35995AB91E262B14007EB516 /* ConfirmationViewController.xib in Resources */,
				35995AD11E262B14007EB516 /* SplashScreenViewController.xib in Resources */,
				352128101F5EEFBB00EBDBBC /* wwwbanksinarmascom.crt in Resources */,
				354F48A31EA4AAC000263340 /* SuccesConfirmationController.xib in Resources */,
				3535ED981E9DE616007D7942 /* TransferToEMoney.xib in Resources */,
				35995AA31E262B14007EB516 /* ActivationPinViewController.xib in Resources */,
				351BC2FD1EB1995B0049849B /* TansferToUangkuController.xib in Resources */,
				356CC84B1E288DCE00E25355 /* TransactionPeriodViewController.xib in Resources */,
				BE1772921D92859B00A27E06 /* LaunchScreen.storyboard in Resources */,
				35995AC11E262B14007EB516 /* BalanceInfoViewController.xib in Resources */,
				BEC416071D9385B9000C3CF4 /* INDONESIAN.strings in Resources */,
				35995ABF1E262B14007EB516 /* PaymentPurchaseViewController.xib in Resources */,
				35995AC31E262B14007EB516 /* ChangeMpinViewController.xib in Resources */,
				35995ACF1E262B14007EB516 /* LandingScreenViewController.xib in Resources */,
				35CDC6271EB7818A00E5296A /* ListCashWithDrawalController.xib in Resources */,
				35995AB11E262B14007EB516 /* LoginRegisterViewController.xib in Resources */,
				BE17728F1D92859B00A27E06 /* Assets.xcassets in Resources */,
				35995AC71E262B14007EB516 /* SuccesChangemPinController.xib in Resources */,
				35995ABB1E262B14007EB516 /* HomeViewController.xib in Resources */,
				357E1B4D1ED4977E00E4E8CB /* NewPinController.xib in Resources */,
				35BFA0651ECD4E8900146FFF /* SuccesRegisterController.xib in Resources */,
				35CDC62B1EB78D6E00E5296A /* CashWithDrawalController.xib in Resources */,
				35995AB51E262B14007EB516 /* RegisterEMoneyViewController.xib in Resources */,
				35995AA91E262B14007EB516 /* ContactUSViewController.xib in Resources */,
			);
			runOnlyForDeploymentPostprocessing = 0;
		};
/* End PBXResourcesBuildPhase section */

/* Begin PBXSourcesBuildPhase section */
		BE1772801D92859B00A27E06 /* Sources */ = {
			isa = PBXSourcesBuildPhase;
			buildActionMask = 2147483647;
			files = (
				BE1773011D9285DE00A27E06 /* DAFHTTPRequestOperationManager.m in Sources */,
				BEC415E41D928E92000C3CF4 /* BaseViewController.swift in Sources */,
				BE9D03021D94DA7F0070894E /* BasicEncodingRules.m in Sources */,
				359959ED1E2623D3007EB516 /* Utilities.swift in Sources */,
				BE1773041D9285DE00A27E06 /* DAFSecurityPolicy.m in Sources */,
				35D806BE1EEA56910037BA16 /* AddFavoritListController.swift in Sources */,
				BE204A861D93D5A00013A483 /* Constants.swift in Sources */,
				BE1773091D9285DE00A27E06 /* DReachability.m in Sources */,
				35995ABE1E262B14007EB516 /* PaymentPurchaseViewController.swift in Sources */,
				356CC84A1E288DCE00E25355 /* TransactionPeriodViewController.swift in Sources */,
				35995AC41E262B14007EB516 /* TransactionHistoryViewController.swift in Sources */,
				BE1773081D9285DE00A27E06 /* DAFURLSessionManager.m in Sources */,
				35995AAE1E262B14007EB516 /* LoginPinViewController.swift in Sources */,
				BEC415E71D929544000C3CF4 /* BaseButton.swift in Sources */,
				BE1773021D9285DE00A27E06 /* DAFHTTPSessionManager.m in Sources */,
				35995AA41E262B14007EB516 /* ActivationSuccessViewController.swift in Sources */,
				3528988E1EE916F10049DD28 /* EPContactCell.swift in Sources */,
				35995AA81E262B14007EB516 /* ContactUSViewController.swift in Sources */,
				BE1772881D92859B00A27E06 /* AppDelegate.swift in Sources */,
				35995AB81E262B14007EB516 /* ConfirmationViewController.swift in Sources */,
				352898901EE916F10049DD28 /* EPContactsPicker.swift in Sources */,
				BE1773001D9285DE00A27E06 /* DAFHTTPRequestOperation.m in Sources */,
				35995ACE1E262B14007EB516 /* LandingScreenViewController.swift in Sources */,
				357E1B4B1ED4976300E4E8CB /* NewPinController.swift in Sources */,
				35995AB01E262B14007EB516 /* LoginRegisterViewController.swift in Sources */,
				354F48A11EA4AAB400263340 /* SuccesConfirmationController.swift in Sources */,
				BEC4160A1D9385D2000C3CF4 /* CategoriesManager.swift in Sources */,
				357E1B451ED4252600E4E8CB /* SecurityQuestionResetController.swift in Sources */,
				BEC416051D9385B9000C3CF4 /* DIMOUtility.m in Sources */,
				352898911EE916F10049DD28 /* EPExtensions.swift in Sources */,
				BEC416081D9385B9000C3CF4 /* UserDefault.m in Sources */,
				35995AC81E262B14007EB516 /* ListTransferViewController.swift in Sources */,
				BEC415EB1D938201000C3CF4 /* ColorManager.swift in Sources */,
				35995ABC1E262B14007EB516 /* DetailPaymentPurchaseViewController.swift in Sources */,
				BE1773071D9285DE00A27E06 /* DAFURLResponseSerialization.m in Sources */,
				35995AA21E262B14007EB516 /* ActivationPinViewController.swift in Sources */,
				BEC416011D9385B9000C3CF4 /* DIMOAlertView.m in Sources */,
				3528988D1EE916F10049DD28 /* EPContact.swift in Sources */,
				35BFA0631ECD4E7D00146FFF /* SuccesRegisterController.swift in Sources */,
				3528988C1EE916F10049DD28 /* EPConstants.swift in Sources */,
				BE1773051D9285DE00A27E06 /* DAFURLConnectionOperation.m in Sources */,
				35995ACC1E262B14007EB516 /* TransferOtherBankListViewController.swift in Sources */,
				BE204A781D93CBFB0013A483 /* BaseTextField.swift in Sources */,
				35995ACA1E262B14007EB516 /* TransferBankViewController.swift in Sources */,
				35995AAC1E262B14007EB516 /* BankEMoneyViewController.swift in Sources */,
				35CDC6251EB7817800E5296A /* ListCashWithDrawalController.swift in Sources */,
				3535ED961E9DE5BE007D7942 /* TransferToEMoney.swift in Sources */,
				BE1773061D9285DE00A27E06 /* DAFURLRequestSerialization.m in Sources */,
				BEC415E11D928E84000C3CF4 /* BaseLabel.swift in Sources */,
				BEC416021D9385B9000C3CF4 /* DIMOAPIManager.m in Sources */,
				BE1773031D9285DE00A27E06 /* DAFNetworkReachabilityManager.m in Sources */,
				35995AC61E262B14007EB516 /* SuccesChangemPinController.swift in Sources */,
				35995AAA1E262B14007EB516 /* EULAViewController.swift in Sources */,
				BE17730A1D9285DE00A27E06 /* DMBProgressHUD.m in Sources */,
				35995AD01E262B14007EB516 /* SplashScreenViewController.swift in Sources */,
				35CDC6291EB78D5D00E5296A /* CashWithDrawalController.swift in Sources */,
				35995AA61E262B14007EB516 /* ActivationViewController.swift in Sources */,
				35995AB41E262B14007EB516 /* RegisterEMoneyViewController.swift in Sources */,
				35995ABA1E262B14007EB516 /* HomeViewController.swift in Sources */,
				35995AC01E262B14007EB516 /* BalanceInfoViewController.swift in Sources */,
				BE9D03031D94DA7F0070894E /* NSData+Base64Extention.m in Sources */,
				BE204A891D94C9CD0013A483 /* XMLReader.m in Sources */,
				35995AB61E262B14007EB516 /* SecurityQuestionViewController.swift in Sources */,
				35995AC21E262B14007EB516 /* ChangeMpinViewController.swift in Sources */,
				BE204A8C1D94CEEC0013A483 /* XRSA.m in Sources */,
				351BC2FF1EB19FA50049849B /* TansferToUangkuController.swift in Sources */,
			);
			runOnlyForDeploymentPostprocessing = 0;
		};
/* End PBXSourcesBuildPhase section */

/* Begin PBXVariantGroup section */
		BE1772901D92859B00A27E06 /* LaunchScreen.storyboard */ = {
			isa = PBXVariantGroup;
			children = (
				BE1772911D92859B00A27E06 /* Base */,
			);
			name = LaunchScreen.storyboard;
			sourceTree = "<group>";
		};
		BEC415FB1D9385B9000C3CF4 /* ENGLISH.strings */ = {
			isa = PBXVariantGroup;
			children = (
				BEC415FC1D9385B9000C3CF4 /* Base */,
			);
			name = ENGLISH.strings;
			sourceTree = "<group>";
		};
		BEC415FD1D9385B9000C3CF4 /* INDONESIAN.strings */ = {
			isa = PBXVariantGroup;
			children = (
				BEC415FE1D9385B9000C3CF4 /* Base */,
			);
			name = INDONESIAN.strings;
			sourceTree = "<group>";
		};
/* End PBXVariantGroup section */

/* Begin XCBuildConfiguration section */
		BE1772941D92859B00A27E06 /* Debug */ = {
			isa = XCBuildConfiguration;
			buildSettings = {
				ALWAYS_SEARCH_USER_PATHS = NO;
				CLANG_ANALYZER_NONNULL = YES;
				CLANG_CXX_LANGUAGE_STANDARD = "gnu++0x";
				CLANG_CXX_LIBRARY = "libc++";
				CLANG_ENABLE_MODULES = YES;
				CLANG_ENABLE_OBJC_ARC = YES;
				CLANG_WARN_BOOL_CONVERSION = YES;
				CLANG_WARN_CONSTANT_CONVERSION = YES;
				CLANG_WARN_DIRECT_OBJC_ISA_USAGE = YES_ERROR;
				CLANG_WARN_EMPTY_BODY = YES;
				CLANG_WARN_ENUM_CONVERSION = YES;
				CLANG_WARN_INFINITE_RECURSION = YES;
				CLANG_WARN_INT_CONVERSION = YES;
				CLANG_WARN_OBJC_ROOT_CLASS = YES_ERROR;
				CLANG_WARN_SUSPICIOUS_MOVE = YES;
				CLANG_WARN_UNREACHABLE_CODE = YES;
				CLANG_WARN__DUPLICATE_METHOD_MATCH = YES;
				"CODE_SIGN_IDENTITY[sdk=iphoneos*]" = "iPhone Developer";
				COPY_PHASE_STRIP = NO;
				DEBUG_INFORMATION_FORMAT = dwarf;
				ENABLE_STRICT_OBJC_MSGSEND = YES;
				ENABLE_TESTABILITY = YES;
				GCC_C_LANGUAGE_STANDARD = gnu99;
				GCC_DYNAMIC_NO_PIC = NO;
				GCC_NO_COMMON_BLOCKS = YES;
				GCC_OPTIMIZATION_LEVEL = 0;
				GCC_PREPROCESSOR_DEFINITIONS = (
					"DEBUG=1",
					"$(inherited)",
				);
				GCC_WARN_64_TO_32_BIT_CONVERSION = YES;
				GCC_WARN_ABOUT_RETURN_TYPE = YES_ERROR;
				GCC_WARN_UNDECLARED_SELECTOR = YES;
				GCC_WARN_UNINITIALIZED_AUTOS = YES_AGGRESSIVE;
				GCC_WARN_UNUSED_FUNCTION = YES;
				GCC_WARN_UNUSED_VARIABLE = YES;
				IPHONEOS_DEPLOYMENT_TARGET = 9.3;
				MTL_ENABLE_DEBUG_INFO = YES;
				ONLY_ACTIVE_ARCH = YES;
				SDKROOT = iphoneos;
				SWIFT_OPTIMIZATION_LEVEL = "-Onone";
			};
			name = Debug;
		};
		BE1772951D92859B00A27E06 /* Release */ = {
			isa = XCBuildConfiguration;
			buildSettings = {
				ALWAYS_SEARCH_USER_PATHS = NO;
				CLANG_ANALYZER_NONNULL = YES;
				CLANG_CXX_LANGUAGE_STANDARD = "gnu++0x";
				CLANG_CXX_LIBRARY = "libc++";
				CLANG_ENABLE_MODULES = YES;
				CLANG_ENABLE_OBJC_ARC = YES;
				CLANG_WARN_BOOL_CONVERSION = YES;
				CLANG_WARN_CONSTANT_CONVERSION = YES;
				CLANG_WARN_DIRECT_OBJC_ISA_USAGE = YES_ERROR;
				CLANG_WARN_EMPTY_BODY = YES;
				CLANG_WARN_ENUM_CONVERSION = YES;
				CLANG_WARN_INFINITE_RECURSION = YES;
				CLANG_WARN_INT_CONVERSION = YES;
				CLANG_WARN_OBJC_ROOT_CLASS = YES_ERROR;
				CLANG_WARN_SUSPICIOUS_MOVE = YES;
				CLANG_WARN_UNREACHABLE_CODE = YES;
				CLANG_WARN__DUPLICATE_METHOD_MATCH = YES;
				"CODE_SIGN_IDENTITY[sdk=iphoneos*]" = "iPhone Developer";
				COPY_PHASE_STRIP = NO;
				DEBUG_INFORMATION_FORMAT = "dwarf-with-dsym";
				ENABLE_NS_ASSERTIONS = NO;
				ENABLE_STRICT_OBJC_MSGSEND = YES;
				GCC_C_LANGUAGE_STANDARD = gnu99;
				GCC_NO_COMMON_BLOCKS = YES;
				GCC_WARN_64_TO_32_BIT_CONVERSION = YES;
				GCC_WARN_ABOUT_RETURN_TYPE = YES_ERROR;
				GCC_WARN_UNDECLARED_SELECTOR = YES;
				GCC_WARN_UNINITIALIZED_AUTOS = YES_AGGRESSIVE;
				GCC_WARN_UNUSED_FUNCTION = YES;
				GCC_WARN_UNUSED_VARIABLE = YES;
				IPHONEOS_DEPLOYMENT_TARGET = 9.3;
				MTL_ENABLE_DEBUG_INFO = NO;
				SDKROOT = iphoneos;
				SWIFT_OPTIMIZATION_LEVEL = "-Owholemodule";
				VALIDATE_PRODUCT = YES;
			};
			name = Release;
		};
		BE1772971D92859B00A27E06 /* Debug */ = {
			isa = XCBuildConfiguration;
			buildSettings = {
				ASSETCATALOG_COMPILER_APPICON_NAME = AppIcon;
				ASSETCATALOG_COMPILER_LAUNCHIMAGE_NAME = "Brand Assets";
				"CODE_SIGN_IDENTITY[sdk=iphoneos*]" = "iPhone Developer";
				DEVELOPMENT_TEAM = R76ECPX6J8;
				ENABLE_BITCODE = NO;
				FRAMEWORK_SEARCH_PATHS = (
					"$(inherited)",
					"$(PROJECT_DIR)/Simaspay/Thirdparties/PaybyQR",
					"$(PROJECT_DIR)",
					"$(PROJECT_DIR)/Simaspay/Thirdparties/PaybyQr",
				);
				INFOPLIST_FILE = Simaspay/Info.plist;
				IPHONEOS_DEPLOYMENT_TARGET = 8.0;
				LD_RUNPATH_SEARCH_PATHS = "$(inherited) @executable_path/Frameworks";
				LIBRARY_SEARCH_PATHS = (
					"$(inherited)",
					"$(PROJECT_DIR)/Simaspay/Thirdparties/TestFairySDK-1.8.5",
				);
				PRODUCT_BUNDLE_IDENTIFIER = co.id.dimo.Simaspay;
				PRODUCT_NAME = "$(TARGET_NAME)";
				PROVISIONING_PROFILE = "";
				PROVISIONING_PROFILE_SPECIFIER = "";
				SWIFT_OBJC_BRIDGING_HEADER = "Dimo-Bridging-Header.h";
				SWIFT_VERSION = 3.0;
			};
			name = Debug;
		};
		BE1772981D92859B00A27E06 /* Release */ = {
			isa = XCBuildConfiguration;
			buildSettings = {
				ASSETCATALOG_COMPILER_APPICON_NAME = AppIcon;
				ASSETCATALOG_COMPILER_LAUNCHIMAGE_NAME = "Brand Assets";
				"CODE_SIGN_IDENTITY[sdk=iphoneos*]" = "iPhone Developer";
				DEVELOPMENT_TEAM = R76ECPX6J8;
				ENABLE_BITCODE = NO;
				FRAMEWORK_SEARCH_PATHS = (
					"$(inherited)",
					"$(PROJECT_DIR)/Simaspay/Thirdparties/PaybyQR",
					"$(PROJECT_DIR)",
					"$(PROJECT_DIR)/Simaspay/Thirdparties/PaybyQr",
				);
				INFOPLIST_FILE = Simaspay/Info.plist;
				IPHONEOS_DEPLOYMENT_TARGET = 8.0;
				LD_RUNPATH_SEARCH_PATHS = "$(inherited) @executable_path/Frameworks";
				LIBRARY_SEARCH_PATHS = (
					"$(inherited)",
					"$(PROJECT_DIR)/Simaspay/Thirdparties/TestFairySDK-1.8.5",
				);
				PRODUCT_BUNDLE_IDENTIFIER = co.id.dimo.Simaspay;
				PRODUCT_NAME = "$(TARGET_NAME)";
				PROVISIONING_PROFILE_SPECIFIER = "";
				SWIFT_OBJC_BRIDGING_HEADER = "Dimo-Bridging-Header.h";
				SWIFT_VERSION = 3.0;
			};
			name = Release;
		};
/* End XCBuildConfiguration section */

/* Begin XCConfigurationList section */
		BE17727F1D92859B00A27E06 /* Build configuration list for PBXProject "Simaspay" */ = {
			isa = XCConfigurationList;
			buildConfigurations = (
				BE1772941D92859B00A27E06 /* Debug */,
				BE1772951D92859B00A27E06 /* Release */,
			);
			defaultConfigurationIsVisible = 0;
			defaultConfigurationName = Release;
		};
		BE1772961D92859B00A27E06 /* Build configuration list for PBXNativeTarget "Simaspay" */ = {
			isa = XCConfigurationList;
			buildConfigurations = (
				BE1772971D92859B00A27E06 /* Debug */,
				BE1772981D92859B00A27E06 /* Release */,
			);
			defaultConfigurationIsVisible = 0;
			defaultConfigurationName = Release;
		};
/* End XCConfigurationList section */
	};
	rootObject = BE17727C1D92859B00A27E06 /* Project object */;
}
