// !$*UTF8*$!
{
	archiveVersion = 1;
	classes = {
	};
	objectVersion = 46;
	objects = {

/* Begin PBXBuildFile section */
		3535692D1DB74CE000F85A72 /* PaymentPurchaseViewController.swift in Sources */ = {isa = PBXBuildFile; fileRef = 3535692B1DB74CE000F85A72 /* PaymentPurchaseViewController.swift */; };
		3535692E1DB74CE000F85A72 /* PaymentPurchaseViewController.xib in Resources */ = {isa = PBXBuildFile; fileRef = 3535692C1DB74CE000F85A72 /* PaymentPurchaseViewController.xib */; };
		3566B9B51DB5E08E00486A61 /* TransferOtherBankListViewController.swift in Sources */ = {isa = PBXBuildFile; fileRef = 3566B9B31DB5E08E00486A61 /* TransferOtherBankListViewController.swift */; };
		3566B9B61DB5E08E00486A61 /* TransferOtherBankListViewController.xib in Resources */ = {isa = PBXBuildFile; fileRef = 3566B9B41DB5E08E00486A61 /* TransferOtherBankListViewController.xib */; };
		357732AE1DBF62B300D10713 /* ListTransferViewController.swift in Sources */ = {isa = PBXBuildFile; fileRef = 357732AC1DBF62B300D10713 /* ListTransferViewController.swift */; };
		357732AF1DBF62B300D10713 /* ListTransferViewController.xib in Resources */ = {isa = PBXBuildFile; fileRef = 357732AD1DBF62B300D10713 /* ListTransferViewController.xib */; };
		35865FD81DBDAEB80019F0FE /* BalanceInfoViewController.swift in Sources */ = {isa = PBXBuildFile; fileRef = 35865FD61DBDAEB80019F0FE /* BalanceInfoViewController.swift */; };
		35865FD91DBDAEB80019F0FE /* BalanceInfoViewController.xib in Resources */ = {isa = PBXBuildFile; fileRef = 35865FD71DBDAEB80019F0FE /* BalanceInfoViewController.xib */; };
		35904FD01DA3AC9B00BDD3AE /* StatusTransferViewController.swift in Sources */ = {isa = PBXBuildFile; fileRef = 35904FCE1DA3AC9B00BDD3AE /* StatusTransferViewController.swift */; };
		35904FD11DA3AC9B00BDD3AE /* StatusTransferViewController.xib in Resources */ = {isa = PBXBuildFile; fileRef = 35904FCF1DA3AC9B00BDD3AE /* StatusTransferViewController.xib */; };
		35904FD41DA3ACCA00BDD3AE /* ConfirmationViewController.swift in Sources */ = {isa = PBXBuildFile; fileRef = 35904FD21DA3ACCA00BDD3AE /* ConfirmationViewController.swift */; };
		35904FD51DA3ACCA00BDD3AE /* ConfirmationViewController.xib in Resources */ = {isa = PBXBuildFile; fileRef = 35904FD31DA3ACCA00BDD3AE /* ConfirmationViewController.xib */; };
		35A1A6211DB8C83C002E737D /* DetailPaymentPurchaseViewController.swift in Sources */ = {isa = PBXBuildFile; fileRef = 35A1A61F1DB8C83C002E737D /* DetailPaymentPurchaseViewController.swift */; };
		35A1A6221DB8C83C002E737D /* DetailPaymentPurchaseViewController.xib in Resources */ = {isa = PBXBuildFile; fileRef = 35A1A6201DB8C83C002E737D /* DetailPaymentPurchaseViewController.xib */; };
		35A7AD021DBDDE8F000EDD39 /* TransactionHistoryViewController.swift in Sources */ = {isa = PBXBuildFile; fileRef = 35A7AD001DBDDE8F000EDD39 /* TransactionHistoryViewController.swift */; };
		35A7AD031DBDDE8F000EDD39 /* TransactionHistoryViewController.xib in Resources */ = {isa = PBXBuildFile; fileRef = 35A7AD011DBDDE8F000EDD39 /* TransactionHistoryViewController.xib */; };
		35A7AD081DBE0710000EDD39 /* ChangeMpinViewController.swift in Sources */ = {isa = PBXBuildFile; fileRef = 35A7AD061DBE0710000EDD39 /* ChangeMpinViewController.swift */; };
		35A7AD091DBE0710000EDD39 /* ChangeMpinViewController.xib in Resources */ = {isa = PBXBuildFile; fileRef = 35A7AD071DBE0710000EDD39 /* ChangeMpinViewController.xib */; };
		35E8527B1DA26E73002C10CD /* TransferBankViewController.swift in Sources */ = {isa = PBXBuildFile; fileRef = 35E852791DA26E73002C10CD /* TransferBankViewController.swift */; };
		35E8527C1DA26E73002C10CD /* TransferBankViewController.xib in Resources */ = {isa = PBXBuildFile; fileRef = 35E8527A1DA26E73002C10CD /* TransferBankViewController.xib */; };
		35F93ABF1D93870D00FF803A /* SplashScreenViewController.swift in Sources */ = {isa = PBXBuildFile; fileRef = 35F93ABD1D93870D00FF803A /* SplashScreenViewController.swift */; };
		35F93AC01D93870D00FF803A /* SplashScreenViewController.xib in Resources */ = {isa = PBXBuildFile; fileRef = 35F93ABE1D93870D00FF803A /* SplashScreenViewController.xib */; };
		BE1772881D92859B00A27E06 /* AppDelegate.swift in Sources */ = {isa = PBXBuildFile; fileRef = BE1772871D92859B00A27E06 /* AppDelegate.swift */; };
		BE17728F1D92859B00A27E06 /* Assets.xcassets in Resources */ = {isa = PBXBuildFile; fileRef = BE17728E1D92859B00A27E06 /* Assets.xcassets */; };
		BE1772921D92859B00A27E06 /* LaunchScreen.storyboard in Resources */ = {isa = PBXBuildFile; fileRef = BE1772901D92859B00A27E06 /* LaunchScreen.storyboard */; };
		BE1773001D9285DE00A27E06 /* DAFHTTPRequestOperation.m in Sources */ = {isa = PBXBuildFile; fileRef = BE1772C21D9285DE00A27E06 /* DAFHTTPRequestOperation.m */; };
		BE1773011D9285DE00A27E06 /* DAFHTTPRequestOperationManager.m in Sources */ = {isa = PBXBuildFile; fileRef = BE1772C41D9285DE00A27E06 /* DAFHTTPRequestOperationManager.m */; };
		BE1773021D9285DE00A27E06 /* DAFHTTPSessionManager.m in Sources */ = {isa = PBXBuildFile; fileRef = BE1772C61D9285DE00A27E06 /* DAFHTTPSessionManager.m */; };
		BE1773031D9285DE00A27E06 /* DAFNetworkReachabilityManager.m in Sources */ = {isa = PBXBuildFile; fileRef = BE1772C91D9285DE00A27E06 /* DAFNetworkReachabilityManager.m */; };
		BE1773041D9285DE00A27E06 /* DAFSecurityPolicy.m in Sources */ = {isa = PBXBuildFile; fileRef = BE1772CB1D9285DE00A27E06 /* DAFSecurityPolicy.m */; };
		BE1773051D9285DE00A27E06 /* DAFURLConnectionOperation.m in Sources */ = {isa = PBXBuildFile; fileRef = BE1772CD1D9285DE00A27E06 /* DAFURLConnectionOperation.m */; };
		BE1773061D9285DE00A27E06 /* DAFURLRequestSerialization.m in Sources */ = {isa = PBXBuildFile; fileRef = BE1772CF1D9285DE00A27E06 /* DAFURLRequestSerialization.m */; };
		BE1773071D9285DE00A27E06 /* DAFURLResponseSerialization.m in Sources */ = {isa = PBXBuildFile; fileRef = BE1772D11D9285DE00A27E06 /* DAFURLResponseSerialization.m */; };
		BE1773081D9285DE00A27E06 /* DAFURLSessionManager.m in Sources */ = {isa = PBXBuildFile; fileRef = BE1772D31D9285DE00A27E06 /* DAFURLSessionManager.m */; };
		BE1773091D9285DE00A27E06 /* DReachability.m in Sources */ = {isa = PBXBuildFile; fileRef = BE1772D51D9285DE00A27E06 /* DReachability.m */; };
		BE17730A1D9285DE00A27E06 /* DMBProgressHUD.m in Sources */ = {isa = PBXBuildFile; fileRef = BE1772D81D9285DE00A27E06 /* DMBProgressHUD.m */; };
		BE204A731D9396510013A483 /* Utilities.swift in Sources */ = {isa = PBXBuildFile; fileRef = BE204A721D9396510013A483 /* Utilities.swift */; };
		BE204A781D93CBFB0013A483 /* BaseTextField.swift in Sources */ = {isa = PBXBuildFile; fileRef = BE204A771D93CBFB0013A483 /* BaseTextField.swift */; };
		BE204A7D1D93CC9C0013A483 /* EULAViewController.swift in Sources */ = {isa = PBXBuildFile; fileRef = BE204A7B1D93CC9C0013A483 /* EULAViewController.swift */; };
		BE204A7E1D93CC9C0013A483 /* EULAViewController.xib in Resources */ = {isa = PBXBuildFile; fileRef = BE204A7C1D93CC9C0013A483 /* EULAViewController.xib */; };
		BE204A811D93CCAE0013A483 /* ActivationViewController.swift in Sources */ = {isa = PBXBuildFile; fileRef = BE204A7F1D93CCAE0013A483 /* ActivationViewController.swift */; };
		BE204A821D93CCAE0013A483 /* ActivationViewController.xib in Resources */ = {isa = PBXBuildFile; fileRef = BE204A801D93CCAE0013A483 /* ActivationViewController.xib */; };
		BE204A861D93D5A00013A483 /* Constants.swift in Sources */ = {isa = PBXBuildFile; fileRef = BE204A851D93D5A00013A483 /* Constants.swift */; };
		BE204A891D94C9CD0013A483 /* XMLReader.m in Sources */ = {isa = PBXBuildFile; fileRef = BE204A881D94C9CD0013A483 /* XMLReader.m */; };
		BE204A8C1D94CEEC0013A483 /* XRSA.m in Sources */ = {isa = PBXBuildFile; fileRef = BE204A8B1D94CEEC0013A483 /* XRSA.m */; };
		BE9D02FC1D94DA1D0070894E /* HomeViewController.swift in Sources */ = {isa = PBXBuildFile; fileRef = BE9D02FA1D94DA1D0070894E /* HomeViewController.swift */; };
		BE9D02FD1D94DA1D0070894E /* HomeViewController.xib in Resources */ = {isa = PBXBuildFile; fileRef = BE9D02FB1D94DA1D0070894E /* HomeViewController.xib */; };
		BE9D03021D94DA7F0070894E /* BasicEncodingRules.m in Sources */ = {isa = PBXBuildFile; fileRef = BE9D02FF1D94DA7F0070894E /* BasicEncodingRules.m */; };
		BE9D03031D94DA7F0070894E /* NSData+Base64Extention.m in Sources */ = {isa = PBXBuildFile; fileRef = BE9D03001D94DA7F0070894E /* NSData+Base64Extention.m */; };
		BE9D03061D94E14C0070894E /* ContactUSViewController.swift in Sources */ = {isa = PBXBuildFile; fileRef = BE9D03041D94E14C0070894E /* ContactUSViewController.swift */; };
		BE9D03071D94E14C0070894E /* ContactUSViewController.xib in Resources */ = {isa = PBXBuildFile; fileRef = BE9D03051D94E14C0070894E /* ContactUSViewController.xib */; };
		BE9D030A1D94E16B0070894E /* ActivationPinViewController.swift in Sources */ = {isa = PBXBuildFile; fileRef = BE9D03081D94E16B0070894E /* ActivationPinViewController.swift */; };
		BE9D030B1D94E16B0070894E /* ActivationPinViewController.xib in Resources */ = {isa = PBXBuildFile; fileRef = BE9D03091D94E16B0070894E /* ActivationPinViewController.xib */; };
		BE9D030E1D94E18D0070894E /* ActivationSuccessViewController.swift in Sources */ = {isa = PBXBuildFile; fileRef = BE9D030C1D94E18D0070894E /* ActivationSuccessViewController.swift */; };
		BE9D030F1D94E18D0070894E /* ActivationSuccessViewController.xib in Resources */ = {isa = PBXBuildFile; fileRef = BE9D030D1D94E18D0070894E /* ActivationSuccessViewController.xib */; };
		BEC415DE1D928E18000C3CF4 /* LoginViewController.swift in Sources */ = {isa = PBXBuildFile; fileRef = BEC415DC1D928E18000C3CF4 /* LoginViewController.swift */; };
		BEC415DF1D928E18000C3CF4 /* LoginViewController.xib in Resources */ = {isa = PBXBuildFile; fileRef = BEC415DD1D928E18000C3CF4 /* LoginViewController.xib */; };
		BEC415E11D928E84000C3CF4 /* BaseLabel.swift in Sources */ = {isa = PBXBuildFile; fileRef = BEC415E01D928E84000C3CF4 /* BaseLabel.swift */; };
		BEC415E41D928E92000C3CF4 /* BaseViewController.swift in Sources */ = {isa = PBXBuildFile; fileRef = BEC415E21D928E92000C3CF4 /* BaseViewController.swift */; };
		BEC415E71D929544000C3CF4 /* BaseButton.swift in Sources */ = {isa = PBXBuildFile; fileRef = BEC415E61D929544000C3CF4 /* BaseButton.swift */; };
		BEC415EB1D938201000C3CF4 /* ColorManager.swift in Sources */ = {isa = PBXBuildFile; fileRef = BEC415EA1D938201000C3CF4 /* ColorManager.swift */; };
		BEC416011D9385B9000C3CF4 /* DIMOAlertView.m in Sources */ = {isa = PBXBuildFile; fileRef = BEC415F11D9385B9000C3CF4 /* DIMOAlertView.m */; };
		BEC416021D9385B9000C3CF4 /* DIMOAPIManager.m in Sources */ = {isa = PBXBuildFile; fileRef = BEC415F31D9385B9000C3CF4 /* DIMOAPIManager.m */; };
		BEC416031D9385B9000C3CF4 /* DIMOLocationManager.m in Sources */ = {isa = PBXBuildFile; fileRef = BEC415F51D9385B9000C3CF4 /* DIMOLocationManager.m */; };
		BEC416041D9385B9000C3CF4 /* DIMOPreloader.m in Sources */ = {isa = PBXBuildFile; fileRef = BEC415F71D9385B9000C3CF4 /* DIMOPreloader.m */; };
		BEC416051D9385B9000C3CF4 /* DIMOUtility.m in Sources */ = {isa = PBXBuildFile; fileRef = BEC415F91D9385B9000C3CF4 /* DIMOUtility.m */; };
		BEC416061D9385B9000C3CF4 /* ENGLISH.strings in Resources */ = {isa = PBXBuildFile; fileRef = BEC415FB1D9385B9000C3CF4 /* ENGLISH.strings */; };
		BEC416071D9385B9000C3CF4 /* INDONESIAN.strings in Resources */ = {isa = PBXBuildFile; fileRef = BEC415FD1D9385B9000C3CF4 /* INDONESIAN.strings */; };
		BEC416081D9385B9000C3CF4 /* UserDefault.m in Sources */ = {isa = PBXBuildFile; fileRef = BEC416001D9385B9000C3CF4 /* UserDefault.m */; };
		BEC4160A1D9385D2000C3CF4 /* CategoriesManager.swift in Sources */ = {isa = PBXBuildFile; fileRef = BEC416091D9385D2000C3CF4 /* CategoriesManager.swift */; };
/* End PBXBuildFile section */

/* Begin PBXFileReference section */
		3535692B1DB74CE000F85A72 /* PaymentPurchaseViewController.swift */ = {isa = PBXFileReference; fileEncoding = 4; lastKnownFileType = sourcecode.swift; name = PaymentPurchaseViewController.swift; path = Controllers/PaymentPurchaseViewController.swift; sourceTree = "<group>"; };
		3535692C1DB74CE000F85A72 /* PaymentPurchaseViewController.xib */ = {isa = PBXFileReference; fileEncoding = 4; lastKnownFileType = file.xib; name = PaymentPurchaseViewController.xib; path = Controllers/PaymentPurchaseViewController.xib; sourceTree = "<group>"; };
		3566B9B31DB5E08E00486A61 /* TransferOtherBankListViewController.swift */ = {isa = PBXFileReference; fileEncoding = 4; lastKnownFileType = sourcecode.swift; name = TransferOtherBankListViewController.swift; path = Controllers/TransferOtherBankListViewController.swift; sourceTree = "<group>"; };
		3566B9B41DB5E08E00486A61 /* TransferOtherBankListViewController.xib */ = {isa = PBXFileReference; fileEncoding = 4; lastKnownFileType = file.xib; name = TransferOtherBankListViewController.xib; path = Controllers/TransferOtherBankListViewController.xib; sourceTree = "<group>"; };
		357732AC1DBF62B300D10713 /* ListTransferViewController.swift */ = {isa = PBXFileReference; fileEncoding = 4; lastKnownFileType = sourcecode.swift; name = ListTransferViewController.swift; path = Controllers/ListTransferViewController.swift; sourceTree = "<group>"; };
		357732AD1DBF62B300D10713 /* ListTransferViewController.xib */ = {isa = PBXFileReference; fileEncoding = 4; lastKnownFileType = file.xib; name = ListTransferViewController.xib; path = Controllers/ListTransferViewController.xib; sourceTree = "<group>"; };
		35865FD61DBDAEB80019F0FE /* BalanceInfoViewController.swift */ = {isa = PBXFileReference; fileEncoding = 4; lastKnownFileType = sourcecode.swift; name = BalanceInfoViewController.swift; path = Controllers/BalanceInfoViewController.swift; sourceTree = "<group>"; };
		35865FD71DBDAEB80019F0FE /* BalanceInfoViewController.xib */ = {isa = PBXFileReference; fileEncoding = 4; lastKnownFileType = file.xib; name = BalanceInfoViewController.xib; path = Controllers/BalanceInfoViewController.xib; sourceTree = "<group>"; };
		35904FCE1DA3AC9B00BDD3AE /* StatusTransferViewController.swift */ = {isa = PBXFileReference; fileEncoding = 4; lastKnownFileType = sourcecode.swift; name = StatusTransferViewController.swift; path = Controllers/StatusTransferViewController.swift; sourceTree = "<group>"; };
		35904FCF1DA3AC9B00BDD3AE /* StatusTransferViewController.xib */ = {isa = PBXFileReference; fileEncoding = 4; lastKnownFileType = file.xib; name = StatusTransferViewController.xib; path = Controllers/StatusTransferViewController.xib; sourceTree = "<group>"; };
		35904FD21DA3ACCA00BDD3AE /* ConfirmationViewController.swift */ = {isa = PBXFileReference; fileEncoding = 4; lastKnownFileType = sourcecode.swift; name = ConfirmationViewController.swift; path = Controllers/ConfirmationViewController.swift; sourceTree = "<group>"; };
		35904FD31DA3ACCA00BDD3AE /* ConfirmationViewController.xib */ = {isa = PBXFileReference; fileEncoding = 4; lastKnownFileType = file.xib; name = ConfirmationViewController.xib; path = Controllers/ConfirmationViewController.xib; sourceTree = "<group>"; };
		35A1A61F1DB8C83C002E737D /* DetailPaymentPurchaseViewController.swift */ = {isa = PBXFileReference; fileEncoding = 4; lastKnownFileType = sourcecode.swift; name = DetailPaymentPurchaseViewController.swift; path = Controllers/DetailPaymentPurchaseViewController.swift; sourceTree = "<group>"; };
		35A1A6201DB8C83C002E737D /* DetailPaymentPurchaseViewController.xib */ = {isa = PBXFileReference; fileEncoding = 4; lastKnownFileType = file.xib; name = DetailPaymentPurchaseViewController.xib; path = Controllers/DetailPaymentPurchaseViewController.xib; sourceTree = "<group>"; };
		35A7AD001DBDDE8F000EDD39 /* TransactionHistoryViewController.swift */ = {isa = PBXFileReference; fileEncoding = 4; lastKnownFileType = sourcecode.swift; name = TransactionHistoryViewController.swift; path = Controllers/TransactionHistoryViewController.swift; sourceTree = "<group>"; };
		35A7AD011DBDDE8F000EDD39 /* TransactionHistoryViewController.xib */ = {isa = PBXFileReference; fileEncoding = 4; lastKnownFileType = file.xib; name = TransactionHistoryViewController.xib; path = Controllers/TransactionHistoryViewController.xib; sourceTree = "<group>"; };
		35A7AD061DBE0710000EDD39 /* ChangeMpinViewController.swift */ = {isa = PBXFileReference; fileEncoding = 4; lastKnownFileType = sourcecode.swift; name = ChangeMpinViewController.swift; path = Controllers/ChangeMpinViewController.swift; sourceTree = "<group>"; };
		35A7AD071DBE0710000EDD39 /* ChangeMpinViewController.xib */ = {isa = PBXFileReference; fileEncoding = 4; lastKnownFileType = file.xib; name = ChangeMpinViewController.xib; path = Controllers/ChangeMpinViewController.xib; sourceTree = "<group>"; };
		35E852791DA26E73002C10CD /* TransferBankViewController.swift */ = {isa = PBXFileReference; fileEncoding = 4; lastKnownFileType = sourcecode.swift; name = TransferBankViewController.swift; path = Controllers/TransferBankViewController.swift; sourceTree = "<group>"; };
		35E8527A1DA26E73002C10CD /* TransferBankViewController.xib */ = {isa = PBXFileReference; fileEncoding = 4; lastKnownFileType = file.xib; name = TransferBankViewController.xib; path = Controllers/TransferBankViewController.xib; sourceTree = "<group>"; };
		35F93ABD1D93870D00FF803A /* SplashScreenViewController.swift */ = {isa = PBXFileReference; fileEncoding = 4; lastKnownFileType = sourcecode.swift; name = SplashScreenViewController.swift; path = Controllers/SplashScreenViewController.swift; sourceTree = "<group>"; };
		35F93ABE1D93870D00FF803A /* SplashScreenViewController.xib */ = {isa = PBXFileReference; fileEncoding = 4; lastKnownFileType = file.xib; name = SplashScreenViewController.xib; path = Controllers/SplashScreenViewController.xib; sourceTree = "<group>"; };
		BE1772841D92859B00A27E06 /* Simaspay.app */ = {isa = PBXFileReference; explicitFileType = wrapper.application; includeInIndex = 0; path = Simaspay.app; sourceTree = BUILT_PRODUCTS_DIR; };
		BE1772871D92859B00A27E06 /* AppDelegate.swift */ = {isa = PBXFileReference; lastKnownFileType = sourcecode.swift; path = AppDelegate.swift; sourceTree = "<group>"; };
		BE17728E1D92859B00A27E06 /* Assets.xcassets */ = {isa = PBXFileReference; lastKnownFileType = folder.assetcatalog; path = Assets.xcassets; sourceTree = "<group>"; };
		BE1772911D92859B00A27E06 /* Base */ = {isa = PBXFileReference; lastKnownFileType = file.storyboard; name = Base; path = Base.lproj/LaunchScreen.storyboard; sourceTree = "<group>"; };
		BE1772931D92859B00A27E06 /* Info.plist */ = {isa = PBXFileReference; lastKnownFileType = text.plist.xml; path = Info.plist; sourceTree = "<group>"; };
		BE1772C11D9285DE00A27E06 /* DAFHTTPRequestOperation.h */ = {isa = PBXFileReference; fileEncoding = 4; lastKnownFileType = sourcecode.c.h; path = DAFHTTPRequestOperation.h; sourceTree = "<group>"; };
		BE1772C21D9285DE00A27E06 /* DAFHTTPRequestOperation.m */ = {isa = PBXFileReference; fileEncoding = 4; lastKnownFileType = sourcecode.c.objc; path = DAFHTTPRequestOperation.m; sourceTree = "<group>"; };
		BE1772C31D9285DE00A27E06 /* DAFHTTPRequestOperationManager.h */ = {isa = PBXFileReference; fileEncoding = 4; lastKnownFileType = sourcecode.c.h; path = DAFHTTPRequestOperationManager.h; sourceTree = "<group>"; };
		BE1772C41D9285DE00A27E06 /* DAFHTTPRequestOperationManager.m */ = {isa = PBXFileReference; fileEncoding = 4; lastKnownFileType = sourcecode.c.objc; path = DAFHTTPRequestOperationManager.m; sourceTree = "<group>"; };
		BE1772C51D9285DE00A27E06 /* DAFHTTPSessionManager.h */ = {isa = PBXFileReference; fileEncoding = 4; lastKnownFileType = sourcecode.c.h; path = DAFHTTPSessionManager.h; sourceTree = "<group>"; };
		BE1772C61D9285DE00A27E06 /* DAFHTTPSessionManager.m */ = {isa = PBXFileReference; fileEncoding = 4; lastKnownFileType = sourcecode.c.objc; path = DAFHTTPSessionManager.m; sourceTree = "<group>"; };
		BE1772C71D9285DE00A27E06 /* DAFNetworking.h */ = {isa = PBXFileReference; fileEncoding = 4; lastKnownFileType = sourcecode.c.h; path = DAFNetworking.h; sourceTree = "<group>"; };
		BE1772C81D9285DE00A27E06 /* DAFNetworkReachabilityManager.h */ = {isa = PBXFileReference; fileEncoding = 4; lastKnownFileType = sourcecode.c.h; path = DAFNetworkReachabilityManager.h; sourceTree = "<group>"; };
		BE1772C91D9285DE00A27E06 /* DAFNetworkReachabilityManager.m */ = {isa = PBXFileReference; fileEncoding = 4; lastKnownFileType = sourcecode.c.objc; path = DAFNetworkReachabilityManager.m; sourceTree = "<group>"; };
		BE1772CA1D9285DE00A27E06 /* DAFSecurityPolicy.h */ = {isa = PBXFileReference; fileEncoding = 4; lastKnownFileType = sourcecode.c.h; path = DAFSecurityPolicy.h; sourceTree = "<group>"; };
		BE1772CB1D9285DE00A27E06 /* DAFSecurityPolicy.m */ = {isa = PBXFileReference; fileEncoding = 4; lastKnownFileType = sourcecode.c.objc; path = DAFSecurityPolicy.m; sourceTree = "<group>"; };
		BE1772CC1D9285DE00A27E06 /* DAFURLConnectionOperation.h */ = {isa = PBXFileReference; fileEncoding = 4; lastKnownFileType = sourcecode.c.h; path = DAFURLConnectionOperation.h; sourceTree = "<group>"; };
		BE1772CD1D9285DE00A27E06 /* DAFURLConnectionOperation.m */ = {isa = PBXFileReference; fileEncoding = 4; lastKnownFileType = sourcecode.c.objc; path = DAFURLConnectionOperation.m; sourceTree = "<group>"; };
		BE1772CE1D9285DE00A27E06 /* DAFURLRequestSerialization.h */ = {isa = PBXFileReference; fileEncoding = 4; lastKnownFileType = sourcecode.c.h; path = DAFURLRequestSerialization.h; sourceTree = "<group>"; };
		BE1772CF1D9285DE00A27E06 /* DAFURLRequestSerialization.m */ = {isa = PBXFileReference; fileEncoding = 4; lastKnownFileType = sourcecode.c.objc; path = DAFURLRequestSerialization.m; sourceTree = "<group>"; };
		BE1772D01D9285DE00A27E06 /* DAFURLResponseSerialization.h */ = {isa = PBXFileReference; fileEncoding = 4; lastKnownFileType = sourcecode.c.h; path = DAFURLResponseSerialization.h; sourceTree = "<group>"; };
		BE1772D11D9285DE00A27E06 /* DAFURLResponseSerialization.m */ = {isa = PBXFileReference; fileEncoding = 4; lastKnownFileType = sourcecode.c.objc; path = DAFURLResponseSerialization.m; sourceTree = "<group>"; };
		BE1772D21D9285DE00A27E06 /* DAFURLSessionManager.h */ = {isa = PBXFileReference; fileEncoding = 4; lastKnownFileType = sourcecode.c.h; path = DAFURLSessionManager.h; sourceTree = "<group>"; };
		BE1772D31D9285DE00A27E06 /* DAFURLSessionManager.m */ = {isa = PBXFileReference; fileEncoding = 4; lastKnownFileType = sourcecode.c.objc; path = DAFURLSessionManager.m; sourceTree = "<group>"; };
		BE1772D41D9285DE00A27E06 /* DReachability.h */ = {isa = PBXFileReference; fileEncoding = 4; lastKnownFileType = sourcecode.c.h; path = DReachability.h; sourceTree = "<group>"; };
		BE1772D51D9285DE00A27E06 /* DReachability.m */ = {isa = PBXFileReference; fileEncoding = 4; lastKnownFileType = sourcecode.c.objc; path = DReachability.m; sourceTree = "<group>"; };
		BE1772D71D9285DE00A27E06 /* DMBProgressHUD.h */ = {isa = PBXFileReference; fileEncoding = 4; lastKnownFileType = sourcecode.c.h; path = DMBProgressHUD.h; sourceTree = "<group>"; };
		BE1772D81D9285DE00A27E06 /* DMBProgressHUD.m */ = {isa = PBXFileReference; fileEncoding = 4; lastKnownFileType = sourcecode.c.objc; path = DMBProgressHUD.m; sourceTree = "<group>"; };
		BE1773211D9286EE00A27E06 /* Dimo-Bridging-Header.h */ = {isa = PBXFileReference; lastKnownFileType = sourcecode.c.h; path = "Dimo-Bridging-Header.h"; sourceTree = "<group>"; };
		BE204A721D9396510013A483 /* Utilities.swift */ = {isa = PBXFileReference; fileEncoding = 4; lastKnownFileType = sourcecode.swift; name = Utilities.swift; path = "Base Objects/Utilities.swift"; sourceTree = "<group>"; };
		BE204A771D93CBFB0013A483 /* BaseTextField.swift */ = {isa = PBXFileReference; fileEncoding = 4; lastKnownFileType = sourcecode.swift; name = BaseTextField.swift; path = "Base Objects/BaseTextField.swift"; sourceTree = "<group>"; };
		BE204A7B1D93CC9C0013A483 /* EULAViewController.swift */ = {isa = PBXFileReference; fileEncoding = 4; lastKnownFileType = sourcecode.swift; path = EULAViewController.swift; sourceTree = "<group>"; };
		BE204A7C1D93CC9C0013A483 /* EULAViewController.xib */ = {isa = PBXFileReference; fileEncoding = 4; lastKnownFileType = file.xib; path = EULAViewController.xib; sourceTree = "<group>"; };
		BE204A7F1D93CCAE0013A483 /* ActivationViewController.swift */ = {isa = PBXFileReference; fileEncoding = 4; lastKnownFileType = sourcecode.swift; path = ActivationViewController.swift; sourceTree = "<group>"; };
		BE204A801D93CCAE0013A483 /* ActivationViewController.xib */ = {isa = PBXFileReference; fileEncoding = 4; lastKnownFileType = file.xib; path = ActivationViewController.xib; sourceTree = "<group>"; };
		BE204A851D93D5A00013A483 /* Constants.swift */ = {isa = PBXFileReference; fileEncoding = 4; lastKnownFileType = sourcecode.swift; name = Constants.swift; path = Manager/Constants.swift; sourceTree = "<group>"; };
		BE204A871D94C9CD0013A483 /* XMLReader.h */ = {isa = PBXFileReference; fileEncoding = 4; lastKnownFileType = sourcecode.c.h; path = XMLReader.h; sourceTree = "<group>"; };
		BE204A881D94C9CD0013A483 /* XMLReader.m */ = {isa = PBXFileReference; fileEncoding = 4; lastKnownFileType = sourcecode.c.objc; path = XMLReader.m; sourceTree = "<group>"; };
		BE204A8A1D94CEEC0013A483 /* XRSA.h */ = {isa = PBXFileReference; fileEncoding = 4; lastKnownFileType = sourcecode.c.h; path = XRSA.h; sourceTree = "<group>"; };
		BE204A8B1D94CEEC0013A483 /* XRSA.m */ = {isa = PBXFileReference; fileEncoding = 4; lastKnownFileType = sourcecode.c.objc; path = XRSA.m; sourceTree = "<group>"; };
		BE9D02FA1D94DA1D0070894E /* HomeViewController.swift */ = {isa = PBXFileReference; fileEncoding = 4; lastKnownFileType = sourcecode.swift; name = HomeViewController.swift; path = "Controllers/HOME & MENU/HomeViewController.swift"; sourceTree = "<group>"; };
		BE9D02FB1D94DA1D0070894E /* HomeViewController.xib */ = {isa = PBXFileReference; fileEncoding = 4; lastKnownFileType = file.xib; name = HomeViewController.xib; path = "Controllers/HOME & MENU/HomeViewController.xib"; sourceTree = "<group>"; };
		BE9D02FE1D94DA7F0070894E /* BasicEncodingRules.h */ = {isa = PBXFileReference; fileEncoding = 4; lastKnownFileType = sourcecode.c.h; path = BasicEncodingRules.h; sourceTree = "<group>"; };
		BE9D02FF1D94DA7F0070894E /* BasicEncodingRules.m */ = {isa = PBXFileReference; fileEncoding = 4; lastKnownFileType = sourcecode.c.objc; path = BasicEncodingRules.m; sourceTree = "<group>"; };
		BE9D03001D94DA7F0070894E /* NSData+Base64Extention.m */ = {isa = PBXFileReference; fileEncoding = 4; lastKnownFileType = sourcecode.c.objc; path = "NSData+Base64Extention.m"; sourceTree = "<group>"; };
		BE9D03011D94DA7F0070894E /* NSData+Base64Extention.h */ = {isa = PBXFileReference; fileEncoding = 4; lastKnownFileType = sourcecode.c.h; path = "NSData+Base64Extention.h"; sourceTree = "<group>"; };
		BE9D03041D94E14C0070894E /* ContactUSViewController.swift */ = {isa = PBXFileReference; fileEncoding = 4; lastKnownFileType = sourcecode.swift; path = ContactUSViewController.swift; sourceTree = "<group>"; };
		BE9D03051D94E14C0070894E /* ContactUSViewController.xib */ = {isa = PBXFileReference; fileEncoding = 4; lastKnownFileType = file.xib; path = ContactUSViewController.xib; sourceTree = "<group>"; };
		BE9D03081D94E16B0070894E /* ActivationPinViewController.swift */ = {isa = PBXFileReference; fileEncoding = 4; lastKnownFileType = sourcecode.swift; path = ActivationPinViewController.swift; sourceTree = "<group>"; };
		BE9D03091D94E16B0070894E /* ActivationPinViewController.xib */ = {isa = PBXFileReference; fileEncoding = 4; lastKnownFileType = file.xib; path = ActivationPinViewController.xib; sourceTree = "<group>"; };
		BE9D030C1D94E18D0070894E /* ActivationSuccessViewController.swift */ = {isa = PBXFileReference; fileEncoding = 4; lastKnownFileType = sourcecode.swift; path = ActivationSuccessViewController.swift; sourceTree = "<group>"; };
		BE9D030D1D94E18D0070894E /* ActivationSuccessViewController.xib */ = {isa = PBXFileReference; fileEncoding = 4; lastKnownFileType = file.xib; path = ActivationSuccessViewController.xib; sourceTree = "<group>"; };
		BEC415DC1D928E18000C3CF4 /* LoginViewController.swift */ = {isa = PBXFileReference; fileEncoding = 4; lastKnownFileType = sourcecode.swift; path = LoginViewController.swift; sourceTree = "<group>"; };
		BEC415DD1D928E18000C3CF4 /* LoginViewController.xib */ = {isa = PBXFileReference; fileEncoding = 4; lastKnownFileType = file.xib; path = LoginViewController.xib; sourceTree = "<group>"; };
		BEC415E01D928E84000C3CF4 /* BaseLabel.swift */ = {isa = PBXFileReference; fileEncoding = 4; lastKnownFileType = sourcecode.swift; name = BaseLabel.swift; path = "Base Objects/BaseLabel.swift"; sourceTree = "<group>"; };
		BEC415E21D928E92000C3CF4 /* BaseViewController.swift */ = {isa = PBXFileReference; fileEncoding = 4; lastKnownFileType = sourcecode.swift; name = BaseViewController.swift; path = "Base Objects/BaseViewController.swift"; sourceTree = "<group>"; };
		BEC415E61D929544000C3CF4 /* BaseButton.swift */ = {isa = PBXFileReference; fileEncoding = 4; lastKnownFileType = sourcecode.swift; name = BaseButton.swift; path = "Base Objects/BaseButton.swift"; sourceTree = "<group>"; };
		BEC415EA1D938201000C3CF4 /* ColorManager.swift */ = {isa = PBXFileReference; fileEncoding = 4; lastKnownFileType = sourcecode.swift; name = ColorManager.swift; path = Manager/ColorManager.swift; sourceTree = "<group>"; };
		BEC415F01D9385B9000C3CF4 /* DIMOAlertView.h */ = {isa = PBXFileReference; fileEncoding = 4; lastKnownFileType = sourcecode.c.h; name = DIMOAlertView.h; path = "Simaspay/Managers-DIMO/DIMOAlertView.h"; sourceTree = SOURCE_ROOT; };
		BEC415F11D9385B9000C3CF4 /* DIMOAlertView.m */ = {isa = PBXFileReference; fileEncoding = 4; lastKnownFileType = sourcecode.c.objc; name = DIMOAlertView.m; path = "Simaspay/Managers-DIMO/DIMOAlertView.m"; sourceTree = SOURCE_ROOT; };
		BEC415F21D9385B9000C3CF4 /* DIMOAPIManager.h */ = {isa = PBXFileReference; fileEncoding = 4; lastKnownFileType = sourcecode.c.h; name = DIMOAPIManager.h; path = "Simaspay/Managers-DIMO/DIMOAPIManager.h"; sourceTree = SOURCE_ROOT; };
		BEC415F31D9385B9000C3CF4 /* DIMOAPIManager.m */ = {isa = PBXFileReference; fileEncoding = 4; lastKnownFileType = sourcecode.c.objc; name = DIMOAPIManager.m; path = "Simaspay/Managers-DIMO/DIMOAPIManager.m"; sourceTree = SOURCE_ROOT; };
		BEC415F41D9385B9000C3CF4 /* DIMOLocationManager.h */ = {isa = PBXFileReference; fileEncoding = 4; lastKnownFileType = sourcecode.c.h; name = DIMOLocationManager.h; path = "Simaspay/Managers-DIMO/DIMOLocationManager.h"; sourceTree = SOURCE_ROOT; };
		BEC415F51D9385B9000C3CF4 /* DIMOLocationManager.m */ = {isa = PBXFileReference; fileEncoding = 4; lastKnownFileType = sourcecode.c.objc; name = DIMOLocationManager.m; path = "Simaspay/Managers-DIMO/DIMOLocationManager.m"; sourceTree = SOURCE_ROOT; };
		BEC415F61D9385B9000C3CF4 /* DIMOPreloader.h */ = {isa = PBXFileReference; fileEncoding = 4; lastKnownFileType = sourcecode.c.h; name = DIMOPreloader.h; path = "Simaspay/Managers-DIMO/DIMOPreloader.h"; sourceTree = SOURCE_ROOT; };
		BEC415F71D9385B9000C3CF4 /* DIMOPreloader.m */ = {isa = PBXFileReference; fileEncoding = 4; lastKnownFileType = sourcecode.c.objc; name = DIMOPreloader.m; path = "Simaspay/Managers-DIMO/DIMOPreloader.m"; sourceTree = SOURCE_ROOT; };
		BEC415F81D9385B9000C3CF4 /* DIMOUtility.h */ = {isa = PBXFileReference; fileEncoding = 4; lastKnownFileType = sourcecode.c.h; name = DIMOUtility.h; path = "Simaspay/Managers-DIMO/DIMOUtility.h"; sourceTree = SOURCE_ROOT; };
		BEC415F91D9385B9000C3CF4 /* DIMOUtility.m */ = {isa = PBXFileReference; fileEncoding = 4; lastKnownFileType = sourcecode.c.objc; name = DIMOUtility.m; path = "Simaspay/Managers-DIMO/DIMOUtility.m"; sourceTree = SOURCE_ROOT; };
		BEC415FC1D9385B9000C3CF4 /* Base */ = {isa = PBXFileReference; lastKnownFileType = text.plist.strings; name = Base; path = Base.lproj/ENGLISH.strings; sourceTree = "<group>"; };
		BEC415FE1D9385B9000C3CF4 /* Base */ = {isa = PBXFileReference; lastKnownFileType = text.plist.strings; name = Base; path = Base.lproj/INDONESIAN.strings; sourceTree = "<group>"; };
		BEC415FF1D9385B9000C3CF4 /* UserDefault.h */ = {isa = PBXFileReference; fileEncoding = 4; lastKnownFileType = sourcecode.c.h; name = UserDefault.h; path = "Simaspay/Managers-DIMO/UserDefault.h"; sourceTree = SOURCE_ROOT; };
		BEC416001D9385B9000C3CF4 /* UserDefault.m */ = {isa = PBXFileReference; fileEncoding = 4; lastKnownFileType = sourcecode.c.objc; name = UserDefault.m; path = "Simaspay/Managers-DIMO/UserDefault.m"; sourceTree = SOURCE_ROOT; };
		BEC416091D9385D2000C3CF4 /* CategoriesManager.swift */ = {isa = PBXFileReference; fileEncoding = 4; lastKnownFileType = sourcecode.swift; name = CategoriesManager.swift; path = Manager/CategoriesManager.swift; sourceTree = "<group>"; };
/* End PBXFileReference section */

/* Begin PBXFrameworksBuildPhase section */
		BE1772811D92859B00A27E06 /* Frameworks */ = {
			isa = PBXFrameworksBuildPhase;
			buildActionMask = 2147483647;
			files = (
			);
			runOnlyForDeploymentPostprocessing = 0;
		};
/* End PBXFrameworksBuildPhase section */

/* Begin PBXGroup section */
		3578B6971DC0667A002519BB /* TRANSFER BANK */ = {
			isa = PBXGroup;
			children = (
				357732AC1DBF62B300D10713 /* ListTransferViewController.swift */,
				357732AD1DBF62B300D10713 /* ListTransferViewController.xib */,
				3566B9B31DB5E08E00486A61 /* TransferOtherBankListViewController.swift */,
				3566B9B41DB5E08E00486A61 /* TransferOtherBankListViewController.xib */,
				35E852791DA26E73002C10CD /* TransferBankViewController.swift */,
				35E8527A1DA26E73002C10CD /* TransferBankViewController.xib */,
			);
			name = "TRANSFER BANK";
			sourceTree = "<group>";
		};
		3578B6981DC0673A002519BB /* PAYMENT PURCHASE */ = {
			isa = PBXGroup;
			children = (
				3535692B1DB74CE000F85A72 /* PaymentPurchaseViewController.swift */,
				3535692C1DB74CE000F85A72 /* PaymentPurchaseViewController.xib */,
				35A1A61F1DB8C83C002E737D /* DetailPaymentPurchaseViewController.swift */,
				35A1A6201DB8C83C002E737D /* DetailPaymentPurchaseViewController.xib */,
			);
			name = "PAYMENT PURCHASE";
			sourceTree = "<group>";
		};
		3578B6991DC09DEA002519BB /* CONFIRMATION STATUS */ = {
			isa = PBXGroup;
			children = (
				35904FD21DA3ACCA00BDD3AE /* ConfirmationViewController.swift */,
				35904FD31DA3ACCA00BDD3AE /* ConfirmationViewController.xib */,
				35904FCE1DA3AC9B00BDD3AE /* StatusTransferViewController.swift */,
				35904FCF1DA3AC9B00BDD3AE /* StatusTransferViewController.xib */,
			);
			name = "CONFIRMATION STATUS";
			sourceTree = "<group>";
		};
		BE17727B1D92859B00A27E06 = {
			isa = PBXGroup;
			children = (
				BE1773211D9286EE00A27E06 /* Dimo-Bridging-Header.h */,
				BE1772BF1D9285DE00A27E06 /* Thirdparties */,
				BE1772D91D9285DE00A27E06 /* Managers-DIMO */,
				BE1772861D92859B00A27E06 /* Simaspay */,
				BE1772851D92859B00A27E06 /* Products */,
			);
			sourceTree = "<group>";
		};
		BE1772851D92859B00A27E06 /* Products */ = {
			isa = PBXGroup;
			children = (
				BE1772841D92859B00A27E06 /* Simaspay.app */,
			);
			name = Products;
			sourceTree = "<group>";
		};
		BE1772861D92859B00A27E06 /* Simaspay */ = {
			isa = PBXGroup;
			children = (
				BEC415E81D938173000C3CF4 /* Manager */,
				BEC415D71D928D72000C3CF4 /* Base Objects */,
				BE17731A1D92864800A27E06 /* Controllers */,
				BE1772871D92859B00A27E06 /* AppDelegate.swift */,
				BE17728E1D92859B00A27E06 /* Assets.xcassets */,
				BE1772901D92859B00A27E06 /* LaunchScreen.storyboard */,
				BE1772931D92859B00A27E06 /* Info.plist */,
			);
			path = Simaspay;
			sourceTree = "<group>";
		};
		BE1772BF1D9285DE00A27E06 /* Thirdparties */ = {
			isa = PBXGroup;
			children = (
				BE1772C01D9285DE00A27E06 /* AFNetworking */,
				BE1772D41D9285DE00A27E06 /* DReachability.h */,
				BE1772D51D9285DE00A27E06 /* DReachability.m */,
				BE204A871D94C9CD0013A483 /* XMLReader.h */,
				BE204A881D94C9CD0013A483 /* XMLReader.m */,
				BE204A8A1D94CEEC0013A483 /* XRSA.h */,
				BE204A8B1D94CEEC0013A483 /* XRSA.m */,
				BE9D02FE1D94DA7F0070894E /* BasicEncodingRules.h */,
				BE9D02FF1D94DA7F0070894E /* BasicEncodingRules.m */,
				BE9D03001D94DA7F0070894E /* NSData+Base64Extention.m */,
				BE9D03011D94DA7F0070894E /* NSData+Base64Extention.h */,
				BE1772D61D9285DE00A27E06 /* ProgressHUD */,
			);
			name = Thirdparties;
			path = Simaspay/Thirdparties;
			sourceTree = "<group>";
		};
		BE1772C01D9285DE00A27E06 /* AFNetworking */ = {
			isa = PBXGroup;
			children = (
				BE1772C11D9285DE00A27E06 /* DAFHTTPRequestOperation.h */,
				BE1772C21D9285DE00A27E06 /* DAFHTTPRequestOperation.m */,
				BE1772C31D9285DE00A27E06 /* DAFHTTPRequestOperationManager.h */,
				BE1772C41D9285DE00A27E06 /* DAFHTTPRequestOperationManager.m */,
				BE1772C51D9285DE00A27E06 /* DAFHTTPSessionManager.h */,
				BE1772C61D9285DE00A27E06 /* DAFHTTPSessionManager.m */,
				BE1772C71D9285DE00A27E06 /* DAFNetworking.h */,
				BE1772C81D9285DE00A27E06 /* DAFNetworkReachabilityManager.h */,
				BE1772C91D9285DE00A27E06 /* DAFNetworkReachabilityManager.m */,
				BE1772CA1D9285DE00A27E06 /* DAFSecurityPolicy.h */,
				BE1772CB1D9285DE00A27E06 /* DAFSecurityPolicy.m */,
				BE1772CC1D9285DE00A27E06 /* DAFURLConnectionOperation.h */,
				BE1772CD1D9285DE00A27E06 /* DAFURLConnectionOperation.m */,
				BE1772CE1D9285DE00A27E06 /* DAFURLRequestSerialization.h */,
				BE1772CF1D9285DE00A27E06 /* DAFURLRequestSerialization.m */,
				BE1772D01D9285DE00A27E06 /* DAFURLResponseSerialization.h */,
				BE1772D11D9285DE00A27E06 /* DAFURLResponseSerialization.m */,
				BE1772D21D9285DE00A27E06 /* DAFURLSessionManager.h */,
				BE1772D31D9285DE00A27E06 /* DAFURLSessionManager.m */,
			);
			path = AFNetworking;
			sourceTree = "<group>";
		};
		BE1772D61D9285DE00A27E06 /* ProgressHUD */ = {
			isa = PBXGroup;
			children = (
				BE1772D71D9285DE00A27E06 /* DMBProgressHUD.h */,
				BE1772D81D9285DE00A27E06 /* DMBProgressHUD.m */,
			);
			path = ProgressHUD;
			sourceTree = "<group>";
		};
		BE1772D91D9285DE00A27E06 /* Managers-DIMO */ = {
			isa = PBXGroup;
			children = (
				BEC415FA1D9385B9000C3CF4 /* Strings */,
				BEC415F01D9385B9000C3CF4 /* DIMOAlertView.h */,
				BEC415F11D9385B9000C3CF4 /* DIMOAlertView.m */,
				BEC415F21D9385B9000C3CF4 /* DIMOAPIManager.h */,
				BEC415F31D9385B9000C3CF4 /* DIMOAPIManager.m */,
				BEC415F41D9385B9000C3CF4 /* DIMOLocationManager.h */,
				BEC415F51D9385B9000C3CF4 /* DIMOLocationManager.m */,
				BEC415F61D9385B9000C3CF4 /* DIMOPreloader.h */,
				BEC415F71D9385B9000C3CF4 /* DIMOPreloader.m */,
				BEC415F81D9385B9000C3CF4 /* DIMOUtility.h */,
				BEC415F91D9385B9000C3CF4 /* DIMOUtility.m */,
				BEC415FF1D9385B9000C3CF4 /* UserDefault.h */,
				BEC416001D9385B9000C3CF4 /* UserDefault.m */,
			);
			name = "Managers-DIMO";
			path = Simaspay/Managers;
			sourceTree = "<group>";
		};
		BE17731A1D92864800A27E06 /* Controllers */ = {
			isa = PBXGroup;
			children = (
				35F93ABD1D93870D00FF803A /* SplashScreenViewController.swift */,
				35F93ABE1D93870D00FF803A /* SplashScreenViewController.xib */,
				BE17731C1D92867900A27E06 /* Login and activation */,
				BE204A911D94D7CA0013A483 /* HOME & MENU */,
				3578B6971DC0667A002519BB /* TRANSFER BANK */,
				3578B6981DC0673A002519BB /* PAYMENT PURCHASE */,
				3578B6991DC09DEA002519BB /* CONFIRMATION STATUS */,
				35865FD61DBDAEB80019F0FE /* BalanceInfoViewController.swift */,
				35865FD71DBDAEB80019F0FE /* BalanceInfoViewController.xib */,
				35A7AD001DBDDE8F000EDD39 /* TransactionHistoryViewController.swift */,
				35A7AD011DBDDE8F000EDD39 /* TransactionHistoryViewController.xib */,
				35A7AD061DBE0710000EDD39 /* ChangeMpinViewController.swift */,
				35A7AD071DBE0710000EDD39 /* ChangeMpinViewController.xib */,
			);
			name = Controllers;
			sourceTree = "<group>";
		};
		BE17731C1D92867900A27E06 /* Login and activation */ = {
			isa = PBXGroup;
			children = (
				BEC415DC1D928E18000C3CF4 /* LoginViewController.swift */,
				BEC415DD1D928E18000C3CF4 /* LoginViewController.xib */,
				BE204A7B1D93CC9C0013A483 /* EULAViewController.swift */,
				BE204A7C1D93CC9C0013A483 /* EULAViewController.xib */,
				BE204A7F1D93CCAE0013A483 /* ActivationViewController.swift */,
				BE204A801D93CCAE0013A483 /* ActivationViewController.xib */,
				BE9D03081D94E16B0070894E /* ActivationPinViewController.swift */,
				BE9D03091D94E16B0070894E /* ActivationPinViewController.xib */,
				BE9D030C1D94E18D0070894E /* ActivationSuccessViewController.swift */,
				BE9D030D1D94E18D0070894E /* ActivationSuccessViewController.xib */,
				BE9D03041D94E14C0070894E /* ContactUSViewController.swift */,
				BE9D03051D94E14C0070894E /* ContactUSViewController.xib */,
			);
			name = "Login and activation";
			path = "Controllers/Login and activation";
			sourceTree = "<group>";
		};
		BE204A911D94D7CA0013A483 /* HOME & MENU */ = {
			isa = PBXGroup;
			children = (
				BE9D02FA1D94DA1D0070894E /* HomeViewController.swift */,
				BE9D02FB1D94DA1D0070894E /* HomeViewController.xib */,
			);
			name = "HOME & MENU";
			sourceTree = "<group>";
		};
		BEC415D71D928D72000C3CF4 /* Base Objects */ = {
			isa = PBXGroup;
			children = (
				BE204A721D9396510013A483 /* Utilities.swift */,
				BEC415E21D928E92000C3CF4 /* BaseViewController.swift */,
				BEC415E01D928E84000C3CF4 /* BaseLabel.swift */,
				BEC415E61D929544000C3CF4 /* BaseButton.swift */,
				BE204A771D93CBFB0013A483 /* BaseTextField.swift */,
			);
			name = "Base Objects";
			sourceTree = "<group>";
		};
		BEC415E81D938173000C3CF4 /* Manager */ = {
			isa = PBXGroup;
			children = (
				BEC416091D9385D2000C3CF4 /* CategoriesManager.swift */,
				BEC415EA1D938201000C3CF4 /* ColorManager.swift */,
				BE204A851D93D5A00013A483 /* Constants.swift */,
			);
			name = Manager;
			sourceTree = "<group>";
		};
		BEC415FA1D9385B9000C3CF4 /* Strings */ = {
			isa = PBXGroup;
			children = (
				BEC415FB1D9385B9000C3CF4 /* ENGLISH.strings */,
				BEC415FD1D9385B9000C3CF4 /* INDONESIAN.strings */,
			);
			name = Strings;
			path = "Simaspay/Managers-DIMO/Strings";
			sourceTree = SOURCE_ROOT;
		};
/* End PBXGroup section */

/* Begin PBXNativeTarget section */
		BE1772831D92859B00A27E06 /* Simaspay */ = {
			isa = PBXNativeTarget;
			buildConfigurationList = BE1772961D92859B00A27E06 /* Build configuration list for PBXNativeTarget "Simaspay" */;
			buildPhases = (
				BE1772801D92859B00A27E06 /* Sources */,
				BE1772811D92859B00A27E06 /* Frameworks */,
				BE1772821D92859B00A27E06 /* Resources */,
			);
			buildRules = (
			);
			dependencies = (
			);
			name = Simaspay;
			productName = Simaspay;
			productReference = BE1772841D92859B00A27E06 /* Simaspay.app */;
			productType = "com.apple.product-type.application";
		};
/* End PBXNativeTarget section */

/* Begin PBXProject section */
		BE17727C1D92859B00A27E06 /* Project object */ = {
			isa = PBXProject;
			attributes = {
				LastSwiftUpdateCheck = 0730;
				LastUpgradeCheck = 0730;
				ORGANIZATIONNAME = "Kendy Susantho";
				TargetAttributes = {
					BE1772831D92859B00A27E06 = {
						CreatedOnToolsVersion = 7.3;
						DevelopmentTeam = R76ECPX6J8;
						LastSwiftMigration = 0800;
					};
				};
			};
			buildConfigurationList = BE17727F1D92859B00A27E06 /* Build configuration list for PBXProject "Simaspay" */;
			compatibilityVersion = "Xcode 3.2";
			developmentRegion = English;
			hasScannedForEncodings = 0;
			knownRegions = (
				en,
				Base,
			);
			mainGroup = BE17727B1D92859B00A27E06;
			productRefGroup = BE1772851D92859B00A27E06 /* Products */;
			projectDirPath = "";
			projectRoot = "";
			targets = (
				BE1772831D92859B00A27E06 /* Simaspay */,
			);
		};
/* End PBXProject section */

/* Begin PBXResourcesBuildPhase section */
		BE1772821D92859B00A27E06 /* Resources */ = {
			isa = PBXResourcesBuildPhase;
			buildActionMask = 2147483647;
			files = (
				BEC415DF1D928E18000C3CF4 /* LoginViewController.xib in Resources */,
				BE9D03071D94E14C0070894E /* ContactUSViewController.xib in Resources */,
				BEC416061D9385B9000C3CF4 /* ENGLISH.strings in Resources */,
				35865FD91DBDAEB80019F0FE /* BalanceInfoViewController.xib in Resources */,
				35A7AD031DBDDE8F000EDD39 /* TransactionHistoryViewController.xib in Resources */,
				35A1A6221DB8C83C002E737D /* DetailPaymentPurchaseViewController.xib in Resources */,
				BE1772921D92859B00A27E06 /* LaunchScreen.storyboard in Resources */,
				35F93AC01D93870D00FF803A /* SplashScreenViewController.xib in Resources */,
				BE204A7E1D93CC9C0013A483 /* EULAViewController.xib in Resources */,
				3566B9B61DB5E08E00486A61 /* TransferOtherBankListViewController.xib in Resources */,
				35904FD51DA3ACCA00BDD3AE /* ConfirmationViewController.xib in Resources */,
				BE9D030F1D94E18D0070894E /* ActivationSuccessViewController.xib in Resources */,
				35E8527C1DA26E73002C10CD /* TransferBankViewController.xib in Resources */,
				BEC416071D9385B9000C3CF4 /* INDONESIAN.strings in Resources */,
				35A7AD091DBE0710000EDD39 /* ChangeMpinViewController.xib in Resources */,
				35904FD11DA3AC9B00BDD3AE /* StatusTransferViewController.xib in Resources */,
				BE204A821D93CCAE0013A483 /* ActivationViewController.xib in Resources */,
				357732AF1DBF62B300D10713 /* ListTransferViewController.xib in Resources */,
				BE17728F1D92859B00A27E06 /* Assets.xcassets in Resources */,
				BE9D02FD1D94DA1D0070894E /* HomeViewController.xib in Resources */,
				3535692E1DB74CE000F85A72 /* PaymentPurchaseViewController.xib in Resources */,
				BE9D030B1D94E16B0070894E /* ActivationPinViewController.xib in Resources */,
			);
			runOnlyForDeploymentPostprocessing = 0;
		};
/* End PBXResourcesBuildPhase section */

/* Begin PBXSourcesBuildPhase section */
		BE1772801D92859B00A27E06 /* Sources */ = {
			isa = PBXSourcesBuildPhase;
			buildActionMask = 2147483647;
			files = (
				35904FD41DA3ACCA00BDD3AE /* ConfirmationViewController.swift in Sources */,
				BEC415DE1D928E18000C3CF4 /* LoginViewController.swift in Sources */,
				BE1773011D9285DE00A27E06 /* DAFHTTPRequestOperationManager.m in Sources */,
				BEC415E41D928E92000C3CF4 /* BaseViewController.swift in Sources */,
				35A7AD081DBE0710000EDD39 /* ChangeMpinViewController.swift in Sources */,
				35E8527B1DA26E73002C10CD /* TransferBankViewController.swift in Sources */,
				35865FD81DBDAEB80019F0FE /* BalanceInfoViewController.swift in Sources */,
				35F93ABF1D93870D00FF803A /* SplashScreenViewController.swift in Sources */,
				BE9D030E1D94E18D0070894E /* ActivationSuccessViewController.swift in Sources */,
				35A7AD021DBDDE8F000EDD39 /* TransactionHistoryViewController.swift in Sources */,
				3535692D1DB74CE000F85A72 /* PaymentPurchaseViewController.swift in Sources */,
				BE204A731D9396510013A483 /* Utilities.swift in Sources */,
				BE9D03021D94DA7F0070894E /* BasicEncodingRules.m in Sources */,
				BE204A7D1D93CC9C0013A483 /* EULAViewController.swift in Sources */,
				35904FD01DA3AC9B00BDD3AE /* StatusTransferViewController.swift in Sources */,
				BE1773041D9285DE00A27E06 /* DAFSecurityPolicy.m in Sources */,
				BEC416031D9385B9000C3CF4 /* DIMOLocationManager.m in Sources */,
				BE204A861D93D5A00013A483 /* Constants.swift in Sources */,
				35A1A6211DB8C83C002E737D /* DetailPaymentPurchaseViewController.swift in Sources */,
				3566B9B51DB5E08E00486A61 /* TransferOtherBankListViewController.swift in Sources */,
				BE1773091D9285DE00A27E06 /* DReachability.m in Sources */,
				BE1773081D9285DE00A27E06 /* DAFURLSessionManager.m in Sources */,
				357732AE1DBF62B300D10713 /* ListTransferViewController.swift in Sources */,
				BEC415E71D929544000C3CF4 /* BaseButton.swift in Sources */,
				BE1773021D9285DE00A27E06 /* DAFHTTPSessionManager.m in Sources */,
				BE1772881D92859B00A27E06 /* AppDelegate.swift in Sources */,
				BE9D03061D94E14C0070894E /* ContactUSViewController.swift in Sources */,
				BE1773001D9285DE00A27E06 /* DAFHTTPRequestOperation.m in Sources */,
				BEC4160A1D9385D2000C3CF4 /* CategoriesManager.swift in Sources */,
				BEC416051D9385B9000C3CF4 /* DIMOUtility.m in Sources */,
				BE204A811D93CCAE0013A483 /* ActivationViewController.swift in Sources */,
				BE9D030A1D94E16B0070894E /* ActivationPinViewController.swift in Sources */,
				BEC416081D9385B9000C3CF4 /* UserDefault.m in Sources */,
				BEC415EB1D938201000C3CF4 /* ColorManager.swift in Sources */,
				BE1773071D9285DE00A27E06 /* DAFURLResponseSerialization.m in Sources */,
				BEC416011D9385B9000C3CF4 /* DIMOAlertView.m in Sources */,
				BEC416041D9385B9000C3CF4 /* DIMOPreloader.m in Sources */,
				BE1773051D9285DE00A27E06 /* DAFURLConnectionOperation.m in Sources */,
				BE204A781D93CBFB0013A483 /* BaseTextField.swift in Sources */,
				BE1773061D9285DE00A27E06 /* DAFURLRequestSerialization.m in Sources */,
				BEC415E11D928E84000C3CF4 /* BaseLabel.swift in Sources */,
				BEC416021D9385B9000C3CF4 /* DIMOAPIManager.m in Sources */,
				BE1773031D9285DE00A27E06 /* DAFNetworkReachabilityManager.m in Sources */,
				BE9D02FC1D94DA1D0070894E /* HomeViewController.swift in Sources */,
				BE17730A1D9285DE00A27E06 /* DMBProgressHUD.m in Sources */,
				BE9D03031D94DA7F0070894E /* NSData+Base64Extention.m in Sources */,
				BE204A891D94C9CD0013A483 /* XMLReader.m in Sources */,
				BE204A8C1D94CEEC0013A483 /* XRSA.m in Sources */,
			);
			runOnlyForDeploymentPostprocessing = 0;
		};
/* End PBXSourcesBuildPhase section */

/* Begin PBXVariantGroup section */
		BE1772901D92859B00A27E06 /* LaunchScreen.storyboard */ = {
			isa = PBXVariantGroup;
			children = (
				BE1772911D92859B00A27E06 /* Base */,
			);
			name = LaunchScreen.storyboard;
			sourceTree = "<group>";
		};
		BEC415FB1D9385B9000C3CF4 /* ENGLISH.strings */ = {
			isa = PBXVariantGroup;
			children = (
				BEC415FC1D9385B9000C3CF4 /* Base */,
			);
			name = ENGLISH.strings;
			sourceTree = "<group>";
		};
		BEC415FD1D9385B9000C3CF4 /* INDONESIAN.strings */ = {
			isa = PBXVariantGroup;
			children = (
				BEC415FE1D9385B9000C3CF4 /* Base */,
			);
			name = INDONESIAN.strings;
			sourceTree = "<group>";
		};
/* End PBXVariantGroup section */

/* Begin XCBuildConfiguration section */
		BE1772941D92859B00A27E06 /* Debug */ = {
			isa = XCBuildConfiguration;
			buildSettings = {
				ALWAYS_SEARCH_USER_PATHS = NO;
				CLANG_ANALYZER_NONNULL = YES;
				CLANG_CXX_LANGUAGE_STANDARD = "gnu++0x";
				CLANG_CXX_LIBRARY = "libc++";
				CLANG_ENABLE_MODULES = YES;
				CLANG_ENABLE_OBJC_ARC = YES;
				CLANG_WARN_BOOL_CONVERSION = YES;
				CLANG_WARN_CONSTANT_CONVERSION = YES;
				CLANG_WARN_DIRECT_OBJC_ISA_USAGE = YES_ERROR;
				CLANG_WARN_EMPTY_BODY = YES;
				CLANG_WARN_ENUM_CONVERSION = YES;
				CLANG_WARN_INT_CONVERSION = YES;
				CLANG_WARN_OBJC_ROOT_CLASS = YES_ERROR;
				CLANG_WARN_UNREACHABLE_CODE = YES;
				CLANG_WARN__DUPLICATE_METHOD_MATCH = YES;
				"CODE_SIGN_IDENTITY[sdk=iphoneos*]" = "iPhone Developer";
				COPY_PHASE_STRIP = NO;
				DEBUG_INFORMATION_FORMAT = dwarf;
				ENABLE_STRICT_OBJC_MSGSEND = YES;
				ENABLE_TESTABILITY = YES;
				GCC_C_LANGUAGE_STANDARD = gnu99;
				GCC_DYNAMIC_NO_PIC = NO;
				GCC_NO_COMMON_BLOCKS = YES;
				GCC_OPTIMIZATION_LEVEL = 0;
				GCC_PREPROCESSOR_DEFINITIONS = (
					"DEBUG=1",
					"$(inherited)",
				);
				GCC_WARN_64_TO_32_BIT_CONVERSION = YES;
				GCC_WARN_ABOUT_RETURN_TYPE = YES_ERROR;
				GCC_WARN_UNDECLARED_SELECTOR = YES;
				GCC_WARN_UNINITIALIZED_AUTOS = YES_AGGRESSIVE;
				GCC_WARN_UNUSED_FUNCTION = YES;
				GCC_WARN_UNUSED_VARIABLE = YES;
				IPHONEOS_DEPLOYMENT_TARGET = 9.3;
				MTL_ENABLE_DEBUG_INFO = YES;
				ONLY_ACTIVE_ARCH = YES;
				SDKROOT = iphoneos;
				SWIFT_OPTIMIZATION_LEVEL = "-Onone";
			};
			name = Debug;
		};
		BE1772951D92859B00A27E06 /* Release */ = {
			isa = XCBuildConfiguration;
			buildSettings = {
				ALWAYS_SEARCH_USER_PATHS = NO;
				CLANG_ANALYZER_NONNULL = YES;
				CLANG_CXX_LANGUAGE_STANDARD = "gnu++0x";
				CLANG_CXX_LIBRARY = "libc++";
				CLANG_ENABLE_MODULES = YES;
				CLANG_ENABLE_OBJC_ARC = YES;
				CLANG_WARN_BOOL_CONVERSION = YES;
				CLANG_WARN_CONSTANT_CONVERSION = YES;
				CLANG_WARN_DIRECT_OBJC_ISA_USAGE = YES_ERROR;
				CLANG_WARN_EMPTY_BODY = YES;
				CLANG_WARN_ENUM_CONVERSION = YES;
				CLANG_WARN_INT_CONVERSION = YES;
				CLANG_WARN_OBJC_ROOT_CLASS = YES_ERROR;
				CLANG_WARN_UNREACHABLE_CODE = YES;
				CLANG_WARN__DUPLICATE_METHOD_MATCH = YES;
				"CODE_SIGN_IDENTITY[sdk=iphoneos*]" = "iPhone Developer";
				COPY_PHASE_STRIP = NO;
				DEBUG_INFORMATION_FORMAT = "dwarf-with-dsym";
				ENABLE_NS_ASSERTIONS = NO;
				ENABLE_STRICT_OBJC_MSGSEND = YES;
				GCC_C_LANGUAGE_STANDARD = gnu99;
				GCC_NO_COMMON_BLOCKS = YES;
				GCC_WARN_64_TO_32_BIT_CONVERSION = YES;
				GCC_WARN_ABOUT_RETURN_TYPE = YES_ERROR;
				GCC_WARN_UNDECLARED_SELECTOR = YES;
				GCC_WARN_UNINITIALIZED_AUTOS = YES_AGGRESSIVE;
				GCC_WARN_UNUSED_FUNCTION = YES;
				GCC_WARN_UNUSED_VARIABLE = YES;
				IPHONEOS_DEPLOYMENT_TARGET = 9.3;
				MTL_ENABLE_DEBUG_INFO = NO;
				SDKROOT = iphoneos;
				VALIDATE_PRODUCT = YES;
			};
			name = Release;
		};
		BE1772971D92859B00A27E06 /* Debug */ = {
			isa = XCBuildConfiguration;
			buildSettings = {
				ASSETCATALOG_COMPILER_APPICON_NAME = AppIcon;
				ASSETCATALOG_COMPILER_LAUNCHIMAGE_NAME = "Brand Assets";
				DEVELOPMENT_TEAM = R76ECPX6J8;
				INFOPLIST_FILE = Simaspay/Info.plist;
				IPHONEOS_DEPLOYMENT_TARGET = 7.0;
				LD_RUNPATH_SEARCH_PATHS = "$(inherited) @executable_path/Frameworks";
				PRODUCT_BUNDLE_IDENTIFIER = co.id.dimo.Simaspay;
				PRODUCT_NAME = "$(TARGET_NAME)";
				SWIFT_OBJC_BRIDGING_HEADER = "Dimo-Bridging-Header.h";
				SWIFT_VERSION = 3.0;
			};
			name = Debug;
		};
		BE1772981D92859B00A27E06 /* Release */ = {
			isa = XCBuildConfiguration;
			buildSettings = {
				ASSETCATALOG_COMPILER_APPICON_NAME = AppIcon;
				ASSETCATALOG_COMPILER_LAUNCHIMAGE_NAME = "Brand Assets";
				DEVELOPMENT_TEAM = R76ECPX6J8;
				INFOPLIST_FILE = Simaspay/Info.plist;
				IPHONEOS_DEPLOYMENT_TARGET = 7.0;
				LD_RUNPATH_SEARCH_PATHS = "$(inherited) @executable_path/Frameworks";
				PRODUCT_BUNDLE_IDENTIFIER = co.id.dimo.Simaspay;
				PRODUCT_NAME = "$(TARGET_NAME)";
				SWIFT_OBJC_BRIDGING_HEADER = "Dimo-Bridging-Header.h";
				SWIFT_VERSION = 3.0;
			};
			name = Release;
		};
/* End XCBuildConfiguration section */

/* Begin XCConfigurationList section */
		BE17727F1D92859B00A27E06 /* Build configuration list for PBXProject "Simaspay" */ = {
			isa = XCConfigurationList;
			buildConfigurations = (
				BE1772941D92859B00A27E06 /* Debug */,
				BE1772951D92859B00A27E06 /* Release */,
			);
			defaultConfigurationIsVisible = 0;
			defaultConfigurationName = Release;
		};
		BE1772961D92859B00A27E06 /* Build configuration list for PBXNativeTarget "Simaspay" */ = {
			isa = XCConfigurationList;
			buildConfigurations = (
				BE1772971D92859B00A27E06 /* Debug */,
				BE1772981D92859B00A27E06 /* Release */,
			);
			defaultConfigurationIsVisible = 0;
			defaultConfigurationName = Release;
		};
/* End XCConfigurationList section */
	};
	rootObject = BE17727C1D92859B00A27E06 /* Project object */;
}
